{
  "version": 4,
  "terraform_version": "1.14.8",
  "serial": 21,
  "lineage": "2f6f17ef-ac2d-329d-88dc-7ed66e60ce6e",
  "outputs": {
    "selected_az": {
      "value": "kvm.az1",
      "type": "string"
    },
    "selected_flavor_id": {
      "value": "8e619e86-0f64-4c1e-957c-6e68dec27288",
      "type": "string"
    },
    "vm_id": {
      "value": "e6ae5cfb-16a2-43c3-95c8-fb042b435753",
      "type": "string"
    }
  },
  "resources": [
    {
      "mode": "data",
      "type": "hcs_availability_zones",
      "name": "zones",
      "provider": "provider[\"registry.terraform.io/huaweicloud/hcs\"]",
      "instances": [
        {
          "schema_version": 0,
          "attributes": {
            "id": "4110298451",
            "names": [
              "kvm.az1"
            ],
            "region": null,
            "state": "available"
          },
          "sensitive_attributes": [],
          "identity_schema_version": 0
        }
      ]
    },
    {
      "mode": "data",
      "type": "hcs_ecs_compute_flavors",
      "name": "all",
      "provider": "provider[\"registry.terraform.io/huaweicloud/hcs\"]",
      "instances": [
        {
          "schema_version": 0,
          "attributes": {
            "availability_zone": null,
            "cpu_core_count": null,
            "flavors": [
              {
                "id": "05c7bc49-7ea4-463f-ae41-41773d4186b8",
                "name": "e3.14xlarge.12",
                "ram": 712704,
                "vcpus": "56"
              },
              {
                "id": "061885e4-3698-414a-811f-2b223807c4bd",
                "name": "s6.4xlarge.2",
                "ram": 32768,
                "vcpus": "16"
              },
              {
                "id": "06b1e77d-763c-4337-95ba-43077473fdb9",
                "name": "g6.2xlarge.5",
                "ram": 262144,
                "vcpus": "64"
              },
              {
                "id": "099a4f22-0bd4-4f6e-bc0c-4fc38be1b10d",
                "name": "s6.xlarge.2",
                "ram": 8192,
                "vcpus": "4"
              },
              {
                "id": "0cbb6b12-c478-4cbe-806b-8394e119679a",
                "name": "e3.52xlarge.14",
                "ram": 3002368,
                "vcpus": "208"
              },
              {
                "id": "16b1840a-4107-491c-afc9-3fecf63f53a0",
                "name": "s6.3xlarge",
                "ram": 12288,
                "vcpus": "12"
              },
              {
                "id": "18e9dee3-3784-4223-8e66-916f932da55c",
                "name": "m6.xlarge.8",
                "ram": 32768,
                "vcpus": "4"
              },
              {
                "id": "1e4fda61-cca6-4a23-9c4f-3d356b6a7c3d",
                "name": "g6.3xlarge",
                "ram": 262144,
                "vcpus": "128"
              },
              {
                "id": "213da8e8-43e0-4fe1-8c30-e0ef36056998",
                "name": "s6.4xlarge.4",
                "ram": 65536,
                "vcpus": "16"
              },
              {
                "id": "21c19c97-281a-4452-894f-81f032fb7db0",
                "name": "p2s.16xlarge.8",
                "ram": 131072,
                "vcpus": "64"
              },
              {
                "id": "2de8ef14-58b7-4745-b544-2be85703699d",
                "name": "s6.8xlarge.2",
                "ram": 262144,
                "vcpus": "128"
              },
              {
                "id": "2eb94341-dcc8-472d-ba46-a26156ea6f2a",
                "name": "m6.large.8",
                "ram": 16384,
                "vcpus": "2"
              },
              {
                "id": "31c5a7c8-1c32-405a-8705-fbeaab64bda4",
                "name": "Cloud_MCU",
                "ram": 73728,
                "vcpus": "48"
              },
              {
                "id": "336294aa-1467-4c49-9349-61dcf3e18fe8",
                "name": "s6.xlarge.4",
                "ram": 16384,
                "vcpus": "4"
              },
              {
                "id": "3ac43146-3f92-404f-88ab-ba05202953b4",
                "name": "s6.6xlarge.3",
                "ram": 131072,
                "vcpus": "32"
              },
              {
                "id": "3b843ec5-f831-42e5-b2a8-a2880cbb4a0e",
                "name": "c3.4large.5",
                "ram": 131072,
                "vcpus": "16"
              },
              {
                "id": "3c642ca1-5ed0-4d0b-8e40-10908d22c6d9",
                "name": "e3.7xlarge.12",
                "ram": 356352,
                "vcpus": "28"
              },
              {
                "id": "3ef09b9d-28ee-45cd-8368-7695129878e1",
                "name": "g6.2xlarge",
                "ram": 65536,
                "vcpus": "32"
              },
              {
                "id": "439272b3-3c9e-47b8-85a8-71d61bfea777",
                "name": "s6.4xlarge",
                "ram": 16384,
                "vcpus": "16"
              },
              {
                "id": "443e114f-fa59-470b-b601-9ac218246c9e",
                "name": "Cloud_RSE",
                "ram": 49152,
                "vcpus": "32"
              },
              {
                "id": "4b08064a-c421-43df-8542-865d0a6d10d9",
                "name": "e3.26xlarge.14",
                "ram": 1501184,
                "vcpus": "104"
              },
              {
                "id": "5095326b-6e52-4ad9-9f04-69c6119debdc",
                "name": "s6.large.2",
                "ram": 4096,
                "vcpus": "2"
              },
              {
                "id": "527668d2-c3dd-4b83-acc0-b1d054603489",
                "name": "s6.6xlarge.2",
                "ram": 65536,
                "vcpus": "32"
              },
              {
                "id": "539623d8-47ce-4779-8af9-396a757ba4e3",
                "name": "s6.8xlarge.3",
                "ram": 524288,
                "vcpus": "128"
              },
              {
                "id": "55926ce4-d8e6-469e-923f-3e9b59e75167",
                "name": "g6.2xlarge-AP",
                "ram": 65536,
                "vcpus": "32"
              },
              {
                "id": "56d057b0-4654-43a3-a619-7ae1bfdf7931",
                "name": "g6.xlarge",
                "ram": 49152,
                "vcpus": "24"
              },
              {
                "id": "5907824d-b043-411a-9472-7f307888b110",
                "name": "s6.2xlarge.4",
                "ram": 32768,
                "vcpus": "8"
              },
              {
                "id": "59e75ec1-ef32-4c65-a123-fa3d24744136",
                "name": "s6.5xlarge.1",
                "ram": 24576,
                "vcpus": "24"
              },
              {
                "id": "64e90eac-2453-44e3-958e-14d7118439ac",
                "name": "SMC_SC",
                "ram": 65536,
                "vcpus": "32"
              },
              {
                "id": "764831ad-fc0c-4f0e-ac67-af4a268d68fa",
                "name": "s6.8xlarge",
                "ram": 65536,
                "vcpus": "128"
              },
              {
                "id": "78bcbdaf-26e4-4d41-8b18-5555276b5233",
                "name": "p2s.4xlarge.8",
                "ram": 32768,
                "vcpus": "16"
              },
              {
                "id": "83e430cf-0e73-48e8-9e61-5d57b985faad",
                "name": "s6.5xlarge.3",
                "ram": 49152,
                "vcpus": "24"
              },
              {
                "id": "853e1924-571d-4f67-9293-fc6b213ea895",
                "name": "s6.large.4",
                "ram": 8192,
                "vcpus": "2"
              },
              {
                "id": "8b6f2205-780d-4919-bacf-661d23405db2",
                "name": "p3s.16xlarge.16",
                "ram": 262144,
                "vcpus": "96"
              },
              {
                "id": "8c03c1d7-4fb8-4e5f-8778-851be76fec13",
                "name": "m6.4xlarge.8",
                "ram": 131072,
                "vcpus": "16"
              },
              {
                "id": "8e619e86-0f64-4c1e-957c-6e68dec27288",
                "name": "s6.medium.2",
                "ram": 2048,
                "vcpus": "1"
              },
              {
                "id": "8f56d8a5-86da-4c53-abed-edc467cc4a1c",
                "name": "s6.3xlarge.3",
                "ram": 32768,
                "vcpus": "12"
              },
              {
                "id": "90d34714-ceb6-4b62-a783-672366405022",
                "name": "p2s.2xlarge.8",
                "ram": 65536,
                "vcpus": "8"
              },
              {
                "id": "96bcc3cb-17cf-41f8-8fc2-1cfa66296155",
                "name": "g5.xlarge",
                "ram": 16384,
                "vcpus": "8"
              },
              {
                "id": "97b5c2b0-28ff-4639-82e0-9b8721ba36ef",
                "name": "s6.2xlarge.2",
                "ram": 16384,
                "vcpus": "8"
              },
              {
                "id": "9caf5f16-f753-4943-a484-f05d12b550ca",
                "name": "p2s.16xlarge.16",
                "ram": 262144,
                "vcpus": "64"
              },
              {
                "id": "9e7ce29e-b775-43c6-bc4a-04eddcc746b7",
                "name": "s6.6xlarge.1",
                "ram": 49152,
                "vcpus": "32"
              },
              {
                "id": "a17b61ef-241b-4314-a79f-1f0e8523b061",
                "name": "p2s.8xlarge.8",
                "ram": 65536,
                "vcpus": "32"
              },
              {
                "id": "a34abafb-69cf-4d33-a875-b5a4a8a5fe13",
                "name": "s6.7xlarge",
                "ram": 32768,
                "vcpus": "64"
              },
              {
                "id": "a539c10b-fc5e-481f-a4da-7794de7bf139",
                "name": "s6.7xlarge.2",
                "ram": 131072,
                "vcpus": "64"
              },
              {
                "id": "ac2511af-49aa-44b5-920b-9b921bfe503a",
                "name": "c3.xlarge.4",
                "ram": 16384,
                "vcpus": "8"
              },
              {
                "id": "b38bfa47-4420-4b70-9803-41a4b5583768",
                "name": "s6.3xlarge.2",
                "ram": 24576,
                "vcpus": "12"
              },
              {
                "id": "b3e8c375-cd00-480b-b919-abbd34ec8fc5",
                "name": "VGPU-big",
                "ram": 32768,
                "vcpus": "8"
              },
              {
                "id": "ba9539e7-913f-409a-965c-93634c5e3e00",
                "name": "cce-worker.s2.xlarge.2",
                "ram": 8192,
                "vcpus": "4"
              },
              {
                "id": "be341bac-658c-4faa-b56e-fbcae5f08a37",
                "name": "s6.2xlarge.3",
                "ram": 24576,
                "vcpus": "8"
              },
              {
                "id": "c408e942-29ae-4ff3-93e4-51a6a7bd1afc",
                "name": "s6.7xlarge.3",
                "ram": 262144,
                "vcpus": "64"
              },
              {
                "id": "c7bf6156-84a7-4c7a-8296-884c93e58cc0",
                "name": "s6.7xlarge.1",
                "ram": 65536,
                "vcpus": "64"
              },
              {
                "id": "cbc5dd69-230c-4d99-aeea-745c09425fe1",
                "name": "c3.8large.4",
                "ram": 65536,
                "vcpus": "32"
              },
              {
                "id": "cce.s2.2xlarge.2",
                "name": "cce.s2.2xlarge.2",
                "ram": 16384,
                "vcpus": "8"
              },
              {
                "id": "cce.s2.4xlarge.2",
                "name": "cce.s2.4xlarge.2",
                "ram": 32768,
                "vcpus": "16"
              },
              {
                "id": "cce.s2.8xlarge.2",
                "name": "cce.s2.8xlarge.2",
                "ram": 65536,
                "vcpus": "32"
              },
              {
                "id": "cce.s2.xlarge.2",
                "name": "cce.s2.xlarge.2",
                "ram": 8192,
                "vcpus": "4"
              },
              {
                "id": "cfb472eb-2e9f-4d0b-944a-3cb3f980bc03",
                "name": "v3.xlarge.4",
                "ram": 16384,
                "vcpus": "4"
              },
              {
                "id": "d3944cfa-3e20-47d5-a247-2422885e2474",
                "name": "s6.8xlarge.1",
                "ram": 131072,
                "vcpus": "128"
              },
              {
                "id": "d5bdf6a1-bc74-4a42-a5a6-18ca7b2a1b48",
                "name": "m6.16xlarge.8",
                "ram": 524288,
                "vcpus": "64"
              },
              {
                "id": "d8e312e1-2a2b-4c45-a6f1-c14d2e7889dc",
                "name": "m6.2xlarge.8",
                "ram": 65536,
                "vcpus": "8"
              },
              {
                "id": "drs.x86.16u32g",
                "name": "drs.x86.16u32g",
                "ram": 32768,
                "vcpus": "16"
              },
              {
                "id": "drs.x86.2u4g",
                "name": "drs.x86.2u4g",
                "ram": 4096,
                "vcpus": "2"
              },
              {
                "id": "drs.x86.4u4g",
                "name": "drs.x86.4u4g",
                "ram": 4096,
                "vcpus": "4"
              },
              {
                "id": "drs.x86.4u8g",
                "name": "drs.x86.4u8g",
                "ram": 8192,
                "vcpus": "4"
              },
              {
                "id": "drs.x86.8u16g",
                "name": "drs.x86.8u16g",
                "ram": 16384,
                "vcpus": "8"
              },
              {
                "id": "e0da2c40-03fc-41b3-84d1-e4842600eefd",
                "name": "g6.2xlarge.4",
                "ram": 131072,
                "vcpus": "64"
              },
              {
                "id": "e450d092-62c3-4158-b322-5eaec2f57418",
                "name": "g6.2xlarge.2",
                "ram": 131072,
                "vcpus": "32"
              },
              {
                "id": "e7372de5-bdee-4a0d-9350-8707f58b4565",
                "name": "s6.5xlarge.4",
                "ram": 65536,
                "vcpus": "24"
              },
              {
                "id": "e73b2f17-ecc7-457a-b401-46b6e4ae43cf",
                "name": "s6.5xlarge.2",
                "ram": 32768,
                "vcpus": "24"
              },
              {
                "id": "e934aa19-7030-4fa2-abc8-de128c575a32",
                "name": "c3.2large.4",
                "ram": 8192,
                "vcpus": "4"
              },
              {
                "id": "ea4d2090-d2c6-45fd-b464-d9c36f800f1c",
                "name": "c3.4large.4",
                "ram": 32768,
                "vcpus": "16"
              },
              {
                "id": "efd25cad-0ce5-4c32-9eaa-47aa0d4afa28",
                "name": "s6.6xlarge",
                "ram": 32768,
                "vcpus": "32"
              },
              {
                "id": "efebeb93-45b8-4dde-9926-a45a90826df0",
                "name": "SJumbo.2xlarge.4",
                "ram": 32768,
                "vcpus": "8"
              },
              {
                "id": "f80d97ef-1753-4e78-a1b8-a6b252867848",
                "name": "m6.8xlarge.8",
                "ram": 262144,
                "vcpus": "32"
              },
              {
                "id": "fac80ac9-231a-4bed-bb21-2a1e2090e5d7",
                "name": "c3.large.4",
                "ram": 8192,
                "vcpus": "2"
              },
              {
                "id": "fcce7772-14cc-47c2-bd44-2ca6223f85ba",
                "name": "s6.medium.4",
                "ram": 4096,
                "vcpus": "1"
              },
              {
                "id": "rds.c3.15xlarge.2",
                "name": "rds.c3.15xlarge.2",
                "ram": 131072,
                "vcpus": "60"
              },
              {
                "id": "rds.c3.15xlarge.4",
                "name": "rds.c3.15xlarge.4",
                "ram": 262144,
                "vcpus": "60"
              },
              {
                "id": "rds.c3.2xlarge.2",
                "name": "rds.c3.2xlarge.2",
                "ram": 16384,
                "vcpus": "8"
              },
              {
                "id": "rds.c3.2xlarge.4",
                "name": "rds.c3.2xlarge.4",
                "ram": 32768,
                "vcpus": "8"
              },
              {
                "id": "rds.c3.4xlarge.2",
                "name": "rds.c3.4xlarge.2",
                "ram": 32768,
                "vcpus": "16"
              },
              {
                "id": "rds.c3.4xlarge.4",
                "name": "rds.c3.4xlarge.4",
                "ram": 65536,
                "vcpus": "16"
              },
              {
                "id": "rds.c3.8xlarge.2",
                "name": "rds.c3.8xlarge.2",
                "ram": 65536,
                "vcpus": "32"
              },
              {
                "id": "rds.c3.8xlarge.4",
                "name": "rds.c3.8xlarge.4",
                "ram": 131072,
                "vcpus": "32"
              },
              {
                "id": "rds.c3.large.2",
                "name": "rds.c3.large.2",
                "ram": 4096,
                "vcpus": "2"
              },
              {
                "id": "rds.c3.large.4",
                "name": "rds.c3.large.4",
                "ram": 8192,
                "vcpus": "2"
              },
              {
                "id": "rds.c3.xlarge.2",
                "name": "rds.c3.xlarge.2",
                "ram": 8192,
                "vcpus": "4"
              },
              {
                "id": "rds.c3.xlarge.4",
                "name": "rds.c3.xlarge.4",
                "ram": 16384,
                "vcpus": "4"
              },
              {
                "id": "rds.c6.16xlarge.2",
                "name": "rds.c6.16xlarge.2",
                "ram": 131072,
                "vcpus": "64"
              },
              {
                "id": "rds.c6.16xlarge.4",
                "name": "rds.c6.16xlarge.4",
                "ram": 262144,
                "vcpus": "64"
              },
              {
                "id": "rds.c6.2xlarge.2",
                "name": "rds.c6.2xlarge.2",
                "ram": 16384,
                "vcpus": "8"
              },
              {
                "id": "rds.c6.2xlarge.4",
                "name": "rds.c6.2xlarge.4",
                "ram": 32768,
                "vcpus": "8"
              },
              {
                "id": "rds.c6.4xlarge.2",
                "name": "rds.c6.4xlarge.2",
                "ram": 32768,
                "vcpus": "16"
              },
              {
                "id": "rds.c6.4xlarge.4",
                "name": "rds.c6.4xlarge.4",
                "ram": 65536,
                "vcpus": "16"
              },
              {
                "id": "rds.c6.8xlarge.2",
                "name": "rds.c6.8xlarge.2",
                "ram": 65536,
                "vcpus": "32"
              },
              {
                "id": "rds.c6.8xlarge.4",
                "name": "rds.c6.8xlarge.4",
                "ram": 131072,
                "vcpus": "32"
              },
              {
                "id": "rds.c6.large.2",
                "name": "rds.c6.large.2",
                "ram": 4096,
                "vcpus": "2"
              },
              {
                "id": "rds.c6.large.4",
                "name": "rds.c6.large.4",
                "ram": 8192,
                "vcpus": "2"
              },
              {
                "id": "rds.c6.xlarge.2",
                "name": "rds.c6.xlarge.2",
                "ram": 8192,
                "vcpus": "4"
              },
              {
                "id": "rds.c6.xlarge.4",
                "name": "rds.c6.xlarge.4",
                "ram": 16384,
                "vcpus": "4"
              },
              {
                "id": "rds.m3.15xlarge.8",
                "name": "rds.m3.15xlarge.8",
                "ram": 524288,
                "vcpus": "60"
              },
              {
                "id": "rds.m3.2xlarge.8",
                "name": "rds.m3.2xlarge.8",
                "ram": 65536,
                "vcpus": "8"
              },
              {
                "id": "rds.m3.4xlarge.8",
                "name": "rds.m3.4xlarge.8",
                "ram": 131072,
                "vcpus": "16"
              },
              {
                "id": "rds.m3.large.8",
                "name": "rds.m3.large.8",
                "ram": 16384,
                "vcpus": "2"
              },
              {
                "id": "rds.m3.xlarge.8",
                "name": "rds.m3.xlarge.8",
                "ram": 32768,
                "vcpus": "4"
              },
              {
                "id": "rds.m6.16xlarge.8",
                "name": "rds.m6.16xlarge.8",
                "ram": 524288,
                "vcpus": "64"
              },
              {
                "id": "rds.m6.2xlarge.8",
                "name": "rds.m6.2xlarge.8",
                "ram": 65536,
                "vcpus": "8"
              },
              {
                "id": "rds.m6.4xlarge.8",
                "name": "rds.m6.4xlarge.8",
                "ram": 131072,
                "vcpus": "16"
              },
              {
                "id": "rds.m6.large.8",
                "name": "rds.m6.large.8",
                "ram": 16384,
                "vcpus": "2"
              },
              {
                "id": "rds.m6.xlarge.8",
                "name": "rds.m6.xlarge.8",
                "ram": 32768,
                "vcpus": "4"
              },
              {
                "id": "rds.normal2.c6.16xlarge.2",
                "name": "rds.normal2.c6.16xlarge.2",
                "ram": 131072,
                "vcpus": "64"
              },
              {
                "id": "rds.normal2.c6.16xlarge.4",
                "name": "rds.normal2.c6.16xlarge.4",
                "ram": 262144,
                "vcpus": "64"
              },
              {
                "id": "rds.normal2.c6.2xlarge.2",
                "name": "rds.normal2.c6.2xlarge.2",
                "ram": 16384,
                "vcpus": "8"
              },
              {
                "id": "rds.normal2.c6.2xlarge.4",
                "name": "rds.normal2.c6.2xlarge.4",
                "ram": 32768,
                "vcpus": "8"
              },
              {
                "id": "rds.normal2.c6.4xlarge.2",
                "name": "rds.normal2.c6.4xlarge.2",
                "ram": 32768,
                "vcpus": "16"
              },
              {
                "id": "rds.normal2.c6.4xlarge.4",
                "name": "rds.normal2.c6.4xlarge.4",
                "ram": 65536,
                "vcpus": "16"
              },
              {
                "id": "rds.normal2.c6.8xlarge.2",
                "name": "rds.normal2.c6.8xlarge.2",
                "ram": 65536,
                "vcpus": "32"
              },
              {
                "id": "rds.normal2.c6.8xlarge.4",
                "name": "rds.normal2.c6.8xlarge.4",
                "ram": 131072,
                "vcpus": "32"
              },
              {
                "id": "rds.normal2.c6.large.2",
                "name": "rds.normal2.c6.large.2",
                "ram": 4096,
                "vcpus": "2"
              },
              {
                "id": "rds.normal2.c6.large.4",
                "name": "rds.normal2.c6.large.4",
                "ram": 8192,
                "vcpus": "2"
              },
              {
                "id": "rds.normal2.c6.xlarge.2",
                "name": "rds.normal2.c6.xlarge.2",
                "ram": 8192,
                "vcpus": "4"
              },
              {
                "id": "rds.normal2.c6.xlarge.4",
                "name": "rds.normal2.c6.xlarge.4",
                "ram": 16384,
                "vcpus": "4"
              },
              {
                "id": "rds.normal2.m6.16xlarge.8",
                "name": "rds.normal2.m6.16xlarge.8",
                "ram": 524288,
                "vcpus": "64"
              },
              {
                "id": "rds.normal2.m6.2xlarge.8",
                "name": "rds.normal2.m6.2xlarge.8",
                "ram": 65536,
                "vcpus": "8"
              },
              {
                "id": "rds.normal2.m6.4xlarge.8",
                "name": "rds.normal2.m6.4xlarge.8",
                "ram": 131072,
                "vcpus": "16"
              },
              {
                "id": "rds.normal2.m6.large.8",
                "name": "rds.normal2.m6.large.8",
                "ram": 16384,
                "vcpus": "2"
              },
              {
                "id": "rds.normal2.m6.xlarge.8",
                "name": "rds.normal2.m6.xlarge.8",
                "ram": 32768,
                "vcpus": "4"
              },
              {
                "id": "s2.2xlarge.2",
                "name": "s2.2xlarge.2",
                "ram": 16384,
                "vcpus": "8"
              },
              {
                "id": "s2.4xlarge.2",
                "name": "s2.4xlarge.2",
                "ram": 32768,
                "vcpus": "16"
              },
              {
                "id": "s2.8xlarge.2",
                "name": "s2.8xlarge.2",
                "ram": 65536,
                "vcpus": "32"
              },
              {
                "id": "s2.xlarge.2",
                "name": "s2.xlarge.2",
                "ram": 8192,
                "vcpus": "4"
              },
              {
                "id": "waf.2u8g",
                "name": "waf.2u8g",
                "ram": 8192,
                "vcpus": "2"
              },
              {
                "id": "waf.8u32g",
                "name": "waf.8u32g",
                "ram": 32768,
                "vcpus": "8"
              }
            ],
            "id": "482850288",
            "ids": [
              "05c7bc49-7ea4-463f-ae41-41773d4186b8",
              "061885e4-3698-414a-811f-2b223807c4bd",
              "06b1e77d-763c-4337-95ba-43077473fdb9",
              "099a4f22-0bd4-4f6e-bc0c-4fc38be1b10d",
              "0cbb6b12-c478-4cbe-806b-8394e119679a",
              "16b1840a-4107-491c-afc9-3fecf63f53a0",
              "18e9dee3-3784-4223-8e66-916f932da55c",
              "1e4fda61-cca6-4a23-9c4f-3d356b6a7c3d",
              "213da8e8-43e0-4fe1-8c30-e0ef36056998",
              "21c19c97-281a-4452-894f-81f032fb7db0",
              "2de8ef14-58b7-4745-b544-2be85703699d",
              "2eb94341-dcc8-472d-ba46-a26156ea6f2a",
              "31c5a7c8-1c32-405a-8705-fbeaab64bda4",
              "336294aa-1467-4c49-9349-61dcf3e18fe8",
              "3ac43146-3f92-404f-88ab-ba05202953b4",
              "3b843ec5-f831-42e5-b2a8-a2880cbb4a0e",
              "3c642ca1-5ed0-4d0b-8e40-10908d22c6d9",
              "3ef09b9d-28ee-45cd-8368-7695129878e1",
              "439272b3-3c9e-47b8-85a8-71d61bfea777",
              "443e114f-fa59-470b-b601-9ac218246c9e",
              "4b08064a-c421-43df-8542-865d0a6d10d9",
              "5095326b-6e52-4ad9-9f04-69c6119debdc",
              "527668d2-c3dd-4b83-acc0-b1d054603489",
              "539623d8-47ce-4779-8af9-396a757ba4e3",
              "55926ce4-d8e6-469e-923f-3e9b59e75167",
              "56d057b0-4654-43a3-a619-7ae1bfdf7931",
              "5907824d-b043-411a-9472-7f307888b110",
              "59e75ec1-ef32-4c65-a123-fa3d24744136",
              "64e90eac-2453-44e3-958e-14d7118439ac",
              "764831ad-fc0c-4f0e-ac67-af4a268d68fa",
              "78bcbdaf-26e4-4d41-8b18-5555276b5233",
              "83e430cf-0e73-48e8-9e61-5d57b985faad",
              "853e1924-571d-4f67-9293-fc6b213ea895",
              "8b6f2205-780d-4919-bacf-661d23405db2",
              "8c03c1d7-4fb8-4e5f-8778-851be76fec13",
              "8e619e86-0f64-4c1e-957c-6e68dec27288",
              "8f56d8a5-86da-4c53-abed-edc467cc4a1c",
              "90d34714-ceb6-4b62-a783-672366405022",
              "96bcc3cb-17cf-41f8-8fc2-1cfa66296155",
              "97b5c2b0-28ff-4639-82e0-9b8721ba36ef",
              "9caf5f16-f753-4943-a484-f05d12b550ca",
              "9e7ce29e-b775-43c6-bc4a-04eddcc746b7",
              "a17b61ef-241b-4314-a79f-1f0e8523b061",
              "a34abafb-69cf-4d33-a875-b5a4a8a5fe13",
              "a539c10b-fc5e-481f-a4da-7794de7bf139",
              "ac2511af-49aa-44b5-920b-9b921bfe503a",
              "b38bfa47-4420-4b70-9803-41a4b5583768",
              "b3e8c375-cd00-480b-b919-abbd34ec8fc5",
              "ba9539e7-913f-409a-965c-93634c5e3e00",
              "be341bac-658c-4faa-b56e-fbcae5f08a37",
              "c408e942-29ae-4ff3-93e4-51a6a7bd1afc",
              "c7bf6156-84a7-4c7a-8296-884c93e58cc0",
              "cbc5dd69-230c-4d99-aeea-745c09425fe1",
              "cce.s2.2xlarge.2",
              "cce.s2.4xlarge.2",
              "cce.s2.8xlarge.2",
              "cce.s2.xlarge.2",
              "cfb472eb-2e9f-4d0b-944a-3cb3f980bc03",
              "d3944cfa-3e20-47d5-a247-2422885e2474",
              "d5bdf6a1-bc74-4a42-a5a6-18ca7b2a1b48",
              "d8e312e1-2a2b-4c45-a6f1-c14d2e7889dc",
              "drs.x86.16u32g",
              "drs.x86.2u4g",
              "drs.x86.4u4g",
              "drs.x86.4u8g",
              "drs.x86.8u16g",
              "e0da2c40-03fc-41b3-84d1-e4842600eefd",
              "e450d092-62c3-4158-b322-5eaec2f57418",
              "e7372de5-bdee-4a0d-9350-8707f58b4565",
              "e73b2f17-ecc7-457a-b401-46b6e4ae43cf",
              "e934aa19-7030-4fa2-abc8-de128c575a32",
              "ea4d2090-d2c6-45fd-b464-d9c36f800f1c",
              "efd25cad-0ce5-4c32-9eaa-47aa0d4afa28",
              "efebeb93-45b8-4dde-9926-a45a90826df0",
              "f80d97ef-1753-4e78-a1b8-a6b252867848",
              "fac80ac9-231a-4bed-bb21-2a1e2090e5d7",
              "fcce7772-14cc-47c2-bd44-2ca6223f85ba",
              "rds.c3.15xlarge.2",
              "rds.c3.15xlarge.4",
              "rds.c3.2xlarge.2",
              "rds.c3.2xlarge.4",
              "rds.c3.4xlarge.2",
              "rds.c3.4xlarge.4",
              "rds.c3.8xlarge.2",
              "rds.c3.8xlarge.4",
              "rds.c3.large.2",
              "rds.c3.large.4",
              "rds.c3.xlarge.2",
              "rds.c3.xlarge.4",
              "rds.c6.16xlarge.2",
              "rds.c6.16xlarge.4",
              "rds.c6.2xlarge.2",
              "rds.c6.2xlarge.4",
              "rds.c6.4xlarge.2",
              "rds.c6.4xlarge.4",
              "rds.c6.8xlarge.2",
              "rds.c6.8xlarge.4",
              "rds.c6.large.2",
              "rds.c6.large.4",
              "rds.c6.xlarge.2",
              "rds.c6.xlarge.4",
              "rds.m3.15xlarge.8",
              "rds.m3.2xlarge.8",
              "rds.m3.4xlarge.8",
              "rds.m3.large.8",
              "rds.m3.xlarge.8",
              "rds.m6.16xlarge.8",
              "rds.m6.2xlarge.8",
              "rds.m6.4xlarge.8",
              "rds.m6.large.8",
              "rds.m6.xlarge.8",
              "rds.normal2.c6.16xlarge.2",
              "rds.normal2.c6.16xlarge.4",
              "rds.normal2.c6.2xlarge.2",
              "rds.normal2.c6.2xlarge.4",
              "rds.normal2.c6.4xlarge.2",
              "rds.normal2.c6.4xlarge.4",
              "rds.normal2.c6.8xlarge.2",
              "rds.normal2.c6.8xlarge.4",
              "rds.normal2.c6.large.2",
              "rds.normal2.c6.large.4",
              "rds.normal2.c6.xlarge.2",
              "rds.normal2.c6.xlarge.4",
              "rds.normal2.m6.16xlarge.8",
              "rds.normal2.m6.2xlarge.8",
              "rds.normal2.m6.4xlarge.8",
              "rds.normal2.m6.large.8",
              "rds.normal2.m6.xlarge.8",
              "s2.2xlarge.2",
              "s2.4xlarge.2",
              "s2.8xlarge.2",
              "s2.xlarge.2",
              "waf.2u8g",
              "waf.8u32g"
            ],
            "memory_size": null,
            "region": "tn-global-1"
          },
          "sensitive_attributes": [],
          "identity_schema_version": 0
        }
      ]
    },
    {
      "mode": "managed",
      "type": "hcs_ecs_compute_instance",
      "name": "vm",
      "provider": "provider[\"registry.terraform.io/huaweicloud/hcs\"]",
      "instances": [
        {
          "schema_version": 0,
          "attributes": {
            "access_ip_v4": "192.168.130.204",
            "access_ip_v6": "",
            "admin_pass": "Terraform#2026!Rocks",
            "availability_zone": "kvm.az1",
            "bandwidth": [],
            "created_at": "2026-04-15T10:12:05Z",
            "data_disks": [],
            "delete_disks_on_termination": null,
            "delete_eip_on_termination": true,
            "description": "",
            "eip_id": null,
            "eip_type": null,
            "enterprise_project_id": "0",
            "flavor_id": "8e619e86-0f64-4c1e-957c-6e68dec27288",
            "flavor_name": "s6.medium.2",
            "id": "e6ae5cfb-16a2-43c3-95c8-fb042b435753",
            "image_id": "7be47085-2e35-40b9-855f-c6a1fb602cc9",
            "image_name": "Debian-10",
            "key_pair": null,
            "name": "mayaraTestTF2",
            "network": [
              {
                "access_network": false,
                "fixed_ip_v4": "192.168.130.204",
                "fixed_ip_v6": "",
                "ipv6_enable": false,
                "mac": "fa:16:3e:eb:c5:0f",
                "port": "a8e21d67-891a-4dda-aad3-0d7176b56f6c",
                "source_dest_check": true,
                "uuid": "b130ed1f-5413-4265-879d-6d1da4f5f072"
              }
            ],
            "private_key": null,
            "public_ip": null,
            "region": "tn-global-1",
            "scheduler_hints": [],
            "security_group_ids": [
              "3953708c-a708-435d-ab3c-6ef2c0ae0388"
            ],
            "security_groups": [
              "default"
            ],
            "status": "ACTIVE",
            "system_disk_id": "2c481d00-f3f9-4021-9307-ff4b6e9f1865",
            "system_disk_size": 20,
            "system_disk_type": "SSD",
            "tags": null,
            "timeouts": null,
            "updated_at": "2026-04-15T10:12:28Z",
            "user_data": null,
            "user_id": null,
            "volume_attached": [
              {
                "boot_index": 0,
                "kms_key_id": "",
                "pci_address": "0000:02:01.0",
                "size": 20,
                "type": "SSD",
                "volume_id": "2c481d00-f3f9-4021-9307-ff4b6e9f1865"
              }
            ]
          },
          "sensitive_attributes": [
            [
              {
                "type": "get_attr",
                "value": "admin_pass"
              }
            ],
            [
              {
                "type": "get_attr",
                "value": "private_key"
              }
            ]
          ],
          "identity_schema_version": 0,
          "private": "eyJlMmJmYjczMC1lY2FhLTExZTYtOGY4OC0zNDM2M2JjN2M0YzAiOnsiY3JlYXRlIjoxODAwMDAwMDAwMDAwLCJkZWxldGUiOjE4MDAwMDAwMDAwMDAsInVwZGF0ZSI6MTgwMDAwMDAwMDAwMH19",
          "dependencies": [
            "data.hcs_availability_zones.zones",
            "data.hcs_ecs_compute_flavors.all"
          ]
        }
      ]
    }
  ],
  "check_results": null
}
