{"format_version":"1.0","provider_schemas":{"registry.terraform.io/huaweicloud/hcs":{"provider":{"version":0,"block":{"attributes":{"access_key":{"type":"string","description":"The access key of the HuaweiCloudStack to use.","description_kind":"plain","optional":true},"agency_domain_name":{"type":"string","description":"The name of domain who created the agency (Identity v3).","description_kind":"plain","optional":true},"agency_name":{"type":"string","description":"The name of agency","description_kind":"plain","optional":true},"auth_url":{"type":"string","description":"The Identity authentication URL.","description_kind":"plain","optional":true},"cacert_file":{"type":"string","description":"A Custom CA certificate.","description_kind":"plain","optional":true},"cert":{"type":"string","description":"A client certificate to authenticate with.","description_kind":"plain","optional":true},"cloud":{"type":"string","description":"The endpoint of cloud provider, defaults to myhuaweicloud.com","description_kind":"plain","optional":true},"delegated_project":{"type":"string","description":"The name of delegated project (Identity v3).","description_kind":"plain","optional":true},"domain_id":{"type":"string","description":"The ID of the Domain to scope to.","description_kind":"plain","optional":true},"domain_name":{"type":"string","description":"The name of the Domain to scope to.","description_kind":"plain","optional":true},"endpoints":{"type":["map","string"],"description":"The custom endpoints used to override the default endpoint URL.","description_kind":"plain","optional":true},"enterprise_project_id":{"type":"string","description":"enterprise project id","description_kind":"plain","optional":true},"insecure":{"type":"bool","description":"Trust self-signed certificates.","description_kind":"plain","optional":true},"key":{"type":"string","description":"A client private key to authenticate with.","description_kind":"plain","optional":true},"max_retries":{"type":"number","description":"How many times HTTP connection should be retried until giving up.","description_kind":"plain","optional":true},"password":{"type":"string","description":"Password to login with.","description_kind":"plain","optional":true,"sensitive":true},"profile":{"type":"string","description":"The profile name as set in the shared config file.","description_kind":"plain","optional":true},"project_id":{"type":"string","description":"The ID of the project to login with.","description_kind":"plain","optional":true},"project_name":{"type":"string","description":"The name of the project to login with.","description_kind":"plain","optional":true},"region":{"type":"string","description":"The HuaweiCloudStack region to connect to.","description_kind":"plain","optional":true},"regional":{"type":"bool","description":"Whether the service endpoints are regional","description_kind":"plain","optional":true},"secret_key":{"type":"string","description":"The secret key of the HuaweiCloudStack to use.","description_kind":"plain","optional":true},"security_token":{"type":"string","description":"The security token to authenticate with a temporary security credential.","description_kind":"plain","optional":true},"shared_config_file":{"type":"string","description":"The path to the shared config file. If not set, the default is ~/.hcloud/config.json.","description_kind":"plain","optional":true},"tenant_id":{"type":"string","description":"The ID of the Tenant (Identity v2) to login with.","description_kind":"plain","optional":true},"tenant_name":{"type":"string","description":"The name of the Tenant (Identity v2) to login with.","description_kind":"plain","optional":true},"token":{"type":"string","description":"Authentication token to use as an alternative to username/password.","description_kind":"plain","optional":true},"user_id":{"type":"string","description":"User ID to login with.","description_kind":"plain","optional":true},"user_name":{"type":"string","description":"Username to login with.","description_kind":"plain","optional":true}},"block_types":{"assume_role":{"nesting_mode":"list","block":{"attributes":{"agency_name":{"type":"string","description":"The name of agency for assume role.","description_kind":"plain","required":true},"domain_name":{"type":"string","description":"The name of domain for assume role.","description_kind":"plain","required":true}},"description_kind":"plain"},"max_items":1}},"description_kind":"plain"}},"resource_schemas":{"hcs_as_bandwidth_policy":{"version":0,"block":{"attributes":{"alarm_id":{"type":"string","description":"Specifies the alarm rule ID.","description_kind":"plain","optional":true,"computed":true},"bandwidth_id":{"type":"string","description":"Specifies the scaling bandwidth ID.","description_kind":"plain","required":true},"cool_down_time":{"type":"number","description":"Specifies the cooldown period (in seconds).","description_kind":"plain","optional":true,"computed":true},"description":{"type":"string","description":"Specifies the description of the AS policy.","description_kind":"plain","optional":true,"computed":true},"id":{"type":"string","description_kind":"plain","optional":true,"computed":true},"region":{"type":"string","description_kind":"plain","optional":true,"computed":true},"scaling_policy_name":{"type":"string","description":"Specifies the AS policy name.","description_kind":"plain","required":true},"scaling_policy_type":{"type":"string","description":"Specifies the AS policy type.","description_kind":"plain","required":true},"scaling_resource_type":{"type":"string","description":"the scaling resource type.","description_kind":"plain","computed":true},"status":{"type":"string","description":"the AS policy status.","description_kind":"plain","computed":true}},"block_types":{"scaling_policy_action":{"nesting_mode":"list","block":{"attributes":{"limits":{"type":"number","description":"Specifies the operation restrictions.","description_kind":"plain","optional":true,"computed":true},"operation":{"type":"string","description":"Specifies the operation to be performed. The default operation is ADD.","description_kind":"plain","optional":true,"computed":true},"size":{"type":"number","description":"Specifies the bandwidth (Mbit/s).","description_kind":"plain","optional":true,"computed":true}},"description_kind":"plain"},"max_items":1},"scheduled_policy":{"nesting_mode":"list","block":{"attributes":{"end_time":{"type":"string","description":"Specifies the end time of the scaling action triggered periodically.","description_kind":"plain","optional":true,"computed":true},"launch_time":{"type":"string","description":"Specifies the time when the scaling action is triggered. The time format complies with UTC.","description_kind":"plain","required":true},"recurrence_type":{"type":"string","description":"Specifies the periodic triggering type.","description_kind":"plain","optional":true,"computed":true},"recurrence_value":{"type":"string","description":"Specifies the day when a periodic scaling action is triggered.","description_kind":"plain","optional":true,"computed":true},"start_time":{"type":"string","description":"Specifies the start time of the scaling action triggered periodically.","description_kind":"plain","optional":true,"computed":true}},"description_kind":"plain"},"max_items":1}},"description_kind":"plain"}},"hcs_as_configuration":{"version":0,"block":{"attributes":{"id":{"type":"string","description_kind":"plain","optional":true,"computed":true},"region":{"type":"string","description_kind":"plain","optional":true,"computed":true},"scaling_configuration_name":{"type":"string","description_kind":"plain","required":true},"status":{"type":"string","description_kind":"plain","computed":true}},"block_types":{"instance_config":{"nesting_mode":"list","block":{"attributes":{"charging_mode":{"type":"string","description_kind":"plain","optional":true},"ecs_group_id":{"type":"string","description_kind":"plain","optional":true,"computed":true},"flavor":{"type":"string","description_kind":"plain","optional":true,"computed":true},"flavor_priority_policy":{"type":"string","description_kind":"plain","optional":true,"computed":true},"image":{"type":"string","description_kind":"plain","optional":true,"computed":true},"instance_id":{"type":"string","description_kind":"plain","optional":true,"computed":true},"key_name":{"type":"string","description_kind":"plain","required":true},"metadata":{"type":["map","string"],"description_kind":"plain","optional":true},"security_group_ids":{"type":["list","string"],"description":"schema: Required","description_kind":"plain","optional":true,"computed":true},"user_data":{"type":"string","description_kind":"plain","optional":true}},"block_types":{"disk":{"nesting_mode":"list","block":{"attributes":{"disk_type":{"type":"string","description_kind":"plain","required":true},"kms_id":{"type":"string","description_kind":"plain","optional":true,"computed":true},"size":{"type":"number","description_kind":"plain","required":true},"volume_type":{"type":"string","description_kind":"plain","required":true}},"description_kind":"plain"}},"personality":{"nesting_mode":"list","block":{"attributes":{"content":{"type":"string","description_kind":"plain","required":true},"path":{"type":"string","description_kind":"plain","required":true}},"description_kind":"plain"},"max_items":5},"public_ip":{"nesting_mode":"list","block":{"block_types":{"eip":{"nesting_mode":"list","block":{"attributes":{"ip_type":{"type":"string","description_kind":"plain","required":true}},"block_types":{"bandwidth":{"nesting_mode":"list","block":{"attributes":{"charging_mode":{"type":"string","description_kind":"plain","required":true},"share_type":{"type":"string","description_kind":"plain","required":true},"size":{"type":"number","description_kind":"plain","required":true}},"description_kind":"plain"},"min_items":1,"max_items":1}},"description_kind":"plain"},"min_items":1,"max_items":1}},"description_kind":"plain"},"max_items":1}},"description_kind":"plain"},"min_items":1,"max_items":1}},"description_kind":"plain"}},"hcs_as_group":{"version":0,"block":{"attributes":{"agency_name":{"type":"string","description_kind":"plain","optional":true,"computed":true},"availability_zones":{"type":["list","string"],"description_kind":"plain","optional":true,"computed":true},"available_zones":{"type":["list","string"],"description":"schema: Deprecated; use availability_zones instead","description_kind":"plain","optional":true},"cool_down_time":{"type":"number","description":"The cooling duration, in seconds.","description_kind":"plain","optional":true},"current_instance_number":{"type":"number","description_kind":"plain","computed":true},"delete_instances":{"type":"string","description":"Whether to delete instances when they are removed from the AS group.","description_kind":"plain","optional":true},"delete_publicip":{"type":"bool","description_kind":"plain","optional":true},"description":{"type":"string","description_kind":"plain","optional":true,"computed":true},"desire_instance_number":{"type":"number","description_kind":"plain","optional":true,"computed":true},"enable":{"type":"bool","description_kind":"plain","optional":true},"enterprise_project_id":{"type":"string","description_kind":"plain","optional":true,"computed":true},"force_delete":{"type":"bool","description_kind":"plain","optional":true},"health_periodic_audit_grace_period":{"type":"number","description":"The health check grace period for instances, in seconds.","description_kind":"plain","optional":true,"computed":true},"health_periodic_audit_method":{"type":"string","description_kind":"plain","optional":true},"health_periodic_audit_time":{"type":"number","description":"The health check period for instances, in minutes.","description_kind":"plain","optional":true},"id":{"type":"string","description_kind":"plain","optional":true,"computed":true},"instance_terminate_policy":{"type":"string","description_kind":"plain","optional":true},"instances":{"type":["list","string"],"description":"The instances id list in the as group.","description_kind":"plain","computed":true},"lb_listener_id":{"type":"string","description":"The system supports the binding of up to six ELB listeners, the IDs of which are separated using a comma.","description_kind":"plain","deprecated":true,"optional":true},"max_instance_number":{"type":"number","description_kind":"plain","optional":true},"min_instance_number":{"type":"number","description_kind":"plain","optional":true},"multi_az_scaling_policy":{"type":"string","description_kind":"plain","optional":true,"computed":true},"notifications":{"type":["list","string"],"description":"schema: Deprecated; The notification mode has been canceled","description_kind":"plain","optional":true},"region":{"type":"string","description_kind":"plain","optional":true,"computed":true},"scaling_configuration_id":{"type":"string","description":"schema: Required","description_kind":"plain","optional":true,"computed":true},"scaling_group_name":{"type":"string","description_kind":"plain","required":true},"status":{"type":"string","description_kind":"plain","computed":true},"tags":{"type":["map","string"],"description_kind":"plain","optional":true},"vpc_id":{"type":"string","description_kind":"plain","required":true}},"block_types":{"lbaas_listeners":{"nesting_mode":"list","block":{"attributes":{"listener_id":{"type":"string","description_kind":"plain","required":true},"pool_id":{"type":"string","description_kind":"plain","required":true},"protocol_port":{"type":"number","description_kind":"plain","required":true},"weight":{"type":"number","description_kind":"plain","optional":true}},"description_kind":"plain"},"max_items":6},"networks":{"nesting_mode":"list","block":{"attributes":{"id":{"type":"string","description_kind":"plain","required":true},"ipv6_bandwidth_id":{"type":"string","description_kind":"plain","optional":true},"ipv6_enable":{"type":"bool","description_kind":"plain","optional":true},"source_dest_check":{"type":"bool","description_kind":"plain","optional":true}},"description_kind":"plain"},"min_items":1,"max_items":5},"security_groups":{"nesting_mode":"list","block":{"attributes":{"id":{"type":"string","description_kind":"plain","required":true}},"description_kind":"plain"}},"timeouts":{"nesting_mode":"single","block":{"attributes":{"create":{"type":"string","description_kind":"plain","optional":true},"delete":{"type":"string","description_kind":"plain","optional":true}},"description_kind":"plain"}}},"description_kind":"plain"}},"hcs_as_instance_attach":{"version":0,"block":{"attributes":{"append_instance":{"type":"bool","description_kind":"plain","optional":true},"health_status":{"type":"string","description_kind":"plain","computed":true},"id":{"type":"string","description_kind":"plain","optional":true,"computed":true},"instance_id":{"type":"string","description_kind":"plain","required":true},"instance_name":{"type":"string","description_kind":"plain","computed":true},"protected":{"type":"bool","description_kind":"plain","optional":true,"computed":true},"region":{"type":"string","description_kind":"plain","optional":true,"computed":true},"scaling_group_id":{"type":"string","description_kind":"plain","required":true},"standby":{"type":"bool","description_kind":"plain","optional":true,"computed":true},"status":{"type":"string","description_kind":"plain","computed":true}},"block_types":{"timeouts":{"nesting_mode":"single","block":{"attributes":{"create":{"type":"string","description_kind":"plain","optional":true},"delete":{"type":"string","description_kind":"plain","optional":true},"update":{"type":"string","description_kind":"plain","optional":true}},"description_kind":"plain"}}},"description_kind":"plain"}},"hcs_as_lifecycle_hook":{"version":0,"block":{"attributes":{"create_time":{"type":"string","description_kind":"plain","computed":true},"default_result":{"type":"string","description_kind":"plain","optional":true},"id":{"type":"string","description_kind":"plain","optional":true,"computed":true},"name":{"type":"string","description_kind":"plain","required":true},"notification_message":{"type":"string","description_kind":"plain","optional":true},"notification_topic_name":{"type":"string","description_kind":"plain","computed":true},"notification_topic_urn":{"type":"string","description_kind":"plain","required":true},"region":{"type":"string","description_kind":"plain","optional":true,"computed":true},"scaling_group_id":{"type":"string","description_kind":"plain","required":true},"timeout":{"type":"number","description_kind":"plain","optional":true},"type":{"type":"string","description_kind":"plain","required":true}},"description_kind":"plain"}},"hcs_as_notification":{"version":0,"block":{"attributes":{"events":{"type":["list","string"],"description":"Specifies the topic scene of AS group.","description_kind":"plain","required":true},"id":{"type":"string","description_kind":"plain","optional":true,"computed":true},"region":{"type":"string","description_kind":"plain","optional":true,"computed":true},"scaling_group_id":{"type":"string","description":"Specifies the AS group ID.","description_kind":"plain","required":true},"topic_name":{"type":"string","description":"The topic name in SMN.","description_kind":"plain","computed":true},"topic_urn":{"type":"string","description":"Specifies the unique topic URN of the SMN.","description_kind":"plain","required":true}},"description_kind":"plain"}},"hcs_as_policy":{"version":0,"block":{"attributes":{"alarm_id":{"type":"string","description_kind":"plain","optional":true},"cool_down_time":{"type":"number","description_kind":"plain","optional":true,"computed":true},"id":{"type":"string","description_kind":"plain","optional":true,"computed":true},"region":{"type":"string","description_kind":"plain","optional":true,"computed":true},"scaling_group_id":{"type":"string","description_kind":"plain","required":true},"scaling_policy_name":{"type":"string","description_kind":"plain","required":true},"scaling_policy_type":{"type":"string","description_kind":"plain","required":true},"status":{"type":"string","description_kind":"plain","computed":true}},"block_types":{"scaling_policy_action":{"nesting_mode":"list","block":{"attributes":{"instance_number":{"type":"number","description_kind":"plain","optional":true},"operation":{"type":"string","description_kind":"plain","optional":true,"computed":true}},"description_kind":"plain"},"max_items":1},"scheduled_policy":{"nesting_mode":"list","block":{"attributes":{"end_time":{"type":"string","description_kind":"plain","optional":true,"computed":true},"launch_time":{"type":"string","description_kind":"plain","required":true},"recurrence_type":{"type":"string","description_kind":"plain","optional":true,"computed":true},"recurrence_value":{"type":"string","description_kind":"plain","optional":true,"computed":true},"start_time":{"type":"string","description_kind":"plain","optional":true,"computed":true}},"description_kind":"plain"},"max_items":1}},"description_kind":"plain"}},"hcs_bms_instance":{"version":0,"block":{"attributes":{"admin_pass":{"type":"string","description_kind":"plain","optional":true,"sensitive":true},"agency_name":{"type":"string","description_kind":"plain","optional":true},"auto_renew":{"type":"string","description_kind":"plain","optional":true},"availability_zone":{"type":"string","description_kind":"plain","required":true},"bandwidth_size":{"type":"number","description_kind":"plain","optional":true},"charging_mode":{"type":"string","description_kind":"plain","optional":true,"computed":true},"delete_disks_on_termination":{"type":"bool","description_kind":"plain","optional":true},"delete_eip_on_termination":{"type":"bool","description_kind":"plain","optional":true},"description":{"type":"string","description_kind":"plain","computed":true},"disk_ids":{"type":["list","string"],"description_kind":"plain","computed":true},"eip_id":{"type":"string","description_kind":"plain","optional":true},"enterprise_project_id":{"type":"string","description_kind":"plain","optional":true,"computed":true},"flavor_id":{"type":"string","description_kind":"plain","required":true},"host_id":{"type":"string","description_kind":"plain","computed":true},"id":{"type":"string","description_kind":"plain","optional":true,"computed":true},"image_id":{"type":"string","description_kind":"plain","required":true},"image_name":{"type":"string","description_kind":"plain","computed":true},"iptype":{"type":"string","description_kind":"plain","optional":true},"key_pair":{"type":"string","description_kind":"plain","optional":true},"name":{"type":"string","description_kind":"plain","required":true},"period":{"type":"number","description_kind":"plain","optional":true},"period_unit":{"type":"string","description_kind":"plain","optional":true},"public_ip":{"type":"string","description_kind":"plain","computed":true},"region":{"type":"string","description_kind":"plain","optional":true,"computed":true},"security_groups":{"type":["set","string"],"description_kind":"plain","optional":true,"computed":true},"sharetype":{"type":"string","description_kind":"plain","optional":true},"status":{"type":"string","description_kind":"plain","computed":true},"tags":{"type":["map","string"],"description_kind":"plain","optional":true},"user_data":{"type":"string","description_kind":"plain","optional":true},"user_id":{"type":"string","description_kind":"plain","required":true},"vpc_id":{"type":"string","description_kind":"plain","required":true}},"block_types":{"data_disks":{"nesting_mode":"list","block":{"attributes":{"size":{"type":"number","description_kind":"plain","required":true},"type":{"type":"string","description_kind":"plain","required":true}},"description_kind":"plain"},"max_items":59},"nics":{"nesting_mode":"list","block":{"attributes":{"ip_address":{"type":"string","description_kind":"plain","optional":true,"computed":true},"mac_address":{"type":"string","description_kind":"plain","computed":true},"port_id":{"type":"string","description_kind":"plain","computed":true},"subnet_id":{"type":"string","description_kind":"plain","required":true}},"description_kind":"plain"},"min_items":1,"max_items":2},"timeouts":{"nesting_mode":"single","block":{"attributes":{"create":{"type":"string","description_kind":"plain","optional":true},"delete":{"type":"string","description_kind":"plain","optional":true},"update":{"type":"string","description_kind":"plain","optional":true}},"description_kind":"plain"}}},"description_kind":"plain"}},"hcs_cce_addon":{"version":0,"block":{"attributes":{"cluster_id":{"type":"string","description_kind":"plain","required":true},"description":{"type":"string","description_kind":"plain","computed":true},"id":{"type":"string","description_kind":"plain","optional":true,"computed":true},"region":{"type":"string","description_kind":"plain","optional":true,"computed":true},"status":{"type":"string","description_kind":"plain","computed":true},"template_name":{"type":"string","description_kind":"plain","required":true},"version":{"type":"string","description_kind":"plain","optional":true,"computed":true}},"block_types":{"timeouts":{"nesting_mode":"single","block":{"attributes":{"create":{"type":"string","description_kind":"plain","optional":true},"delete":{"type":"string","description_kind":"plain","optional":true},"update":{"type":"string","description_kind":"plain","optional":true}},"description_kind":"plain"}},"values":{"nesting_mode":"list","block":{"attributes":{"basic":{"type":["map","string"],"description_kind":"plain","optional":true},"basic_json":{"type":"string","description_kind":"plain","optional":true},"custom":{"type":["map","string"],"description_kind":"plain","optional":true},"custom_json":{"type":"string","description_kind":"plain","optional":true},"flavor":{"type":["map","string"],"description_kind":"plain","optional":true},"flavor_json":{"type":"string","description_kind":"plain","optional":true}},"description_kind":"plain"},"max_items":1}},"description_kind":"plain"}},"hcs_cce_cluster":{"version":0,"block":{"attributes":{"alias":{"type":"string","description_kind":"plain","optional":true,"computed":true},"annotations":{"type":["map","string"],"description":"schema: Internal","description_kind":"plain","optional":true},"authenticating_proxy_ca":{"type":"string","description_kind":"plain","optional":true},"authenticating_proxy_cert":{"type":"string","description_kind":"plain","optional":true},"authenticating_proxy_private_key":{"type":"string","description_kind":"plain","optional":true},"authentication_mode":{"type":"string","description_kind":"plain","optional":true},"auto_pay":{"type":"string","description_kind":"plain","deprecated":true,"optional":true},"auto_renew":{"type":"string","description_kind":"plain","optional":true},"billing_mode":{"type":"number","description_kind":"plain","deprecated":true,"optional":true,"computed":true},"category":{"type":"string","description_kind":"plain","computed":true},"certificate_clusters":{"type":["list",["object",{"certificate_authority_data":"string","name":"string","server":"string"}]],"description_kind":"plain","computed":true},"certificate_users":{"type":["list",["object",{"client_certificate_data":"string","client_key_data":"string","name":"string"}]],"description_kind":"plain","computed":true},"charging_mode":{"type":"string","description_kind":"plain","optional":true,"computed":true},"cluster_type":{"type":"string","description_kind":"plain","optional":true},"cluster_version":{"type":"string","description_kind":"plain","optional":true,"computed":true},"container_network_cidr":{"type":"string","description_kind":"plain","optional":true,"computed":true},"container_network_type":{"type":"string","description_kind":"plain","required":true},"custom_san":{"type":["list","string"],"description_kind":"plain","optional":true,"computed":true},"delete_all":{"type":"string","description_kind":"plain","optional":true},"delete_efs":{"type":"string","description_kind":"plain","optional":true},"delete_eni":{"type":"string","description":"schema: Internal","description_kind":"plain","optional":true},"delete_evs":{"type":"string","description_kind":"plain","optional":true},"delete_net":{"type":"string","description":"schema: Internal","description_kind":"plain","optional":true},"delete_obs":{"type":"string","description_kind":"plain","optional":true},"delete_sfs":{"type":"string","description_kind":"plain","optional":true},"description":{"type":"string","description_kind":"plain","optional":true,"computed":true},"eip":{"type":"string","description_kind":"plain","optional":true},"enable_distribute_management":{"type":"bool","description":"schema: Internal","description_kind":"plain","optional":true},"eni_subnet_cidr":{"type":"string","description":"schema: Computed","description_kind":"plain","optional":true,"computed":true},"eni_subnet_id":{"type":"string","description":"the IPv4 subnet ID of the subnet where the ENI resides","description_kind":"plain","optional":true,"computed":true},"enterprise_project_id":{"type":"string","description_kind":"plain","optional":true,"computed":true},"extend_param":{"type":["map","string"],"description":"schema: Internal","description_kind":"plain","optional":true},"flavor_id":{"type":"string","description_kind":"plain","required":true},"hibernate":{"type":"bool","description_kind":"plain","optional":true},"highway_subnet_id":{"type":"string","description":"schema: Internal","description_kind":"plain","optional":true,"computed":true},"id":{"type":"string","description_kind":"plain","optional":true,"computed":true},"ipv6_enable":{"type":"bool","description_kind":"plain","optional":true,"computed":true},"kube_config_raw":{"type":"string","description_kind":"plain","computed":true},"kube_proxy_mode":{"type":"string","description_kind":"plain","optional":true,"computed":true},"labels":{"type":["map","string"],"description":"schema: Internal","description_kind":"plain","optional":true},"multi_az":{"type":"bool","description_kind":"plain","optional":true},"name":{"type":"string","description_kind":"plain","required":true},"period":{"type":"number","description_kind":"plain","optional":true},"period_unit":{"type":"string","description_kind":"plain","optional":true},"region":{"type":"string","description_kind":"plain","optional":true,"computed":true},"security_group_id":{"type":"string","description_kind":"plain","optional":true,"computed":true},"service_network_cidr":{"type":"string","description_kind":"plain","optional":true,"computed":true},"status":{"type":"string","description_kind":"plain","computed":true},"subnet_id":{"type":"string","description_kind":"plain","required":true},"support_istio":{"type":"bool","description_kind":"plain","optional":true,"computed":true},"tags":{"type":["map","string"],"description_kind":"plain","optional":true},"vpc_id":{"type":"string","description_kind":"plain","required":true}},"block_types":{"component_configurations":{"nesting_mode":"list","block":{"attributes":{"configurations":{"type":"string","description_kind":"plain","optional":true},"name":{"type":"string","description_kind":"plain","required":true}},"description_kind":"plain"}},"extend_params":{"nesting_mode":"list","block":{"attributes":{"cluster_az":{"type":"string","description_kind":"plain","optional":true},"cpu_manager_policy":{"type":"string","description_kind":"plain","optional":true},"dec_master_flavor":{"type":"string","description_kind":"plain","optional":true},"docker_umask_mode":{"type":"string","description_kind":"plain","optional":true},"dss_master_volumes":{"type":"string","description_kind":"plain","optional":true},"fix_pool_mask":{"type":"string","description_kind":"plain","optional":true}},"description_kind":"plain"}},"masters":{"nesting_mode":"list","block":{"attributes":{"availability_zone":{"type":"string","description_kind":"plain","optional":true,"computed":true}},"description_kind":"plain"},"max_items":3},"timeouts":{"nesting_mode":"single","block":{"attributes":{"create":{"type":"string","description_kind":"plain","optional":true},"delete":{"type":"string","description_kind":"plain","optional":true},"update":{"type":"string","description_kind":"plain","optional":true}},"description_kind":"plain"}}},"description_kind":"plain"}},"hcs_cce_namespace":{"version":0,"block":{"attributes":{"annotations":{"type":["map","string"],"description_kind":"plain","optional":true,"computed":true},"cluster_id":{"type":"string","description_kind":"plain","required":true},"creation_timestamp":{"type":"string","description_kind":"plain","computed":true},"id":{"type":"string","description_kind":"plain","optional":true,"computed":true},"labels":{"type":["map","string"],"description_kind":"plain","optional":true,"computed":true},"name":{"type":"string","description_kind":"plain","optional":true,"computed":true},"prefix":{"type":"string","description_kind":"plain","optional":true},"region":{"type":"string","description_kind":"plain","optional":true,"computed":true},"status":{"type":"string","description_kind":"plain","computed":true}},"block_types":{"timeouts":{"nesting_mode":"single","block":{"attributes":{"delete":{"type":"string","description_kind":"plain","optional":true}},"description_kind":"plain"}}},"description_kind":"plain"}},"hcs_cce_node":{"version":0,"block":{"attributes":{"annotations":{"type":["map","string"],"description":"schema: Internal","description_kind":"plain","optional":true},"auto_pay":{"type":"string","description_kind":"plain","deprecated":true,"optional":true},"auto_renew":{"type":"string","description_kind":"plain","optional":true},"availability_zone":{"type":"string","description_kind":"plain","required":true},"bandwidth_charge_mode":{"type":"string","description_kind":"plain","optional":true},"bandwidth_size":{"type":"number","description_kind":"plain","optional":true},"billing_mode":{"type":"number","description_kind":"plain","deprecated":true,"optional":true,"computed":true},"charging_mode":{"type":"string","description_kind":"plain","optional":true,"computed":true},"cluster_id":{"type":"string","description_kind":"plain","required":true},"dedicated_host_id":{"type":"string","description_kind":"plain","optional":true},"ecs_group_id":{"type":"string","description_kind":"plain","optional":true},"ecs_performance_type":{"type":"string","description":"schema: Deprecated","description_kind":"plain","optional":true},"eip_id":{"type":"string","description_kind":"plain","optional":true},"eip_ids":{"type":["set","string"],"description_kind":"plain","deprecated":true,"optional":true},"extend_param":{"type":["map","string"],"description":"schema: Deprecated","description_kind":"plain","optional":true},"extend_param_charging_mode":{"type":"number","description_kind":"plain","deprecated":true,"optional":true},"fixed_ip":{"type":"string","description_kind":"plain","optional":true},"flavor_id":{"type":"string","description_kind":"plain","required":true},"id":{"type":"string","description_kind":"plain","optional":true,"computed":true},"initialized_conditions":{"type":["list","string"],"description_kind":"plain","optional":true,"computed":true},"iptype":{"type":"string","description_kind":"plain","optional":true},"keep_ecs":{"type":"bool","description":"schema: Internal","description_kind":"plain","optional":true},"key_pair":{"type":"string","description_kind":"plain","optional":true},"labels":{"type":["map","string"],"description_kind":"plain","optional":true},"max_pods":{"type":"number","description":"schema: Deprecated","description_kind":"plain","optional":true},"name":{"type":"string","description_kind":"plain","optional":true,"computed":true},"order_id":{"type":"string","description_kind":"plain","deprecated":true,"optional":true},"os":{"type":"string","description_kind":"plain","optional":true,"computed":true},"partition":{"type":"string","description":"schema: Internal","description_kind":"plain","optional":true},"password":{"type":"string","description_kind":"plain","optional":true,"sensitive":true},"period":{"type":"number","description_kind":"plain","optional":true},"period_unit":{"type":"string","description_kind":"plain","optional":true},"postinstall":{"type":"string","description":"schema: Deprecated","description_kind":"plain","optional":true},"preinstall":{"type":"string","description":"schema: Deprecated","description_kind":"plain","optional":true},"private_ip":{"type":"string","description_kind":"plain","computed":true},"private_key":{"type":"string","description_kind":"plain","optional":true,"sensitive":true},"product_id":{"type":"string","description":"schema: Deprecated","description_kind":"plain","optional":true},"public_ip":{"type":"string","description_kind":"plain","computed":true},"public_key":{"type":"string","description":"schema: Deprecated","description_kind":"plain","optional":true},"region":{"type":"string","description_kind":"plain","optional":true,"computed":true},"runtime":{"type":"string","description_kind":"plain","optional":true,"computed":true},"server_id":{"type":"string","description_kind":"plain","computed":true},"sharetype":{"type":"string","description_kind":"plain","optional":true},"status":{"type":"string","description_kind":"plain","computed":true},"subnet_id":{"type":"string","description_kind":"plain","optional":true,"computed":true},"tags":{"type":["map","string"],"description_kind":"plain","optional":true}},"block_types":{"data_volumes":{"nesting_mode":"list","block":{"attributes":{"dss_pool_id":{"type":"string","description_kind":"plain","optional":true,"computed":true},"extend_param":{"type":"string","description_kind":"plain","deprecated":true,"optional":true},"extend_params":{"type":["map","string"],"description_kind":"plain","optional":true,"computed":true},"hw_passthrough":{"type":"bool","description":"schema: Internal","description_kind":"plain","optional":true},"kms_key_id":{"type":"string","description_kind":"plain","optional":true,"computed":true},"size":{"type":"number","description_kind":"plain","required":true},"volumetype":{"type":"string","description_kind":"plain","required":true}},"description_kind":"plain"},"min_items":1},"extend_params":{"nesting_mode":"list","block":{"attributes":{"agency_name":{"type":"string","description_kind":"plain","optional":true},"docker_base_size":{"type":"number","description_kind":"plain","optional":true},"kube_reserved_mem":{"type":"number","description_kind":"plain","optional":true},"max_pods":{"type":"number","description_kind":"plain","optional":true},"nic_threshold":{"type":"string","description_kind":"plain","optional":true},"node_image_id":{"type":"string","description_kind":"plain","optional":true},"node_multi_queue":{"type":"string","description_kind":"plain","optional":true},"postinstall":{"type":"string","description_kind":"plain","optional":true},"preinstall":{"type":"string","description_kind":"plain","optional":true},"system_reserved_mem":{"type":"number","description_kind":"plain","optional":true}},"description_kind":"plain"},"max_items":1},"extension_nics":{"nesting_mode":"list","block":{"attributes":{"subnet_id":{"type":"string","description_kind":"plain","required":true}},"description_kind":"plain"}},"root_volume":{"nesting_mode":"list","block":{"attributes":{"dss_pool_id":{"type":"string","description_kind":"plain","optional":true,"computed":true},"extend_param":{"type":"string","description_kind":"plain","deprecated":true,"optional":true},"extend_params":{"type":["map","string"],"description_kind":"plain","optional":true,"computed":true},"hw_passthrough":{"type":"bool","description":"schema: Internal","description_kind":"plain","optional":true},"kms_key_id":{"type":"string","description_kind":"plain","optional":true,"computed":true},"size":{"type":"number","description_kind":"plain","required":true},"volumetype":{"type":"string","description_kind":"plain","required":true}},"description_kind":"plain"},"min_items":1,"max_items":1},"storage":{"nesting_mode":"list","block":{"block_types":{"groups":{"nesting_mode":"list","block":{"attributes":{"cce_managed":{"type":"bool","description_kind":"plain","optional":true},"name":{"type":"string","description_kind":"plain","required":true},"selector_names":{"type":["list","string"],"description_kind":"plain","required":true}},"block_types":{"virtual_spaces":{"nesting_mode":"list","block":{"attributes":{"lvm_lv_type":{"type":"string","description_kind":"plain","optional":true},"lvm_path":{"type":"string","description_kind":"plain","optional":true},"name":{"type":"string","description_kind":"plain","required":true},"runtime_lv_type":{"type":"string","description_kind":"plain","optional":true},"size":{"type":"string","description_kind":"plain","required":true}},"description_kind":"plain"},"min_items":1}},"description_kind":"plain"},"min_items":1},"selectors":{"nesting_mode":"list","block":{"attributes":{"match_label_count":{"type":"string","description_kind":"plain","optional":true},"match_label_metadata_cmkid":{"type":"string","description_kind":"plain","optional":true},"match_label_metadata_encrypted":{"type":"string","description_kind":"plain","optional":true},"match_label_size":{"type":"string","description_kind":"plain","optional":true},"match_label_volume_type":{"type":"string","description_kind":"plain","optional":true},"name":{"type":"string","description_kind":"plain","required":true},"type":{"type":"string","description_kind":"plain","optional":true}},"description_kind":"plain"},"min_items":1}},"description_kind":"plain"},"max_items":1},"taints":{"nesting_mode":"list","block":{"attributes":{"effect":{"type":"string","description_kind":"plain","required":true},"key":{"type":"string","description_kind":"plain","required":true},"value":{"type":"string","description_kind":"plain","required":true}},"description_kind":"plain"}},"timeouts":{"nesting_mode":"single","block":{"attributes":{"create":{"type":"string","description_kind":"plain","optional":true},"delete":{"type":"string","description_kind":"plain","optional":true},"update":{"type":"string","description_kind":"plain","optional":true}},"description_kind":"plain"}}},"description_kind":"plain"}},"hcs_cce_node_attach":{"version":0,"block":{"attributes":{"availability_zone":{"type":"string","description_kind":"plain","computed":true},"charging_mode":{"type":"string","description_kind":"plain","computed":true},"cluster_id":{"type":"string","description_kind":"plain","required":true},"data_volumes":{"type":["list",["object",{"dss_pool_id":"string","extend_param":"string","extend_params":["map","string"],"hw_passthrough":"bool","kms_key_id":"string","size":"number","volumetype":"string"}]],"description_kind":"plain","computed":true},"docker_base_size":{"type":"number","description_kind":"plain","optional":true},"ecs_group_id":{"type":"string","description_kind":"plain","computed":true},"flavor_id":{"type":"string","description_kind":"plain","computed":true},"id":{"type":"string","description_kind":"plain","optional":true,"computed":true},"image_id":{"type":"string","description":"schema: Internal","description_kind":"plain","optional":true},"initialized_conditions":{"type":["list","string"],"description_kind":"plain","optional":true,"computed":true},"key_pair":{"type":"string","description_kind":"plain","optional":true},"labels":{"type":["map","string"],"description_kind":"plain","optional":true},"lvm_config":{"type":"string","description_kind":"plain","optional":true},"max_pods":{"type":"number","description_kind":"plain","optional":true},"name":{"type":"string","description_kind":"plain","optional":true,"computed":true},"nic_multi_queue":{"type":"string","description":"schema: Internal","description_kind":"plain","optional":true},"nic_threshold":{"type":"string","description":"schema: Internal","description_kind":"plain","optional":true},"os":{"type":"string","description_kind":"plain","required":true},"password":{"type":"string","description_kind":"plain","optional":true,"sensitive":true},"postinstall":{"type":"string","description_kind":"plain","optional":true},"preinstall":{"type":"string","description_kind":"plain","optional":true},"private_ip":{"type":"string","description_kind":"plain","computed":true},"private_key":{"type":"string","description_kind":"plain","optional":true,"sensitive":true},"public_ip":{"type":"string","description_kind":"plain","computed":true},"region":{"type":"string","description_kind":"plain","optional":true,"computed":true},"root_volume":{"type":["list",["object",{"dss_pool_id":"string","extend_param":"string","extend_params":["map","string"],"hw_passthrough":"bool","kms_key_id":"string","size":"number","volumetype":"string"}]],"description_kind":"plain","computed":true},"runtime":{"type":"string","description_kind":"plain","optional":true,"computed":true},"server_id":{"type":"string","description_kind":"plain","required":true},"status":{"type":"string","description_kind":"plain","computed":true},"subnet_id":{"type":"string","description_kind":"plain","computed":true},"system_disk_kms_key_id":{"type":"string","description_kind":"plain","optional":true},"tags":{"type":["map","string"],"description_kind":"plain","optional":true}},"block_types":{"storage":{"nesting_mode":"list","block":{"block_types":{"groups":{"nesting_mode":"list","block":{"attributes":{"cce_managed":{"type":"bool","description_kind":"plain","optional":true},"name":{"type":"string","description_kind":"plain","required":true},"selector_names":{"type":["list","string"],"description_kind":"plain","required":true}},"block_types":{"virtual_spaces":{"nesting_mode":"list","block":{"attributes":{"lvm_lv_type":{"type":"string","description_kind":"plain","optional":true},"lvm_path":{"type":"string","description_kind":"plain","optional":true},"name":{"type":"string","description_kind":"plain","required":true},"runtime_lv_type":{"type":"string","description_kind":"plain","optional":true},"size":{"type":"string","description_kind":"plain","required":true}},"description_kind":"plain"},"min_items":1}},"description_kind":"plain"},"min_items":1},"selectors":{"nesting_mode":"list","block":{"attributes":{"match_label_count":{"type":"string","description_kind":"plain","optional":true},"match_label_metadata_cmkid":{"type":"string","description_kind":"plain","optional":true},"match_label_metadata_encrypted":{"type":"string","description_kind":"plain","optional":true},"match_label_size":{"type":"string","description_kind":"plain","optional":true},"match_label_volume_type":{"type":"string","description_kind":"plain","optional":true},"name":{"type":"string","description_kind":"plain","required":true},"type":{"type":"string","description_kind":"plain","optional":true}},"description_kind":"plain"},"min_items":1}},"description_kind":"plain"},"max_items":1},"taints":{"nesting_mode":"list","block":{"attributes":{"effect":{"type":"string","description_kind":"plain","required":true},"key":{"type":"string","description_kind":"plain","required":true},"value":{"type":"string","description_kind":"plain","required":true}},"description_kind":"plain"}},"timeouts":{"nesting_mode":"single","block":{"attributes":{"create":{"type":"string","description_kind":"plain","optional":true},"delete":{"type":"string","description_kind":"plain","optional":true},"update":{"type":"string","description_kind":"plain","optional":true}},"description_kind":"plain"}}},"description_kind":"plain"}},"hcs_cce_node_pool":{"version":0,"block":{"attributes":{"auto_renew":{"type":"string","description_kind":"plain","optional":true},"availability_zone":{"type":"string","description_kind":"plain","optional":true},"billing_mode":{"type":"number","description_kind":"plain","computed":true},"charging_mode":{"type":"string","description_kind":"plain","optional":true,"computed":true},"cluster_id":{"type":"string","description_kind":"plain","required":true},"current_node_count":{"type":"number","description_kind":"plain","computed":true},"ecs_group_id":{"type":"string","description_kind":"plain","optional":true},"extend_param":{"type":["map","string"],"description":"schema: Deprecated; This parameter has been replaced by the 'extend_params' parameter.","description_kind":"plain","optional":true},"flavor_id":{"type":"string","description_kind":"plain","required":true},"id":{"type":"string","description_kind":"plain","optional":true,"computed":true},"initial_node_count":{"type":"number","description_kind":"plain","required":true},"initialized_conditions":{"type":["list","string"],"description_kind":"plain","optional":true,"computed":true},"key_pair":{"type":"string","description_kind":"plain","optional":true},"labels":{"type":["map","string"],"description_kind":"plain","optional":true},"max_node_count":{"type":"number","description_kind":"plain","optional":true},"max_pods":{"type":"number","description":"schema: Deprecated; This parameter can be configured in the 'extend_params' parameter.","description_kind":"plain","optional":true,"computed":true},"min_node_count":{"type":"number","description_kind":"plain","optional":true},"name":{"type":"string","description_kind":"plain","required":true},"os":{"type":"string","description_kind":"plain","optional":true,"computed":true},"password":{"type":"string","description_kind":"plain","optional":true,"sensitive":true},"period":{"type":"number","description_kind":"plain","optional":true},"period_unit":{"type":"string","description_kind":"plain","optional":true},"pod_security_groups":{"type":["list","string"],"description_kind":"plain","optional":true},"postinstall":{"type":"string","description":"schema: Deprecated; This parameter can be configured in the 'extend_params' parameter.","description_kind":"plain","optional":true},"preinstall":{"type":"string","description":"schema: Deprecated; This parameter can be configured in the 'extend_params' parameter.","description_kind":"plain","optional":true},"priority":{"type":"number","description_kind":"plain","optional":true},"region":{"type":"string","description_kind":"plain","optional":true,"computed":true},"runtime":{"type":"string","description_kind":"plain","optional":true,"computed":true},"scale_down_cooldown_time":{"type":"number","description_kind":"plain","optional":true},"scall_enable":{"type":"bool","description_kind":"plain","optional":true},"security_groups":{"type":["list","string"],"description_kind":"plain","optional":true,"computed":true},"status":{"type":"string","description_kind":"plain","computed":true},"subnet_id":{"type":"string","description_kind":"plain","optional":true},"tags":{"type":["map","string"],"description_kind":"plain","optional":true},"type":{"type":"string","description_kind":"plain","optional":true,"computed":true}},"block_types":{"data_volumes":{"nesting_mode":"list","block":{"attributes":{"dss_pool_id":{"type":"string","description_kind":"plain","optional":true,"computed":true},"extend_param":{"type":"string","description_kind":"plain","deprecated":true,"optional":true},"extend_params":{"type":["map","string"],"description_kind":"plain","optional":true,"computed":true},"hw_passthrough":{"type":"bool","description":"schema: Internal","description_kind":"plain","optional":true},"kms_key_id":{"type":"string","description_kind":"plain","optional":true,"computed":true},"size":{"type":"number","description_kind":"plain","required":true},"volumetype":{"type":"string","description_kind":"plain","required":true}},"description_kind":"plain"},"min_items":1},"extend_params":{"nesting_mode":"list","block":{"attributes":{"agency_name":{"type":"string","description_kind":"plain","optional":true},"docker_base_size":{"type":"number","description_kind":"plain","optional":true},"kube_reserved_mem":{"type":"number","description_kind":"plain","optional":true},"max_pods":{"type":"number","description_kind":"plain","optional":true},"nic_threshold":{"type":"string","description_kind":"plain","optional":true},"node_image_id":{"type":"string","description_kind":"plain","optional":true},"node_multi_queue":{"type":"string","description_kind":"plain","optional":true},"postinstall":{"type":"string","description_kind":"plain","optional":true},"preinstall":{"type":"string","description_kind":"plain","optional":true},"system_reserved_mem":{"type":"number","description_kind":"plain","optional":true}},"description_kind":"plain"},"max_items":1},"root_volume":{"nesting_mode":"list","block":{"attributes":{"dss_pool_id":{"type":"string","description_kind":"plain","optional":true,"computed":true},"extend_param":{"type":"string","description_kind":"plain","deprecated":true,"optional":true},"extend_params":{"type":["map","string"],"description_kind":"plain","optional":true,"computed":true},"hw_passthrough":{"type":"bool","description":"schema: Internal","description_kind":"plain","optional":true},"kms_key_id":{"type":"string","description_kind":"plain","optional":true,"computed":true},"size":{"type":"number","description_kind":"plain","required":true},"volumetype":{"type":"string","description_kind":"plain","required":true}},"description_kind":"plain"},"min_items":1,"max_items":1},"storage":{"nesting_mode":"list","block":{"block_types":{"groups":{"nesting_mode":"list","block":{"attributes":{"cce_managed":{"type":"bool","description_kind":"plain","optional":true},"name":{"type":"string","description_kind":"plain","required":true},"selector_names":{"type":["list","string"],"description_kind":"plain","required":true}},"block_types":{"virtual_spaces":{"nesting_mode":"list","block":{"attributes":{"lvm_lv_type":{"type":"string","description_kind":"plain","optional":true},"lvm_path":{"type":"string","description_kind":"plain","optional":true},"name":{"type":"string","description_kind":"plain","required":true},"runtime_lv_type":{"type":"string","description_kind":"plain","optional":true},"size":{"type":"string","description_kind":"plain","required":true}},"description_kind":"plain"},"min_items":1}},"description_kind":"plain"},"min_items":1},"selectors":{"nesting_mode":"list","block":{"attributes":{"match_label_count":{"type":"string","description_kind":"plain","optional":true},"match_label_metadata_cmkid":{"type":"string","description_kind":"plain","optional":true},"match_label_metadata_encrypted":{"type":"string","description_kind":"plain","optional":true},"match_label_size":{"type":"string","description_kind":"plain","optional":true},"match_label_volume_type":{"type":"string","description_kind":"plain","optional":true},"name":{"type":"string","description_kind":"plain","required":true},"type":{"type":"string","description_kind":"plain","optional":true}},"description_kind":"plain"},"min_items":1}},"description_kind":"plain"},"max_items":1},"taints":{"nesting_mode":"list","block":{"attributes":{"effect":{"type":"string","description_kind":"plain","required":true},"key":{"type":"string","description_kind":"plain","required":true},"value":{"type":"string","description_kind":"plain","required":true}},"description_kind":"plain"}},"timeouts":{"nesting_mode":"single","block":{"attributes":{"create":{"type":"string","description_kind":"plain","optional":true},"delete":{"type":"string","description_kind":"plain","optional":true}},"description_kind":"plain"}}},"description_kind":"plain"}},"hcs_cce_pvc":{"version":0,"block":{"attributes":{"access_modes":{"type":["set","string"],"description_kind":"plain","required":true},"annotations":{"type":["map","string"],"description_kind":"plain","optional":true},"cluster_id":{"type":"string","description_kind":"plain","required":true},"creation_timestamp":{"type":"string","description_kind":"plain","computed":true},"id":{"type":"string","description_kind":"plain","optional":true,"computed":true},"labels":{"type":["map","string"],"description_kind":"plain","optional":true},"name":{"type":"string","description_kind":"plain","required":true},"namespace":{"type":"string","description_kind":"plain","required":true},"region":{"type":"string","description_kind":"plain","optional":true,"computed":true},"status":{"type":"string","description_kind":"plain","computed":true},"storage":{"type":"string","description_kind":"plain","required":true},"storage_class_name":{"type":"string","description_kind":"plain","required":true}},"block_types":{"timeouts":{"nesting_mode":"single","block":{"attributes":{"create":{"type":"string","description_kind":"plain","optional":true},"delete":{"type":"string","description_kind":"plain","optional":true}},"description_kind":"plain"}}},"description_kind":"plain"}},"hcs_cfw_address_group":{"version":0,"block":{"attributes":{"address_type":{"type":"number","description":"schema: Computed; Specifies the Address type.","description_kind":"plain","optional":true,"computed":true},"description":{"type":"string","description":"Specifies the Address group description.","description_kind":"plain","optional":true},"id":{"type":"string","description_kind":"plain","optional":true,"computed":true},"name":{"type":"string","description":"Specifies the IP address group name.","description_kind":"plain","required":true},"object_id":{"type":"string","description":"Specifies the protected object ID.","description_kind":"plain","required":true},"region":{"type":"string","description_kind":"plain","optional":true,"computed":true}},"description_kind":"plain"}},"hcs_cfw_address_group_member":{"version":0,"block":{"attributes":{"address":{"type":"string","description":"Specifies the IP address.","description_kind":"plain","required":true},"address_type":{"type":"number","description":"Specifies the address type.","description_kind":"plain","optional":true,"computed":true},"description":{"type":"string","description":"Specifies address description.","description_kind":"plain","optional":true,"computed":true},"group_id":{"type":"string","description":"Specifies the ID of the IP address group.","description_kind":"plain","required":true},"id":{"type":"string","description_kind":"plain","optional":true,"computed":true},"name":{"type":"string","description":"schema: Deprecated; Specifies the address name.","description_kind":"plain","optional":true},"region":{"type":"string","description_kind":"plain","optional":true,"computed":true}},"description_kind":"plain"}},"hcs_cfw_black_white_list":{"version":0,"block":{"attributes":{"address":{"type":"string","description":"Specifies the address.","description_kind":"plain","required":true},"address_type":{"type":"number","description":"Specifies the IP address type.","description_kind":"plain","required":true},"direction":{"type":"number","description":"Specifies the address direction.","description_kind":"plain","required":true},"id":{"type":"string","description_kind":"plain","optional":true,"computed":true},"list_type":{"type":"number","description":"Specifies the list type.","description_kind":"plain","required":true},"object_id":{"type":"string","description":"Specifies the protected object ID.","description_kind":"plain","required":true},"port":{"type":"string","description":"Specifies the destination port.","description_kind":"plain","optional":true,"computed":true},"protocol":{"type":"number","description":"Specifies the protocol type.","description_kind":"plain","required":true},"region":{"type":"string","description_kind":"plain","optional":true,"computed":true}},"description_kind":"plain"}},"hcs_cfw_eip_protection":{"version":0,"block":{"attributes":{"id":{"type":"string","description_kind":"plain","optional":true,"computed":true},"object_id":{"type":"string","description":"The protected object ID.","description_kind":"plain","required":true},"region":{"type":"string","description_kind":"plain","optional":true,"computed":true}},"block_types":{"protected_eip":{"nesting_mode":"set","block":{"attributes":{"id":{"type":"string","description":"The ID of the protected EIP.","description_kind":"plain","required":true},"public_ipv4":{"type":"string","description":"The IPv4 address of the protected EIP.","description_kind":"plain","optional":true,"computed":true},"public_ipv6":{"type":"string","description":"The IPv6 address of the protected EIP.","description_kind":"plain","optional":true,"computed":true}},"description":"The protected EIP configurations.","description_kind":"plain"},"min_items":1},"timeouts":{"nesting_mode":"single","block":{"attributes":{"create":{"type":"string","description_kind":"plain","optional":true},"delete":{"type":"string","description_kind":"plain","optional":true},"update":{"type":"string","description_kind":"plain","optional":true}},"description_kind":"plain"}}},"description_kind":"plain"}},"hcs_cfw_protection_rule":{"version":0,"block":{"attributes":{"action_type":{"type":"number","description":"The action type.","description_kind":"plain","required":true},"address_type":{"type":"number","description":"The address type.","description_kind":"plain","required":true},"description":{"type":"string","description":"The description.","description_kind":"plain","optional":true,"computed":true},"direction":{"type":"number","description":"The direction.","description_kind":"plain","optional":true,"computed":true},"id":{"type":"string","description_kind":"plain","optional":true,"computed":true},"long_connect_enable":{"type":"number","description":"Whether to support persistent connections.","description_kind":"plain","required":true},"long_connect_time_hour":{"type":"number","description":"The persistent connection duration (hour).","description_kind":"plain","optional":true,"computed":true},"long_connect_time_minute":{"type":"number","description":"The persistent connection duration (minute).","description_kind":"plain","optional":true,"computed":true},"long_connect_time_second":{"type":"number","description":"The persistent Connection Duration (second).","description_kind":"plain","optional":true,"computed":true},"name":{"type":"string","description":"The rule name.","description_kind":"plain","required":true},"object_id":{"type":"string","description":"The protected object ID","description_kind":"plain","required":true},"region":{"type":"string","description_kind":"plain","optional":true,"computed":true},"status":{"type":"number","description":"The rule status.","description_kind":"plain","required":true},"type":{"type":"number","description":"The rule type.","description_kind":"plain","required":true}},"block_types":{"destination":{"nesting_mode":"list","block":{"attributes":{"address":{"type":"string","description":"The IP address.","description_kind":"plain","optional":true,"computed":true},"address_set_id":{"type":"string","description":"The ID of the associated IP address group.","description_kind":"plain","optional":true,"computed":true},"address_set_name":{"type":"string","description":"The IP address group name.","description_kind":"plain","optional":true,"computed":true},"address_type":{"type":"number","description":"The address type.","description_kind":"plain","optional":true,"computed":true},"domain_address_name":{"type":"string","description":"The name of the domain name address.","description_kind":"plain","optional":true,"computed":true},"type":{"type":"number","description":"The Source type.","description_kind":"plain","required":true}},"description":"The destination configuration.","description_kind":"plain"},"min_items":1,"max_items":1},"sequence":{"nesting_mode":"list","block":{"attributes":{"dest_rule_id":{"type":"string","description":"The ID of the rule that the added rule will follow.","description_kind":"plain","optional":true,"computed":true},"top":{"type":"number","description":"Whether to pin on top.","description_kind":"plain","optional":true,"computed":true}},"description":"The sequence configuration.","description_kind":"plain"},"min_items":1,"max_items":1},"service":{"nesting_mode":"list","block":{"attributes":{"dest_port":{"type":"string","description":"The destination port.","description_kind":"plain","optional":true,"computed":true},"protocol":{"type":"number","description":"The protocol type.","description_kind":"plain","optional":true,"computed":true},"service_set_id":{"type":"string","description":"The service group ID.","description_kind":"plain","optional":true,"computed":true},"service_set_name":{"type":"string","description":"The service group name.","description_kind":"plain","optional":true,"computed":true},"source_port":{"type":"string","description":"The source port.","description_kind":"plain","optional":true,"computed":true},"type":{"type":"number","description":"The service input type.","description_kind":"plain","required":true}},"description":"The service configuration.","description_kind":"plain"},"min_items":1,"max_items":1},"source":{"nesting_mode":"list","block":{"attributes":{"address":{"type":"string","description":"The IP address.","description_kind":"plain","optional":true,"computed":true},"address_set_id":{"type":"string","description":"The ID of the associated IP address group.","description_kind":"plain","optional":true,"computed":true},"address_set_name":{"type":"string","description":"The IP address group name.","description_kind":"plain","optional":true,"computed":true},"address_type":{"type":"number","description":"The address type.","description_kind":"plain","optional":true,"computed":true},"domain_address_name":{"type":"string","description":"The name of the domain name address.","description_kind":"plain","optional":true,"computed":true},"type":{"type":"number","description":"The Source type.","description_kind":"plain","required":true}},"description":"The source configuration.","description_kind":"plain"},"min_items":1,"max_items":1}},"description_kind":"plain"}},"hcs_cfw_service_group":{"version":0,"block":{"attributes":{"description":{"type":"string","description":"Specifies the service group description.","description_kind":"plain","optional":true,"computed":true},"id":{"type":"string","description_kind":"plain","optional":true,"computed":true},"name":{"type":"string","description":"Specifies the service group name.","description_kind":"plain","required":true},"object_id":{"type":"string","description":"Specifies the protected object ID.","description_kind":"plain","required":true},"region":{"type":"string","description_kind":"plain","optional":true,"computed":true}},"description_kind":"plain"}},"hcs_cfw_service_group_member":{"version":0,"block":{"attributes":{"description":{"type":"string","description":"Specifies the service member description.","description_kind":"plain","optional":true,"computed":true},"dest_port":{"type":"string","description":"Specifies the destination port.","description_kind":"plain","required":true},"group_id":{"type":"string","description":"Specifies the ID of the service group.","description_kind":"plain","required":true},"id":{"type":"string","description_kind":"plain","optional":true,"computed":true},"name":{"type":"string","description":"Specifies the service member name","description_kind":"plain","optional":true,"computed":true},"protocol":{"type":"number","description":"Specifies the protocol type.","description_kind":"plain","required":true},"region":{"type":"string","description_kind":"plain","optional":true,"computed":true},"source_port":{"type":"string","description":"Specifies the source port.source_port","description_kind":"plain","required":true}},"description_kind":"plain"}},"hcs_dns_recordset":{"version":0,"block":{"attributes":{"description":{"type":"string","description":"Specifies the description of the record set.","description_kind":"plain","optional":true,"computed":true},"id":{"type":"string","description_kind":"plain","optional":true,"computed":true},"name":{"type":"string","description":"Specifies the name of the record set. The name suffixed with a zone name, which is a\ncomplete host name ended with a dot.","description_kind":"plain","required":true},"records":{"type":["list","string"],"description":"Specifies an array of DNS records. The value rules vary depending on the record set type.","description_kind":"plain","required":true},"region":{"type":"string","description_kind":"plain","optional":true,"computed":true},"status":{"type":"string","description":"Specifies the status of the record set.","description_kind":"plain","optional":true},"tags":{"type":["map","string"],"description_kind":"plain","optional":true},"ttl":{"type":"number","description":"Specifies the time to live (TTL) of the record set (in seconds).","description_kind":"plain","optional":true},"type":{"type":"string","description":"Specifies the type of the record set.","description_kind":"plain","required":true},"zone_id":{"type":"string","description":"Specifies the zone ID.","description_kind":"plain","required":true},"zone_name":{"type":"string","description":"The zone name of the record set.","description_kind":"plain","computed":true}},"block_types":{"timeouts":{"nesting_mode":"single","block":{"attributes":{"create":{"type":"string","description_kind":"plain","optional":true},"delete":{"type":"string","description_kind":"plain","optional":true},"update":{"type":"string","description_kind":"plain","optional":true}},"description_kind":"plain"}}},"description_kind":"plain"}},"hcs_dns_zone":{"version":0,"block":{"attributes":{"description":{"type":"string","description_kind":"plain","optional":true},"email":{"type":"string","description_kind":"plain","optional":true,"computed":true},"id":{"type":"string","description_kind":"plain","optional":true,"computed":true},"masters":{"type":["set","string"],"description_kind":"plain","computed":true},"name":{"type":"string","description_kind":"plain","required":true},"region":{"type":"string","description_kind":"plain","optional":true,"computed":true},"ttl":{"type":"number","description_kind":"plain","optional":true},"zone_type":{"type":"string","description_kind":"plain","optional":true}},"block_types":{"router":{"nesting_mode":"set","block":{"attributes":{"router_id":{"type":"string","description_kind":"plain","required":true},"router_region":{"type":"string","description_kind":"plain","optional":true}},"description_kind":"plain"}},"timeouts":{"nesting_mode":"single","block":{"attributes":{"create":{"type":"string","description_kind":"plain","optional":true},"delete":{"type":"string","description_kind":"plain","optional":true},"update":{"type":"string","description_kind":"plain","optional":true}},"description_kind":"plain"}}},"description_kind":"plain"}},"hcs_dws_alarm_subscription":{"version":0,"block":{"attributes":{"alarm_level":{"type":"string","description":"The level of alarm. separate multiple alarm levels with commas (,).\n","description_kind":"plain","optional":true,"computed":true},"enable":{"type":"number","description":"whether the alarm subscription is enabled.","description_kind":"plain","required":true},"id":{"type":"string","description_kind":"plain","optional":true,"computed":true},"name":{"type":"string","description":"The name of the alarm subscription.","description_kind":"plain","required":true},"notification_target":{"type":"string","description":"The notification target.","description_kind":"plain","required":true},"notification_target_name":{"type":"string","description":"The name of notification target.","description_kind":"plain","required":true},"notification_target_type":{"type":"string","description":"The type of notification target. Currently only **SMN** is supported.","description_kind":"plain","required":true},"region":{"type":"string","description_kind":"plain","optional":true,"computed":true},"time_zone":{"type":"string","description":"The time_zone of the alarm subscription.","description_kind":"plain","required":true}},"description_kind":"plain"}},"hcs_dws_cluster":{"version":0,"block":{"attributes":{"availability_zone":{"type":"string","description":"The availability zone in which to create the cluster instance. ","description_kind":"plain","required":true},"created":{"type":"string","description":"The creation time of the cluster.","description_kind":"plain","computed":true},"dss_pool_id":{"type":"string","description":"Dedicated storage pool ID.","description_kind":"plain","optional":true,"computed":true},"endpoints":{"type":["list",["object",{"connect_info":"string","jdbc_url":"string"}]],"description":"Private network connection information about the cluster.","description_kind":"plain","computed":true},"enterprise_project_id":{"type":"string","description":"The enterprise project ID.","description_kind":"plain","optional":true,"computed":true},"id":{"type":"string","description_kind":"plain","optional":true,"computed":true},"keep_last_manual_snapshot":{"type":"number","description":"The number of latest manual snapshots that need to be retained when deleting the cluster.","description_kind":"plain","optional":true},"kms_key_id":{"type":"string","description":"The KMS key ID.","description_kind":"plain","optional":true,"computed":true},"maintain_window":{"type":["list",["object",{"day":"string","end_time":"string","start_time":"string"}]],"description":"Cluster maintenance window.","description_kind":"plain","computed":true},"name":{"type":"string","description":"The cluster name.","description_kind":"plain","required":true},"network_id":{"type":"string","description":"The subnet ID.","description_kind":"plain","required":true},"node_type":{"type":"string","description":"The flavor of the cluster.","description_kind":"plain","required":true},"number_of_cn":{"type":"number","description":"schema: Required","description_kind":"plain","optional":true},"number_of_node":{"type":"number","description":"Number of nodes in a cluster.","description_kind":"plain","required":true},"port":{"type":"number","description":"Service port of a cluster (8000 to 10000). The default value is 8000.","description_kind":"plain","optional":true},"private_ip":{"type":["list","string"],"description":"List of private network IP addresses.","description_kind":"plain","computed":true},"public_endpoints":{"type":["list",["object",{"jdbc_url":"string","public_connect_info":"string"}]],"description":"Public network connection information about the cluster.","description_kind":"plain","computed":true},"recent_event":{"type":"number","description_kind":"plain","computed":true},"region":{"type":"string","description_kind":"plain","optional":true,"computed":true},"security_group_id":{"type":"string","description":"The security group ID.","description_kind":"plain","required":true},"status":{"type":"string","description":"The cluster status.","description_kind":"plain","computed":true},"sub_status":{"type":"string","description":"Sub-status of clusters in the AVAILABLE state.","description_kind":"plain","computed":true},"tags":{"type":["map","string"],"description":"The key/value pairs to associate with the cluster.","description_kind":"plain","optional":true,"computed":true},"task_status":{"type":"string","description":"Cluster management task.","description_kind":"plain","computed":true},"updated":{"type":"string","description":"The updated time of the cluster.","description_kind":"plain","computed":true},"user_name":{"type":"string","description":"Administrator username for logging in to a data warehouse cluster.","description_kind":"plain","required":true},"user_pwd":{"type":"string","description":"Administrator password for logging in to a data warehouse cluster.","description_kind":"plain","required":true,"sensitive":true},"version":{"type":"string","description":"schema: Required","description_kind":"plain","optional":true,"computed":true},"vpc_id":{"type":"string","description":"The VPC ID.","description_kind":"plain","required":true}},"block_types":{"public_ip":{"nesting_mode":"list","block":{"attributes":{"eip_id":{"type":"string","description":"The EIP ID.","description_kind":"plain","optional":true,"computed":true},"public_bind_type":{"type":"string","description":"The bind type of public IP.","description_kind":"plain","optional":true,"computed":true}},"description_kind":"plain"},"max_items":1},"timeouts":{"nesting_mode":"single","block":{"attributes":{"create":{"type":"string","description_kind":"plain","optional":true},"delete":{"type":"string","description_kind":"plain","optional":true},"update":{"type":"string","description_kind":"plain","optional":true}},"description_kind":"plain"}},"volume":{"nesting_mode":"list","block":{"attributes":{"capacity":{"type":"string","description":"The capacity size, in GB.","description_kind":"plain","optional":true,"computed":true},"type":{"type":"string","description":"The volume type.","description_kind":"plain","optional":true,"computed":true}},"description":"schema: Required","description_kind":"plain"},"max_items":1}},"description_kind":"plain"}},"hcs_dws_event_subscription":{"version":0,"block":{"attributes":{"category":{"type":"string","description":"The category of source event.","description_kind":"plain","optional":true,"computed":true},"enable":{"type":"string","description":"whether the event subscription is enabled.","description_kind":"plain","required":true},"id":{"type":"string","description_kind":"plain","optional":true,"computed":true},"name":{"type":"string","description":"The name of the event subscription.","description_kind":"plain","required":true},"notification_target":{"type":"string","description":"The notification target.","description_kind":"plain","required":true},"notification_target_name":{"type":"string","description":"The name of notification target.","description_kind":"plain","required":true},"notification_target_type":{"type":"string","description":"The type of notification target. Currently only **SMN** is supported.","description_kind":"plain","required":true},"region":{"type":"string","description_kind":"plain","optional":true,"computed":true},"severity":{"type":"string","description":"The severity of source event.","description_kind":"plain","optional":true,"computed":true},"source_id":{"type":"string","description":"ID of source event.","description_kind":"plain","optional":true,"computed":true},"source_type":{"type":"string","description":"The type of source event.","description_kind":"plain","optional":true,"computed":true},"time_zone":{"type":"string","description":"The time_zone of the event subscription.","description_kind":"plain","optional":true,"computed":true}},"description_kind":"plain"}},"hcs_dws_ext_data_source":{"version":0,"block":{"attributes":{"cluster_id":{"type":"string","description_kind":"plain","required":true},"configure_status":{"type":"string","description":"The configure status of the external data source.","description_kind":"plain","computed":true},"connect_info":{"type":"string","description":"The connection information of the external data source. It is mandatory when **type** is **OBS**.","description_kind":"plain","optional":true,"computed":true},"created_at":{"type":"string","description":"The creation time of the external data source.","description_kind":"plain","computed":true},"data_source_id":{"type":"string","description":"ID of the external data source. It is mandatory when **type** is **MRS**.","description_kind":"plain","optional":true,"computed":true},"description":{"type":"string","description":"The description of the external data source.","description_kind":"plain","optional":true,"computed":true},"id":{"type":"string","description_kind":"plain","optional":true,"computed":true},"name":{"type":"string","description":"The name of the external data source.","description_kind":"plain","required":true},"reboot":{"type":"bool","description":"Whether to reboot the cluster.","description_kind":"plain","optional":true},"region":{"type":"string","description_kind":"plain","optional":true,"computed":true},"status":{"type":"string","description":"The status of the external data source.","description_kind":"plain","computed":true},"type":{"type":"string","description":"The type of the external data source.","description_kind":"plain","required":true},"updated_at":{"type":"string","description":"The updated time of the external data source.","description_kind":"plain","computed":true},"user_name":{"type":"string","description":"The user name of the external data source.","description_kind":"plain","required":true},"user_pwd":{"type":"string","description":"The password of the external data source. It is mandatory when **type** is **MRS**.","description_kind":"plain","optional":true,"sensitive":true}},"block_types":{"timeouts":{"nesting_mode":"single","block":{"attributes":{"create":{"type":"string","description_kind":"plain","optional":true},"delete":{"type":"string","description_kind":"plain","optional":true},"update":{"type":"string","description_kind":"plain","optional":true}},"description_kind":"plain"}}},"description_kind":"plain"}},"hcs_dws_snapshot":{"version":0,"block":{"attributes":{"cluster_id":{"type":"string","description":"ID of the cluster for which you want to create a snapshot.","description_kind":"plain","required":true},"description":{"type":"string","description":"Snapshot description.","description_kind":"plain","optional":true,"computed":true},"finished_at":{"type":"string","description":"Time when a snapshot is complete.","description_kind":"plain","computed":true},"id":{"type":"string","description_kind":"plain","optional":true,"computed":true},"name":{"type":"string","description":"Snapshot name.","description_kind":"plain","required":true},"region":{"type":"string","description_kind":"plain","optional":true,"computed":true},"size":{"type":"number","description":"Snapshot size, in GB.","description_kind":"plain","computed":true},"started_at":{"type":"string","description":"Time when a snapshot starts to be created.","description_kind":"plain","computed":true},"status":{"type":"string","description":"Snapshot status.","description_kind":"plain","computed":true},"type":{"type":"string","description":"Snapshot type.","description_kind":"plain","computed":true}},"block_types":{"timeouts":{"nesting_mode":"single","block":{"attributes":{"create":{"type":"string","description_kind":"plain","optional":true}},"description_kind":"plain"}}},"description_kind":"plain"}},"hcs_dws_snapshot_policy":{"version":0,"block":{"attributes":{"cluster_id":{"type":"string","description":"The cluster ID of which the automated snapshot policy belongs to.","description_kind":"plain","required":true},"id":{"type":"string","description_kind":"plain","optional":true,"computed":true},"name":{"type":"string","description":"The name of the automated snapshot policy.","description_kind":"plain","required":true},"region":{"type":"string","description_kind":"plain","optional":true,"computed":true},"strategy":{"type":"string","description":"The strategy of the automated snapshot policy.","description_kind":"plain","required":true},"type":{"type":"string","description":"The type of the automated snapshot policy.","description_kind":"plain","required":true}},"description_kind":"plain"}},"hcs_ecs_compute_eip_associate":{"version":0,"block":{"attributes":{"bandwidth_id":{"type":"string","description_kind":"plain","optional":true},"fixed_ip":{"type":"string","description_kind":"plain","optional":true,"computed":true},"id":{"type":"string","description_kind":"plain","optional":true,"computed":true},"instance_id":{"type":"string","description_kind":"plain","required":true},"port_id":{"type":"string","description_kind":"plain","computed":true},"public_ip":{"type":"string","description_kind":"plain","optional":true},"region":{"type":"string","description_kind":"plain","optional":true,"computed":true}},"block_types":{"timeouts":{"nesting_mode":"single","block":{"attributes":{"create":{"type":"string","description_kind":"plain","optional":true}},"description_kind":"plain"}}},"description_kind":"plain"}},"hcs_ecs_compute_instance":{"version":0,"block":{"attributes":{"access_ip_v4":{"type":"string","description_kind":"plain","computed":true},"access_ip_v6":{"type":"string","description_kind":"plain","computed":true},"admin_pass":{"type":"string","description_kind":"plain","optional":true,"sensitive":true},"availability_zone":{"type":"string","description_kind":"plain","optional":true,"computed":true},"created_at":{"type":"string","description_kind":"plain","computed":true},"delete_disks_on_termination":{"type":"bool","description_kind":"plain","optional":true},"delete_eip_on_termination":{"type":"bool","description_kind":"plain","optional":true},"description":{"type":"string","description_kind":"plain","optional":true,"computed":true},"eip_id":{"type":"string","description_kind":"plain","optional":true},"eip_type":{"type":"string","description_kind":"plain","optional":true},"enterprise_project_id":{"type":"string","description_kind":"plain","optional":true,"computed":true},"flavor_id":{"type":"string","description":"schema: Required","description_kind":"plain","optional":true,"computed":true},"flavor_name":{"type":"string","description":"schema: Computed","description_kind":"plain","optional":true,"computed":true},"id":{"type":"string","description_kind":"plain","optional":true,"computed":true},"image_id":{"type":"string","description_kind":"plain","optional":true,"computed":true},"image_name":{"type":"string","description_kind":"plain","optional":true,"computed":true},"key_pair":{"type":"string","description_kind":"plain","optional":true},"name":{"type":"string","description_kind":"plain","required":true},"private_key":{"type":"string","description_kind":"plain","optional":true,"sensitive":true},"public_ip":{"type":"string","description_kind":"plain","computed":true},"region":{"type":"string","description_kind":"plain","optional":true,"computed":true},"security_group_ids":{"type":["set","string"],"description_kind":"plain","optional":true,"computed":true},"security_groups":{"type":["set","string"],"description":"schema: Computed","description_kind":"plain","optional":true,"computed":true},"status":{"type":"string","description_kind":"plain","computed":true},"system_disk_id":{"type":"string","description_kind":"plain","computed":true},"system_disk_size":{"type":"number","description_kind":"plain","optional":true,"computed":true},"system_disk_type":{"type":"string","description_kind":"plain","optional":true,"computed":true},"tags":{"type":["map","string"],"description_kind":"plain","optional":true},"updated_at":{"type":"string","description_kind":"plain","computed":true},"user_data":{"type":"string","description_kind":"plain","optional":true},"user_id":{"type":"string","description_kind":"plain","optional":true},"volume_attached":{"type":["list",["object",{"boot_index":"number","kms_key_id":"string","pci_address":"string","size":"number","type":"string","volume_id":"string"}]],"description_kind":"plain","computed":true}},"block_types":{"bandwidth":{"nesting_mode":"list","block":{"attributes":{"charge_mode":{"type":"string","description_kind":"plain","optional":true},"id":{"type":"string","description_kind":"plain","optional":true},"share_type":{"type":"string","description_kind":"plain","required":true},"size":{"type":"number","description_kind":"plain","optional":true}},"description_kind":"plain"},"max_items":1},"data_disks":{"nesting_mode":"list","block":{"attributes":{"kms_key_id":{"type":"string","description_kind":"plain","optional":true},"size":{"type":"number","description_kind":"plain","required":true},"snapshot_id":{"type":"string","description_kind":"plain","optional":true},"type":{"type":"string","description_kind":"plain","required":true}},"description_kind":"plain"},"max_items":23},"network":{"nesting_mode":"list","block":{"attributes":{"access_network":{"type":"bool","description_kind":"plain","optional":true},"fixed_ip_v4":{"type":"string","description_kind":"plain","optional":true,"computed":true},"fixed_ip_v6":{"type":"string","description":"schema: Computed","description_kind":"plain","optional":true,"computed":true},"ipv6_enable":{"type":"bool","description_kind":"plain","optional":true},"mac":{"type":"string","description_kind":"plain","computed":true},"port":{"type":"string","description":"schema: Computed","description_kind":"plain","optional":true,"computed":true},"source_dest_check":{"type":"bool","description_kind":"plain","optional":true},"uuid":{"type":"string","description":"schema: Required","description_kind":"plain","optional":true,"computed":true}},"description_kind":"plain"},"min_items":1,"max_items":12},"scheduler_hints":{"nesting_mode":"set","block":{"attributes":{"deh_id":{"type":"string","description_kind":"plain","optional":true},"fault_domain":{"type":"string","description":"schema: Internal","description_kind":"plain","optional":true},"group":{"type":"string","description_kind":"plain","optional":true,"computed":true},"tenancy":{"type":"string","description_kind":"plain","optional":true}},"description_kind":"plain"}},"timeouts":{"nesting_mode":"single","block":{"attributes":{"create":{"type":"string","description_kind":"plain","optional":true},"delete":{"type":"string","description_kind":"plain","optional":true},"update":{"type":"string","description_kind":"plain","optional":true}},"description_kind":"plain"}}},"description_kind":"plain"}},"hcs_ecs_compute_interface_attach":{"version":0,"block":{"attributes":{"fixed_ip":{"type":"string","description_kind":"plain","optional":true,"computed":true},"id":{"type":"string","description_kind":"plain","optional":true,"computed":true},"instance_id":{"type":"string","description_kind":"plain","required":true},"mac":{"type":"string","description_kind":"plain","computed":true},"network_id":{"type":"string","description_kind":"plain","optional":true,"computed":true},"port_id":{"type":"string","description_kind":"plain","optional":true,"computed":true},"region":{"type":"string","description_kind":"plain","optional":true,"computed":true},"source_dest_check":{"type":"bool","description_kind":"plain","optional":true}},"block_types":{"timeouts":{"nesting_mode":"single","block":{"attributes":{"create":{"type":"string","description_kind":"plain","optional":true},"delete":{"type":"string","description_kind":"plain","optional":true}},"description_kind":"plain"}}},"description_kind":"plain"}},"hcs_ecs_compute_keypair":{"version":0,"block":{"attributes":{"id":{"type":"string","description_kind":"plain","optional":true,"computed":true},"key_file":{"type":"string","description_kind":"plain","optional":true,"computed":true},"name":{"type":"string","description_kind":"plain","required":true},"public_key":{"type":"string","description_kind":"plain","optional":true,"computed":true},"region":{"type":"string","description_kind":"plain","optional":true,"computed":true}},"description_kind":"plain"}},"hcs_ecs_compute_server_group":{"version":0,"block":{"attributes":{"id":{"type":"string","description_kind":"plain","optional":true,"computed":true},"members":{"type":["set","string"],"description_kind":"plain","optional":true,"computed":true},"name":{"type":"string","description_kind":"plain","required":true},"policies":{"type":["list","string"],"description":"schema: Required","description_kind":"plain","optional":true},"region":{"type":"string","description_kind":"plain","optional":true,"computed":true}},"description_kind":"plain"}},"hcs_ecs_compute_volume_attach":{"version":0,"block":{"attributes":{"device":{"type":"string","description_kind":"plain","optional":true,"computed":true},"id":{"type":"string","description_kind":"plain","optional":true,"computed":true},"instance_id":{"type":"string","description_kind":"plain","required":true},"pci_address":{"type":"string","description_kind":"plain","computed":true},"region":{"type":"string","description_kind":"plain","optional":true,"computed":true},"volume_id":{"type":"string","description_kind":"plain","required":true}},"block_types":{"timeouts":{"nesting_mode":"single","block":{"attributes":{"create":{"type":"string","description_kind":"plain","optional":true},"delete":{"type":"string","description_kind":"plain","optional":true}},"description_kind":"plain"}}},"description_kind":"plain"}},"hcs_elb_certificate":{"version":0,"block":{"attributes":{"certificate":{"type":"string","description_kind":"plain","required":true},"create_time":{"type":"string","description_kind":"plain","computed":true},"description":{"type":"string","description_kind":"plain","optional":true},"domain":{"type":"string","description_kind":"plain","optional":true},"expire_time":{"type":"string","description_kind":"plain","computed":true},"id":{"type":"string","description_kind":"plain","optional":true,"computed":true},"name":{"type":"string","description_kind":"plain","optional":true},"private_key":{"type":"string","description_kind":"plain","optional":true},"region":{"type":"string","description_kind":"plain","optional":true,"computed":true},"type":{"type":"string","description_kind":"plain","optional":true},"update_time":{"type":"string","description_kind":"plain","computed":true}},"description_kind":"plain"}},"hcs_elb_l7policy":{"version":0,"block":{"attributes":{"action":{"type":"string","description_kind":"plain","optional":true},"description":{"type":"string","description_kind":"plain","optional":true},"id":{"type":"string","description_kind":"plain","optional":true,"computed":true},"listener_id":{"type":"string","description_kind":"plain","required":true},"name":{"type":"string","description_kind":"plain","optional":true,"computed":true},"redirect_listener_id":{"type":"string","description_kind":"plain","optional":true,"computed":true},"redirect_pool_id":{"type":"string","description_kind":"plain","optional":true,"computed":true},"region":{"type":"string","description_kind":"plain","optional":true,"computed":true}},"block_types":{"timeouts":{"nesting_mode":"single","block":{"attributes":{"create":{"type":"string","description_kind":"plain","optional":true},"delete":{"type":"string","description_kind":"plain","optional":true},"update":{"type":"string","description_kind":"plain","optional":true}},"description_kind":"plain"}}},"description_kind":"plain"}},"hcs_elb_l7rule":{"version":0,"block":{"attributes":{"compare_type":{"type":"string","description_kind":"plain","required":true},"id":{"type":"string","description_kind":"plain","optional":true,"computed":true},"l7policy_id":{"type":"string","description_kind":"plain","required":true},"region":{"type":"string","description_kind":"plain","optional":true,"computed":true},"type":{"type":"string","description_kind":"plain","required":true},"value":{"type":"string","description_kind":"plain","required":true}},"block_types":{"timeouts":{"nesting_mode":"single","block":{"attributes":{"delete":{"type":"string","description_kind":"plain","optional":true},"update":{"type":"string","description_kind":"plain","optional":true}},"description_kind":"plain"}}},"description_kind":"plain"}},"hcs_elb_listener":{"version":0,"block":{"attributes":{"access_policy":{"type":"string","description_kind":"plain","optional":true},"advanced_forwarding_enabled":{"type":"bool","description_kind":"plain","optional":true,"computed":true},"ca_certificate":{"type":"string","description_kind":"plain","optional":true},"default_pool_id":{"type":"string","description_kind":"plain","optional":true,"computed":true},"description":{"type":"string","description_kind":"plain","optional":true},"http2_enable":{"type":"bool","description_kind":"plain","optional":true},"id":{"type":"string","description_kind":"plain","optional":true,"computed":true},"idle_timeout":{"type":"number","description_kind":"plain","optional":true,"computed":true},"ip_group":{"type":"string","description_kind":"plain","optional":true},"loadbalancer_id":{"type":"string","description_kind":"plain","required":true},"name":{"type":"string","description_kind":"plain","optional":true,"computed":true},"protocol":{"type":"string","description_kind":"plain","required":true},"protocol_port":{"type":"number","description_kind":"plain","required":true},"region":{"type":"string","description_kind":"plain","optional":true,"computed":true},"request_timeout":{"type":"number","description_kind":"plain","optional":true,"computed":true},"response_timeout":{"type":"number","description_kind":"plain","optional":true,"computed":true},"server_certificate":{"type":"string","description_kind":"plain","optional":true},"sni_certificate":{"type":["list","string"],"description_kind":"plain","optional":true},"tags":{"type":["map","string"],"description_kind":"plain","optional":true},"tls_ciphers_policy":{"type":"string","description_kind":"plain","optional":true,"computed":true}},"block_types":{"timeouts":{"nesting_mode":"single","block":{"attributes":{"create":{"type":"string","description_kind":"plain","optional":true},"delete":{"type":"string","description_kind":"plain","optional":true},"update":{"type":"string","description_kind":"plain","optional":true}},"description_kind":"plain"}}},"description_kind":"plain"}},"hcs_elb_loadbalancer":{"version":0,"block":{"attributes":{"auto_pay":{"type":"string","description_kind":"plain","deprecated":true,"optional":true},"auto_renew":{"type":"string","description_kind":"plain","optional":true},"autoscaling_enabled":{"type":"bool","description_kind":"plain","optional":true,"computed":true},"availability_zone":{"type":["list","string"],"description_kind":"plain","optional":true},"bandwidth_charge_mode":{"type":"string","description_kind":"plain","optional":true,"computed":true},"bandwidth_size":{"type":"number","description_kind":"plain","optional":true,"computed":true},"charging_mode":{"type":"string","description_kind":"plain","optional":true,"computed":true},"cross_vpc_backend":{"type":"bool","description_kind":"plain","optional":true,"computed":true},"description":{"type":"string","description_kind":"plain","optional":true},"id":{"type":"string","description_kind":"plain","optional":true,"computed":true},"iptype":{"type":"string","description_kind":"plain","optional":true,"computed":true},"ipv4_address":{"type":"string","description_kind":"plain","optional":true,"computed":true},"ipv4_eip":{"type":"string","description_kind":"plain","computed":true},"ipv4_eip_id":{"type":"string","description_kind":"plain","optional":true,"computed":true},"ipv4_subnet_id":{"type":"string","description":"the IPv4 subnet ID of the subnet where the load balancer resides","description_kind":"plain","optional":true},"ipv6_address":{"type":"string","description_kind":"plain","computed":true},"ipv6_bandwidth_id":{"type":"string","description_kind":"plain","optional":true},"ipv6_eip":{"type":"string","description_kind":"plain","computed":true},"ipv6_eip_id":{"type":"string","description_kind":"plain","computed":true},"ipv6_network_id":{"type":"string","description":"the ID of the subnet where the load balancer resides","description_kind":"plain","optional":true},"l4_flavor_id":{"type":"string","description_kind":"plain","optional":true,"computed":true},"l7_flavor_id":{"type":"string","description_kind":"plain","optional":true,"computed":true},"min_l7_flavor_id":{"type":"string","description_kind":"plain","optional":true,"computed":true},"name":{"type":"string","description_kind":"plain","required":true},"period":{"type":"number","description_kind":"plain","optional":true},"period_unit":{"type":"string","description_kind":"plain","optional":true},"region":{"type":"string","description_kind":"plain","optional":true,"computed":true},"sharetype":{"type":"string","description_kind":"plain","optional":true,"computed":true},"tags":{"type":["map","string"],"description_kind":"plain","optional":true},"vpc_id":{"type":"string","description_kind":"plain","optional":true,"computed":true}},"block_types":{"timeouts":{"nesting_mode":"single","block":{"attributes":{"create":{"type":"string","description_kind":"plain","optional":true},"delete":{"type":"string","description_kind":"plain","optional":true},"update":{"type":"string","description_kind":"plain","optional":true}},"description_kind":"plain"}}},"description_kind":"plain"}},"hcs_elb_member":{"version":0,"block":{"attributes":{"address":{"type":"string","description_kind":"plain","required":true},"id":{"type":"string","description_kind":"plain","optional":true,"computed":true},"name":{"type":"string","description_kind":"plain","optional":true},"pool_id":{"type":"string","description_kind":"plain","required":true},"protocol_port":{"type":"number","description_kind":"plain","required":true},"region":{"type":"string","description_kind":"plain","optional":true,"computed":true},"subnet_id":{"type":"string","description":"The IPv4 or IPv6 subnet ID of the subnet in which to access the member","description_kind":"plain","optional":true},"weight":{"type":"number","description_kind":"plain","optional":true,"computed":true}},"block_types":{"timeouts":{"nesting_mode":"single","block":{"attributes":{"create":{"type":"string","description_kind":"plain","optional":true},"delete":{"type":"string","description_kind":"plain","optional":true},"update":{"type":"string","description_kind":"plain","optional":true}},"description_kind":"plain"}}},"description_kind":"plain"}},"hcs_elb_monitor":{"version":0,"block":{"attributes":{"domain_name":{"type":"string","description_kind":"plain","optional":true},"id":{"type":"string","description_kind":"plain","optional":true,"computed":true},"interval":{"type":"number","description_kind":"plain","required":true},"max_retries":{"type":"number","description_kind":"plain","required":true},"pool_id":{"type":"string","description_kind":"plain","required":true},"port":{"type":"number","description_kind":"plain","optional":true},"protocol":{"type":"string","description_kind":"plain","required":true},"region":{"type":"string","description_kind":"plain","optional":true,"computed":true},"timeout":{"type":"number","description_kind":"plain","required":true},"url_path":{"type":"string","description_kind":"plain","optional":true,"computed":true}},"description_kind":"plain"}},"hcs_elb_pool":{"version":0,"block":{"attributes":{"description":{"type":"string","description_kind":"plain","optional":true},"id":{"type":"string","description_kind":"plain","optional":true,"computed":true},"lb_method":{"type":"string","description_kind":"plain","required":true},"listener_id":{"type":"string","description_kind":"plain","optional":true,"computed":true},"loadbalancer_id":{"type":"string","description_kind":"plain","optional":true,"computed":true},"name":{"type":"string","description_kind":"plain","optional":true},"protocol":{"type":"string","description_kind":"plain","required":true},"region":{"type":"string","description_kind":"plain","optional":true,"computed":true}},"block_types":{"persistence":{"nesting_mode":"list","block":{"attributes":{"cookie_name":{"type":"string","description_kind":"plain","optional":true},"timeout":{"type":"number","description_kind":"plain","optional":true,"computed":true},"type":{"type":"string","description_kind":"plain","required":true}},"description_kind":"plain"}},"timeouts":{"nesting_mode":"single","block":{"attributes":{"create":{"type":"string","description_kind":"plain","optional":true},"delete":{"type":"string","description_kind":"plain","optional":true},"update":{"type":"string","description_kind":"plain","optional":true}},"description_kind":"plain"}}},"description_kind":"plain"}},"hcs_elb_security_policy":{"version":0,"block":{"attributes":{"ciphers":{"type":["list","string"],"description":"Specifies the cipher suite list of the security policy.","description_kind":"plain","required":true},"description":{"type":"string","description":"Specifies the description of the ELB security policy","description_kind":"plain","optional":true,"computed":true},"id":{"type":"string","description_kind":"plain","optional":true,"computed":true},"listeners":{"type":["list",["object",{"id":"string"}]],"description":"The listener which the security policy associated with.","description_kind":"plain","computed":true},"name":{"type":"string","description":"Specifies the ELB security policy name.","description_kind":"plain","optional":true,"computed":true},"protocols":{"type":["list","string"],"description":"Specifies the TSL protocol list which the security policy select.","description_kind":"plain","required":true},"region":{"type":"string","description_kind":"plain","optional":true,"computed":true}},"description_kind":"plain"}},"hcs_enterprise_project":{"version":0,"block":{"attributes":{"description":{"type":"string","description_kind":"plain","optional":true},"id":{"type":"string","description_kind":"plain","optional":true,"computed":true},"name":{"type":"string","description_kind":"plain","required":true},"project_id":{"type":"string","description_kind":"plain","required":true}},"block_types":{"timeouts":{"nesting_mode":"single","block":{"attributes":{"create":{"type":"string","description_kind":"plain","optional":true},"delete":{"type":"string","description_kind":"plain","optional":true},"update":{"type":"string","description_kind":"plain","optional":true}},"description_kind":"plain"}}},"description_kind":"plain"}},"hcs_evs_snapshot":{"version":0,"block":{"attributes":{"description":{"type":"string","description_kind":"plain","optional":true},"force":{"type":"bool","description_kind":"plain","optional":true},"id":{"type":"string","description_kind":"plain","optional":true,"computed":true},"name":{"type":"string","description_kind":"plain","required":true},"region":{"type":"string","description_kind":"plain","optional":true,"computed":true},"size":{"type":"number","description_kind":"plain","computed":true},"status":{"type":"string","description_kind":"plain","computed":true},"volume_id":{"type":"string","description_kind":"plain","required":true}},"block_types":{"timeouts":{"nesting_mode":"single","block":{"attributes":{"create":{"type":"string","description_kind":"plain","optional":true},"delete":{"type":"string","description_kind":"plain","optional":true},"update":{"type":"string","description_kind":"plain","optional":true}},"description_kind":"plain"}}},"description_kind":"plain"}},"hcs_evs_volume":{"version":0,"block":{"attributes":{"attachments":{"type":["set",["object",{"attached_at":"string","attached_mode":"string","device_name":"string","id":"string","server_id":"string"}]],"description_kind":"plain","computed":true},"availability_zone":{"type":"string","description_kind":"plain","optional":true,"computed":true},"bootable":{"type":"bool","description_kind":"plain","computed":true},"created_at":{"type":"string","description_kind":"plain","computed":true},"description":{"type":"string","description_kind":"plain","optional":true},"enterprise_project_id":{"type":"string","description_kind":"plain","optional":true,"computed":true},"id":{"type":"string","description_kind":"plain","optional":true,"computed":true},"image_id":{"type":"string","description_kind":"plain","optional":true},"metadata":{"type":["map","string"],"description_kind":"plain","optional":true,"computed":true},"multiattach":{"type":"bool","description_kind":"plain","optional":true},"name":{"type":"string","description_kind":"plain","optional":true},"region":{"type":"string","description_kind":"plain","optional":true,"computed":true},"size":{"type":"number","description_kind":"plain","required":true},"snapshot_id":{"type":"string","description_kind":"plain","optional":true},"source_vol_id":{"type":"string","description_kind":"plain","optional":true},"status":{"type":"string","description_kind":"plain","computed":true},"tags":{"type":["map","string"],"description_kind":"plain","optional":true,"computed":true},"updated_at":{"type":"string","description_kind":"plain","computed":true},"volume_type":{"type":"string","description_kind":"plain","optional":true,"computed":true},"wwn":{"type":"string","description_kind":"plain","computed":true}},"block_types":{"timeouts":{"nesting_mode":"single","block":{"attributes":{"create":{"type":"string","description_kind":"plain","optional":true},"delete":{"type":"string","description_kind":"plain","optional":true},"update":{"type":"string","description_kind":"plain","optional":true}},"description_kind":"plain"}}},"description_kind":"plain"}},"hcs_gaussdb_opengauss_instance":{"version":0,"block":{"attributes":{"auto_renew":{"type":"string","description_kind":"plain","optional":true},"availability_zone":{"type":"string","description_kind":"plain","required":true},"charging_mode":{"type":"string","description_kind":"plain","optional":true,"computed":true},"configuration_id":{"type":"string","description_kind":"plain","optional":true},"coordinator_num":{"type":"number","description_kind":"plain","optional":true},"db_user_name":{"type":"string","description_kind":"plain","computed":true},"endpoints":{"type":["list","string"],"description_kind":"plain","computed":true},"enterprise_project_id":{"type":"string","description_kind":"plain","optional":true},"flavor":{"type":"string","description_kind":"plain","required":true},"force_import":{"type":"bool","description_kind":"plain","optional":true},"id":{"type":"string","description_kind":"plain","optional":true,"computed":true},"maintenance_window":{"type":"string","description_kind":"plain","computed":true},"name":{"type":"string","description_kind":"plain","required":true},"nodes":{"type":["list",["object",{"availability_zone":"string","id":"string","name":"string","role":"string","status":"string"}]],"description_kind":"plain","computed":true},"password":{"type":"string","description_kind":"plain","required":true,"sensitive":true},"period":{"type":"number","description_kind":"plain","optional":true},"period_unit":{"type":"string","description_kind":"plain","optional":true},"port":{"type":"string","description_kind":"plain","optional":true,"computed":true},"private_ips":{"type":["list","string"],"description_kind":"plain","computed":true},"public_ips":{"type":["list","string"],"description_kind":"plain","computed":true},"region":{"type":"string","description_kind":"plain","optional":true,"computed":true},"replica_num":{"type":"number","description_kind":"plain","optional":true},"security_group_id":{"type":"string","description_kind":"plain","optional":true},"sharding_num":{"type":"number","description_kind":"plain","optional":true},"status":{"type":"string","description_kind":"plain","computed":true},"subnet_id":{"type":"string","description_kind":"plain","required":true},"switch_strategy":{"type":"string","description_kind":"plain","computed":true},"time_zone":{"type":"string","description_kind":"plain","optional":true},"type":{"type":"string","description_kind":"plain","computed":true},"vpc_id":{"type":"string","description_kind":"plain","required":true}},"block_types":{"backup_strategy":{"nesting_mode":"list","block":{"attributes":{"keep_days":{"type":"number","description_kind":"plain","optional":true},"start_time":{"type":"string","description_kind":"plain","required":true}},"description_kind":"plain"},"max_items":1},"datastore":{"nesting_mode":"list","block":{"attributes":{"engine":{"type":"string","description_kind":"plain","required":true},"version":{"type":"string","description_kind":"plain","optional":true,"computed":true}},"description_kind":"plain"},"max_items":1},"ha":{"nesting_mode":"list","block":{"attributes":{"consistency":{"type":"string","description_kind":"plain","optional":true},"mode":{"type":"string","description_kind":"plain","required":true},"replication_mode":{"type":"string","description_kind":"plain","required":true}},"description_kind":"plain"},"min_items":1,"max_items":1},"timeouts":{"nesting_mode":"single","block":{"attributes":{"create":{"type":"string","description_kind":"plain","optional":true},"delete":{"type":"string","description_kind":"plain","optional":true},"update":{"type":"string","description_kind":"plain","optional":true}},"description_kind":"plain"}},"volume":{"nesting_mode":"list","block":{"attributes":{"size":{"type":"number","description_kind":"plain","required":true},"type":{"type":"string","description_kind":"plain","required":true}},"description_kind":"plain"},"min_items":1,"max_items":1}},"description_kind":"plain"}},"hcs_ims_image":{"version":0,"block":{"attributes":{"checksum":{"type":"string","description_kind":"plain","computed":true},"data_origin":{"type":"string","description_kind":"plain","computed":true},"description":{"type":"string","description_kind":"plain","optional":true},"disk_format":{"type":"string","description_kind":"plain","computed":true},"id":{"type":"string","description_kind":"plain","optional":true,"computed":true},"image_size":{"type":"string","description_kind":"plain","computed":true},"image_url":{"type":"string","description_kind":"plain","optional":true},"instance_id":{"type":"string","description_kind":"plain","optional":true},"is_config":{"type":"bool","description_kind":"plain","optional":true},"is_config_init":{"type":"bool","description_kind":"plain","optional":true},"min_disk":{"type":"number","description_kind":"plain","optional":true},"min_ram":{"type":"number","description_kind":"plain","optional":true},"name":{"type":"string","description_kind":"plain","required":true},"os_version":{"type":"string","description_kind":"plain","optional":true,"computed":true},"status":{"type":"string","description_kind":"plain","computed":true},"visibility":{"type":"string","description_kind":"plain","computed":true}},"block_types":{"timeouts":{"nesting_mode":"single","block":{"attributes":{"create":{"type":"string","description_kind":"plain","optional":true},"delete":{"type":"string","description_kind":"plain","optional":true}},"description_kind":"plain"}}},"description_kind":"plain"}},"hcs_ims_image_share":{"version":0,"block":{"attributes":{"id":{"type":"string","description_kind":"plain","optional":true,"computed":true},"region":{"type":"string","description_kind":"plain","optional":true,"computed":true},"source_image_id":{"type":"string","description":"Specifies the ID of the source image.","description_kind":"plain","required":true},"target_project_ids":{"type":["set","string"],"description":"Specifies the IDs of the target projects.","description_kind":"plain","required":true}},"block_types":{"timeouts":{"nesting_mode":"single","block":{"attributes":{"create":{"type":"string","description_kind":"plain","optional":true},"delete":{"type":"string","description_kind":"plain","optional":true}},"description_kind":"plain"}}},"description_kind":"plain"}},"hcs_ims_image_share_accepter":{"version":0,"block":{"attributes":{"id":{"type":"string","description_kind":"plain","optional":true,"computed":true},"image_id":{"type":"string","description":"Specifies the ID of the image.","description_kind":"plain","required":true},"region":{"type":"string","description_kind":"plain","optional":true,"computed":true}},"block_types":{"timeouts":{"nesting_mode":"single","block":{"attributes":{"create":{"type":"string","description_kind":"plain","optional":true},"delete":{"type":"string","description_kind":"plain","optional":true}},"description_kind":"plain"}}},"description_kind":"plain"}},"hcs_mrs_cluster":{"version":0,"block":{"attributes":{"availability_zone":{"type":"string","description_kind":"plain","required":true},"charging_start_time":{"type":"string","description_kind":"plain","computed":true},"component_list":{"type":["set","string"],"description_kind":"plain","required":true},"create_time":{"type":"string","description_kind":"plain","computed":true},"eip_id":{"type":"string","description_kind":"plain","optional":true,"computed":true},"enterprise_project_id":{"type":"string","description_kind":"plain","optional":true,"computed":true},"id":{"type":"string","description_kind":"plain","optional":true,"computed":true},"log_collection":{"type":"bool","description_kind":"plain","optional":true},"manager_admin_pass":{"type":"string","description_kind":"plain","required":true,"sensitive":true},"master_node_ip":{"type":"string","description_kind":"plain","computed":true},"name":{"type":"string","description_kind":"plain","required":true},"node_admin_pass":{"type":"string","description_kind":"plain","optional":true,"sensitive":true},"node_key_pair":{"type":"string","description_kind":"plain","optional":true},"private_ip":{"type":"string","description_kind":"plain","computed":true},"public_ip":{"type":"string","description_kind":"plain","optional":true,"computed":true},"region":{"type":"string","description_kind":"plain","optional":true,"computed":true},"safe_mode":{"type":"bool","description_kind":"plain","optional":true},"security_group_ids":{"type":["set","string"],"description_kind":"plain","optional":true,"computed":true},"status":{"type":"string","description_kind":"plain","computed":true},"subnet_id":{"type":"string","description_kind":"plain","required":true},"tags":{"type":["map","string"],"description_kind":"plain","optional":true},"template_id":{"type":"string","description_kind":"plain","optional":true},"total_node_number":{"type":"number","description_kind":"plain","computed":true},"type":{"type":"string","description_kind":"plain","optional":true},"update_time":{"type":"string","description_kind":"plain","computed":true},"version":{"type":"string","description_kind":"plain","required":true},"vpc_id":{"type":"string","description_kind":"plain","required":true}},"block_types":{"analysis_core_nodes":{"nesting_mode":"list","block":{"attributes":{"assigned_roles":{"type":["list","string"],"description_kind":"plain","optional":true},"data_volume_count":{"type":"number","description_kind":"plain","required":true},"data_volume_size":{"type":"number","description_kind":"plain","optional":true},"data_volume_type":{"type":"string","description_kind":"plain","optional":true},"flavor":{"type":"string","description_kind":"plain","required":true},"host_ips":{"type":["list","string"],"description_kind":"plain","computed":true},"node_number":{"type":"number","description_kind":"plain","required":true},"root_volume_size":{"type":"number","description_kind":"plain","required":true},"root_volume_type":{"type":"string","description_kind":"plain","required":true}},"description_kind":"plain"},"max_items":1},"analysis_task_nodes":{"nesting_mode":"list","block":{"attributes":{"assigned_roles":{"type":["list","string"],"description_kind":"plain","optional":true},"data_volume_count":{"type":"number","description_kind":"plain","required":true},"data_volume_size":{"type":"number","description_kind":"plain","optional":true},"data_volume_type":{"type":"string","description_kind":"plain","optional":true},"flavor":{"type":"string","description_kind":"plain","required":true},"host_ips":{"type":["list","string"],"description_kind":"plain","computed":true},"node_number":{"type":"number","description_kind":"plain","required":true},"root_volume_size":{"type":"number","description_kind":"plain","required":true},"root_volume_type":{"type":"string","description_kind":"plain","required":true}},"description_kind":"plain"},"max_items":1},"bootstrap_scripts":{"nesting_mode":"set","block":{"attributes":{"active_master":{"type":"bool","description":"Whether the bootstrap action script runs only on active master nodes.","description_kind":"plain","optional":true,"computed":true},"before_component_start":{"type":"bool","description":"Whether the bootstrap action script is executed before component start.","description_kind":"plain","optional":true,"computed":true},"execute_need_sudo_root":{"type":"bool","description":"Whether the bootstrap action script involves root user operations.","description_kind":"plain","optional":true,"computed":true},"fail_action":{"type":"string","description":"The action after the bootstrap action script fails to be executed.","description_kind":"plain","required":true},"name":{"type":"string","description":"Name of a bootstrap action script.","description_kind":"plain","required":true},"nodes":{"type":["list","string"],"description":"Name of the node group where the bootstrap action script is executed.","description_kind":"plain","required":true},"parameters":{"type":"string","description":"Bootstrap action script parameters.","description_kind":"plain","optional":true},"start_time":{"type":"string","description":"The execution time of one bootstrap action script, in RFC-3339 format.","description_kind":"plain","computed":true},"state":{"type":"string","description":"The status of one bootstrap action script.","description_kind":"plain","computed":true},"uri":{"type":"string","description":"Path of a bootstrap action script. Set this parameter to an OBS bucket path or a local VM path.","description_kind":"plain","required":true}},"description_kind":"plain"}},"component_configs":{"nesting_mode":"list","block":{"attributes":{"name":{"type":"string","description_kind":"plain","required":true}},"block_types":{"configs":{"nesting_mode":"list","block":{"attributes":{"config_file_name":{"type":"string","description_kind":"plain","required":true},"key":{"type":"string","description_kind":"plain","required":true},"value":{"type":"string","description_kind":"plain","required":true}},"description_kind":"plain"},"min_items":1}},"description_kind":"plain"}},"custom_nodes":{"nesting_mode":"list","block":{"attributes":{"assigned_roles":{"type":["list","string"],"description_kind":"plain","optional":true},"data_volume_count":{"type":"number","description_kind":"plain","required":true},"data_volume_size":{"type":"number","description_kind":"plain","optional":true},"data_volume_type":{"type":"string","description_kind":"plain","optional":true},"flavor":{"type":"string","description_kind":"plain","required":true},"group_name":{"type":"string","description_kind":"plain","required":true},"host_ips":{"type":["list","string"],"description_kind":"plain","computed":true},"node_number":{"type":"number","description_kind":"plain","required":true},"root_volume_size":{"type":"number","description_kind":"plain","required":true},"root_volume_type":{"type":"string","description_kind":"plain","required":true}},"description_kind":"plain"}},"external_datasources":{"nesting_mode":"list","block":{"attributes":{"component_name":{"type":"string","description_kind":"plain","required":true},"data_connection_id":{"type":"string","description_kind":"plain","optional":true},"role_type":{"type":"string","description_kind":"plain","required":true},"source_type":{"type":"string","description_kind":"plain","required":true}},"description_kind":"plain"}},"master_nodes":{"nesting_mode":"list","block":{"attributes":{"assigned_roles":{"type":["list","string"],"description_kind":"plain","optional":true},"data_volume_count":{"type":"number","description_kind":"plain","required":true},"data_volume_size":{"type":"number","description_kind":"plain","optional":true},"data_volume_type":{"type":"string","description_kind":"plain","optional":true},"flavor":{"type":"string","description_kind":"plain","required":true},"host_ips":{"type":["list","string"],"description_kind":"plain","computed":true},"node_number":{"type":"number","description_kind":"plain","required":true},"root_volume_size":{"type":"number","description_kind":"plain","required":true},"root_volume_type":{"type":"string","description_kind":"plain","required":true}},"description_kind":"plain"},"min_items":1,"max_items":1},"streaming_core_nodes":{"nesting_mode":"list","block":{"attributes":{"assigned_roles":{"type":["list","string"],"description_kind":"plain","optional":true},"data_volume_count":{"type":"number","description_kind":"plain","required":true},"data_volume_size":{"type":"number","description_kind":"plain","optional":true},"data_volume_type":{"type":"string","description_kind":"plain","optional":true},"flavor":{"type":"string","description_kind":"plain","required":true},"host_ips":{"type":["list","string"],"description_kind":"plain","computed":true},"node_number":{"type":"number","description_kind":"plain","required":true},"root_volume_size":{"type":"number","description_kind":"plain","required":true},"root_volume_type":{"type":"string","description_kind":"plain","required":true}},"description_kind":"plain"},"max_items":1},"streaming_task_nodes":{"nesting_mode":"list","block":{"attributes":{"assigned_roles":{"type":["list","string"],"description_kind":"plain","optional":true},"data_volume_count":{"type":"number","description_kind":"plain","required":true},"data_volume_size":{"type":"number","description_kind":"plain","optional":true},"data_volume_type":{"type":"string","description_kind":"plain","optional":true},"flavor":{"type":"string","description_kind":"plain","required":true},"host_ips":{"type":["list","string"],"description_kind":"plain","computed":true},"node_number":{"type":"number","description_kind":"plain","required":true},"root_volume_size":{"type":"number","description_kind":"plain","required":true},"root_volume_type":{"type":"string","description_kind":"plain","required":true}},"description_kind":"plain"},"max_items":1},"timeouts":{"nesting_mode":"single","block":{"attributes":{"create":{"type":"string","description_kind":"plain","optional":true},"delete":{"type":"string","description_kind":"plain","optional":true},"update":{"type":"string","description_kind":"plain","optional":true}},"description_kind":"plain"}}},"description_kind":"plain"}},"hcs_mrs_job":{"version":0,"block":{"attributes":{"cluster_id":{"type":"string","description_kind":"plain","required":true},"finish_time":{"type":"string","description_kind":"plain","computed":true},"id":{"type":"string","description_kind":"plain","optional":true,"computed":true},"name":{"type":"string","description_kind":"plain","required":true},"parameters":{"type":"string","description_kind":"plain","optional":true},"program_parameters":{"type":["map","string"],"description_kind":"plain","optional":true},"program_path":{"type":"string","description_kind":"plain","optional":true},"region":{"type":"string","description_kind":"plain","optional":true,"computed":true},"service_parameters":{"type":["map","string"],"description_kind":"plain","optional":true},"sql":{"type":"string","description_kind":"plain","optional":true},"start_time":{"type":"string","description_kind":"plain","computed":true},"status":{"type":"string","description_kind":"plain","computed":true},"submit_time":{"type":"string","description_kind":"plain","computed":true},"type":{"type":"string","description_kind":"plain","required":true}},"block_types":{"timeouts":{"nesting_mode":"single","block":{"attributes":{"create":{"type":"string","description_kind":"plain","optional":true}},"description_kind":"plain"}}},"description_kind":"plain"}},"hcs_nat_dnat_rule":{"version":0,"block":{"attributes":{"created_at":{"type":"string","description":"The creation time of the DNAT rule.","description_kind":"plain","computed":true},"description":{"type":"string","description":"The description of the DNAT rule.","description_kind":"plain","optional":true},"external_service_port":{"type":"number","description":"The port range used by Floating IP provide services for external systems.","description_kind":"plain","optional":true},"external_service_port_range":{"type":"string","description":"The port range used by ECSs or BMSs to provide services for external systems.","description_kind":"plain","optional":true},"floating_ip_address":{"type":"string","description":"The floating IP address of the DNAT rule.","description_kind":"plain","computed":true},"floating_ip_id":{"type":"string","description":"The ID of the floating IP address.","description_kind":"plain","required":true},"id":{"type":"string","description_kind":"plain","optional":true,"computed":true},"internal_service_port":{"type":"number","description":"The port used by Floating IP provide services for external systems.","description_kind":"plain","optional":true},"internal_service_port_range":{"type":"string","description":"The port used by ECSs or BMSs to provide services for external systems.","description_kind":"plain","optional":true},"nat_gateway_id":{"type":"string","description":"The ID of the NAT gateway to which the DNAT rule belongs.","description_kind":"plain","required":true},"port_id":{"type":"string","description":"The port ID of network.","description_kind":"plain","optional":true},"private_ip":{"type":"string","description":"The private IP address of a user.","description_kind":"plain","optional":true},"protocol":{"type":"string","description":"The protocol type.","description_kind":"plain","required":true},"region":{"type":"string","description":"The region where the DNAT rule is located.","description_kind":"plain","computed":true},"status":{"type":"string","description":"The current status of the DNAT rule.","description_kind":"plain","computed":true}},"block_types":{"timeouts":{"nesting_mode":"single","block":{"attributes":{"create":{"type":"string","description_kind":"plain","optional":true},"delete":{"type":"string","description_kind":"plain","optional":true},"update":{"type":"string","description_kind":"plain","optional":true}},"description_kind":"plain"}}},"description_kind":"plain"}},"hcs_nat_gateway":{"version":0,"block":{"attributes":{"description":{"type":"string","description":"The description of the NAT gateway.","description_kind":"plain","optional":true},"enterprise_project_id":{"type":"string","description":"The enterprise project ID of the NAT gateway.","description_kind":"plain","computed":true},"id":{"type":"string","description_kind":"plain","optional":true,"computed":true},"name":{"type":"string","description":"The NAT gateway name.","description_kind":"plain","required":true},"region":{"type":"string","description":"The region where the NAT gateway is located.","description_kind":"plain","computed":true},"spec":{"type":"string","description":"The specification of the NAT gateway.","description_kind":"plain","required":true},"status":{"type":"string","description":"The current status of the NAT gateway.","description_kind":"plain","computed":true},"subnet_id":{"type":"string","description":"The network ID of the downstream interface (the next hop of the DVR) of the NAT gateway.","description_kind":"plain","required":true},"tags":{"type":["map","string"],"description_kind":"plain","optional":true},"vpc_id":{"type":"string","description":"The ID of the VPC to which the NAT gateway belongs.","description_kind":"plain","required":true}},"block_types":{"timeouts":{"nesting_mode":"single","block":{"attributes":{"create":{"type":"string","description_kind":"plain","optional":true},"delete":{"type":"string","description_kind":"plain","optional":true},"update":{"type":"string","description_kind":"plain","optional":true}},"description_kind":"plain"}}},"description_kind":"plain"}},"hcs_nat_snat_rule":{"version":0,"block":{"attributes":{"cidr":{"type":"string","description":"The CIDR block connected by SNAT rule (DC side).","description_kind":"plain","computed":true},"description":{"type":"string","description":"The description of the SNAT rule.","description_kind":"plain","optional":true,"computed":true},"floating_ip_address":{"type":"string","description":"The floating IP addresses (separated by commas) connected by SNAT rule.","description_kind":"plain","computed":true},"floating_ip_id":{"type":"string","description":"The IDs of floating IPs connected by SNAT rule.","description_kind":"plain","required":true},"id":{"type":"string","description_kind":"plain","optional":true,"computed":true},"nat_gateway_id":{"type":"string","description":"schema: Required; The ID of the gateway to which the SNAT rule belongs.","description_kind":"plain","required":true},"network_id":{"type":"string","description_kind":"plain","deprecated":true,"optional":true},"region":{"type":"string","description":"The region where the SNAT rule is located.","description_kind":"plain","computed":true},"source_type":{"type":"number","description":"The resource type of the SNAT rule.","description_kind":"plain","optional":true},"status":{"type":"string","description":"The status of the SNAT rule.","description_kind":"plain","computed":true},"subnet_id":{"type":"string","description":"The network IDs of subnet connected by SNAT rule (VPC side).","description_kind":"plain","optional":true,"computed":true}},"block_types":{"timeouts":{"nesting_mode":"single","block":{"attributes":{"create":{"type":"string","description_kind":"plain","optional":true},"delete":{"type":"string","description_kind":"plain","optional":true},"update":{"type":"string","description_kind":"plain","optional":true}},"description_kind":"plain"}}},"description_kind":"plain"}},"hcs_network_acl":{"version":0,"block":{"attributes":{"description":{"type":"string","description_kind":"plain","optional":true},"id":{"type":"string","description_kind":"plain","optional":true,"computed":true},"inbound_policy_id":{"type":"string","description_kind":"plain","computed":true},"inbound_rules":{"type":["list","string"],"description_kind":"plain","optional":true},"name":{"type":"string","description_kind":"plain","required":true},"outbound_policy_id":{"type":"string","description_kind":"plain","computed":true},"outbound_rules":{"type":["list","string"],"description_kind":"plain","optional":true},"ports":{"type":["set","string"],"description_kind":"plain","computed":true},"region":{"type":"string","description_kind":"plain","optional":true,"computed":true},"status":{"type":"string","description_kind":"plain","computed":true},"subnets":{"type":["set","string"],"description_kind":"plain","optional":true}},"block_types":{"timeouts":{"nesting_mode":"single","block":{"attributes":{"create":{"type":"string","description_kind":"plain","optional":true},"delete":{"type":"string","description_kind":"plain","optional":true},"update":{"type":"string","description_kind":"plain","optional":true}},"description_kind":"plain"}}},"description_kind":"plain"}},"hcs_network_acl_rule":{"version":0,"block":{"attributes":{"action":{"type":"string","description_kind":"plain","required":true},"description":{"type":"string","description_kind":"plain","optional":true},"destination_ip_address":{"type":"string","description_kind":"plain","optional":true},"destination_port":{"type":"string","description_kind":"plain","optional":true},"enabled":{"type":"bool","description_kind":"plain","optional":true},"id":{"type":"string","description_kind":"plain","optional":true,"computed":true},"ip_version":{"type":"number","description_kind":"plain","optional":true},"name":{"type":"string","description_kind":"plain","optional":true},"protocol":{"type":"string","description_kind":"plain","required":true},"region":{"type":"string","description_kind":"plain","optional":true,"computed":true},"source_ip_address":{"type":"string","description_kind":"plain","optional":true},"source_port":{"type":"string","description_kind":"plain","optional":true}},"description_kind":"plain"}},"hcs_networking_eip_associate":{"version":0,"block":{"attributes":{"fixed_ip":{"type":"string","description_kind":"plain","optional":true,"computed":true},"id":{"type":"string","description_kind":"plain","optional":true,"computed":true},"mac_address":{"type":"string","description_kind":"plain","computed":true},"network_id":{"type":"string","description_kind":"plain","optional":true,"computed":true},"port_id":{"type":"string","description_kind":"plain","optional":true,"computed":true},"public_ip":{"type":"string","description_kind":"plain","required":true},"region":{"type":"string","description_kind":"plain","optional":true,"computed":true},"status":{"type":"string","description_kind":"plain","computed":true}},"block_types":{"timeouts":{"nesting_mode":"single","block":{"attributes":{"create":{"type":"string","description_kind":"plain","optional":true},"delete":{"type":"string","description_kind":"plain","optional":true}},"description_kind":"plain"}}},"description_kind":"plain"}},"hcs_networking_port":{"version":0,"block":{"attributes":{"admin_state_up":{"type":"bool","description_kind":"plain","optional":true,"computed":true},"all_fixed_ips":{"type":["list","string"],"description_kind":"plain","computed":true},"all_security_group_ids":{"type":["set","string"],"description_kind":"plain","computed":true},"device_id":{"type":"string","description_kind":"plain","optional":true,"computed":true},"device_owner":{"type":"string","description_kind":"plain","optional":true,"computed":true},"id":{"type":"string","description_kind":"plain","optional":true,"computed":true},"mac_address":{"type":"string","description_kind":"plain","optional":true,"computed":true},"name":{"type":"string","description_kind":"plain","optional":true},"network_id":{"type":"string","description_kind":"plain","required":true},"no_security_groups":{"type":"bool","description_kind":"plain","optional":true},"region":{"type":"string","description_kind":"plain","optional":true,"computed":true},"security_group_ids":{"type":["set","string"],"description_kind":"plain","optional":true},"tenant_id":{"type":"string","description_kind":"plain","deprecated":true,"optional":true,"computed":true},"value_specs":{"type":["map","string"],"description_kind":"plain","optional":true}},"block_types":{"allowed_address_pairs":{"nesting_mode":"set","block":{"attributes":{"ip_address":{"type":"string","description_kind":"plain","required":true},"mac_address":{"type":"string","description_kind":"plain","optional":true,"computed":true}},"description_kind":"plain"}},"extra_dhcp_option":{"nesting_mode":"set","block":{"attributes":{"ip_version":{"type":"number","description_kind":"plain","optional":true},"name":{"type":"string","description_kind":"plain","required":true},"value":{"type":"string","description_kind":"plain","required":true}},"description_kind":"plain"}},"fixed_ip":{"nesting_mode":"list","block":{"attributes":{"ip_address":{"type":"string","description_kind":"plain","optional":true},"subnet_id":{"type":"string","description_kind":"plain","required":true}},"description_kind":"plain"}},"timeouts":{"nesting_mode":"single","block":{"attributes":{"create":{"type":"string","description_kind":"plain","optional":true},"delete":{"type":"string","description_kind":"plain","optional":true}},"description_kind":"plain"}}},"description_kind":"plain"}},"hcs_networking_port_v2":{"version":0,"block":{"attributes":{"admin_state_up":{"type":"bool","description_kind":"plain","optional":true,"computed":true},"all_fixed_ips":{"type":["list","string"],"description_kind":"plain","computed":true},"all_security_group_ids":{"type":["set","string"],"description_kind":"plain","computed":true},"device_id":{"type":"string","description_kind":"plain","optional":true,"computed":true},"device_owner":{"type":"string","description_kind":"plain","optional":true,"computed":true},"id":{"type":"string","description_kind":"plain","optional":true,"computed":true},"mac_address":{"type":"string","description_kind":"plain","optional":true,"computed":true},"name":{"type":"string","description_kind":"plain","optional":true},"network_id":{"type":"string","description_kind":"plain","required":true},"no_security_groups":{"type":"bool","description_kind":"plain","optional":true},"region":{"type":"string","description_kind":"plain","optional":true,"computed":true},"security_group_ids":{"type":["set","string"],"description_kind":"plain","optional":true},"tenant_id":{"type":"string","description_kind":"plain","deprecated":true,"optional":true,"computed":true},"value_specs":{"type":["map","string"],"description_kind":"plain","optional":true}},"block_types":{"allowed_address_pairs":{"nesting_mode":"set","block":{"attributes":{"ip_address":{"type":"string","description_kind":"plain","required":true},"mac_address":{"type":"string","description_kind":"plain","optional":true,"computed":true}},"description_kind":"plain"}},"extra_dhcp_option":{"nesting_mode":"set","block":{"attributes":{"ip_version":{"type":"number","description_kind":"plain","optional":true},"name":{"type":"string","description_kind":"plain","required":true},"value":{"type":"string","description_kind":"plain","required":true}},"description_kind":"plain"}},"fixed_ip":{"nesting_mode":"list","block":{"attributes":{"ip_address":{"type":"string","description_kind":"plain","optional":true},"subnet_id":{"type":"string","description_kind":"plain","required":true}},"description_kind":"plain"}},"timeouts":{"nesting_mode":"single","block":{"attributes":{"create":{"type":"string","description_kind":"plain","optional":true},"delete":{"type":"string","description_kind":"plain","optional":true}},"description_kind":"plain"}}},"description_kind":"plain"}},"hcs_networking_secgroup":{"version":0,"block":{"attributes":{"created_at":{"type":"string","description_kind":"plain","computed":true},"delete_default_rules":{"type":"bool","description_kind":"plain","optional":true},"description":{"type":"string","description_kind":"plain","optional":true},"enterprise_project_id":{"type":"string","description_kind":"plain","optional":true,"computed":true},"id":{"type":"string","description_kind":"plain","optional":true,"computed":true},"name":{"type":"string","description_kind":"plain","required":true},"region":{"type":"string","description_kind":"plain","optional":true,"computed":true},"rules":{"type":["list",["object",{"action":"string","description":"string","direction":"string","ethertype":"string","id":"string","port_range_max":"number","port_range_min":"number","ports":"string","protocol":"string","remote_group_id":"string","remote_ip_prefix":"string"}]],"description_kind":"plain","computed":true},"updated_at":{"type":"string","description_kind":"plain","computed":true}},"block_types":{"timeouts":{"nesting_mode":"single","block":{"attributes":{"delete":{"type":"string","description_kind":"plain","optional":true}},"description_kind":"plain"}}},"description_kind":"plain"}},"hcs_networking_secgroup_rule":{"version":0,"block":{"attributes":{"action":{"type":"string","description_kind":"plain","optional":true,"computed":true},"description":{"type":"string","description_kind":"plain","optional":true},"direction":{"type":"string","description_kind":"plain","required":true},"ethertype":{"type":"string","description_kind":"plain","required":true},"id":{"type":"string","description_kind":"plain","optional":true,"computed":true},"port_range_max":{"type":"number","description_kind":"plain","optional":true,"computed":true},"port_range_min":{"type":"number","description_kind":"plain","optional":true,"computed":true},"ports":{"type":"string","description_kind":"plain","optional":true,"computed":true},"priority":{"type":"number","description_kind":"plain","optional":true,"computed":true},"protocol":{"type":"string","description_kind":"plain","optional":true,"computed":true},"region":{"type":"string","description_kind":"plain","optional":true,"computed":true},"remote_group_id":{"type":"string","description_kind":"plain","optional":true,"computed":true},"remote_ip_prefix":{"type":"string","description_kind":"plain","optional":true,"computed":true},"security_group_id":{"type":"string","description_kind":"plain","required":true}},"block_types":{"timeouts":{"nesting_mode":"single","block":{"attributes":{"delete":{"type":"string","description_kind":"plain","optional":true}},"description_kind":"plain"}}},"description_kind":"plain"}},"hcs_networking_vip":{"version":0,"block":{"attributes":{"device_owner":{"type":"string","description_kind":"plain","computed":true},"id":{"type":"string","description_kind":"plain","optional":true,"computed":true},"ip_address":{"type":"string","description_kind":"plain","optional":true,"computed":true},"ip_version":{"type":"number","description_kind":"plain","optional":true,"computed":true},"mac_address":{"type":"string","description_kind":"plain","computed":true},"name":{"type":"string","description_kind":"plain","optional":true,"computed":true},"network_id":{"type":"string","description_kind":"plain","required":true},"region":{"type":"string","description_kind":"plain","optional":true,"computed":true},"status":{"type":"string","description_kind":"plain","computed":true},"subnet_id":{"type":"string","description_kind":"plain","deprecated":true,"optional":true,"computed":true}},"block_types":{"timeouts":{"nesting_mode":"single","block":{"attributes":{"create":{"type":"string","description_kind":"plain","optional":true},"delete":{"type":"string","description_kind":"plain","optional":true}},"description_kind":"plain"}}},"description_kind":"plain"}},"hcs_networking_vip_associate":{"version":0,"block":{"attributes":{"id":{"type":"string","description_kind":"plain","optional":true,"computed":true},"ip_addresses":{"type":["list","string"],"description_kind":"plain","computed":true},"port_ids":{"type":["set","string"],"description_kind":"plain","required":true},"region":{"type":"string","description_kind":"plain","optional":true,"computed":true},"vip_id":{"type":"string","description_kind":"plain","required":true},"vip_ip_address":{"type":"string","description_kind":"plain","computed":true},"vip_subnet_id":{"type":"string","description_kind":"plain","computed":true}},"description_kind":"plain"}},"hcs_obs_bucket":{"version":0,"block":{"attributes":{"acl":{"type":"string","description_kind":"plain","optional":true},"bucket":{"type":"string","description_kind":"plain","required":true},"bucket_domain_name":{"type":"string","description_kind":"plain","computed":true},"bucket_version":{"type":"string","description_kind":"plain","computed":true},"encryption":{"type":"bool","description_kind":"plain","optional":true},"enterprise_project_id":{"type":"string","description_kind":"plain","optional":true,"computed":true},"force_destroy":{"type":"bool","description_kind":"plain","optional":true},"id":{"type":"string","description_kind":"plain","optional":true,"computed":true},"kms_key_id":{"type":"string","description_kind":"plain","optional":true},"kms_key_project_id":{"type":"string","description_kind":"plain","optional":true,"computed":true},"multi_az":{"type":"bool","description_kind":"plain","optional":true,"computed":true},"parallel_fs":{"type":"bool","description_kind":"plain","optional":true},"policy":{"type":"string","description_kind":"plain","optional":true,"computed":true},"policy_format":{"type":"string","description_kind":"plain","optional":true},"quota":{"type":"number","description_kind":"plain","optional":true},"region":{"type":"string","description_kind":"plain","optional":true,"computed":true},"storage_class":{"type":"string","description_kind":"plain","optional":true},"storage_info":{"type":["list",["object",{"object_number":"number","size":"number"}]],"description_kind":"plain","computed":true},"tags":{"type":["map","string"],"description_kind":"plain","optional":true},"user_domain_names":{"type":["set","string"],"description_kind":"plain","optional":true,"computed":true},"versioning":{"type":"bool","description_kind":"plain","optional":true}},"block_types":{"cors_rule":{"nesting_mode":"list","block":{"attributes":{"allowed_headers":{"type":["list","string"],"description_kind":"plain","optional":true},"allowed_methods":{"type":["list","string"],"description_kind":"plain","required":true},"allowed_origins":{"type":["list","string"],"description_kind":"plain","required":true},"expose_headers":{"type":["list","string"],"description_kind":"plain","optional":true},"max_age_seconds":{"type":"number","description_kind":"plain","optional":true}},"description_kind":"plain"}},"lifecycle_rule":{"nesting_mode":"list","block":{"attributes":{"enabled":{"type":"bool","description_kind":"plain","required":true},"name":{"type":"string","description_kind":"plain","required":true},"prefix":{"type":"string","description_kind":"plain","optional":true}},"block_types":{"abort_incomplete_multipart_upload":{"nesting_mode":"set","block":{"attributes":{"days":{"type":"number","description_kind":"plain","required":true}},"description_kind":"plain"}},"expiration":{"nesting_mode":"set","block":{"attributes":{"days":{"type":"number","description_kind":"plain","required":true}},"description_kind":"plain"}},"noncurrent_version_expiration":{"nesting_mode":"set","block":{"attributes":{"days":{"type":"number","description_kind":"plain","required":true}},"description_kind":"plain"}},"noncurrent_version_transition":{"nesting_mode":"list","block":{"attributes":{"days":{"type":"number","description_kind":"plain","required":true},"storage_class":{"type":"string","description_kind":"plain","required":true}},"description_kind":"plain"}},"transition":{"nesting_mode":"list","block":{"attributes":{"days":{"type":"number","description_kind":"plain","required":true},"storage_class":{"type":"string","description_kind":"plain","required":true}},"description_kind":"plain"}}},"description_kind":"plain"}},"logging":{"nesting_mode":"set","block":{"attributes":{"target_bucket":{"type":"string","description_kind":"plain","required":true},"target_prefix":{"type":"string","description_kind":"plain","optional":true}},"description_kind":"plain"}},"website":{"nesting_mode":"list","block":{"attributes":{"error_document":{"type":"string","description_kind":"plain","optional":true},"index_document":{"type":"string","description_kind":"plain","optional":true},"redirect_all_requests_to":{"type":"string","description_kind":"plain","optional":true},"routing_rules":{"type":"string","description_kind":"plain","optional":true}},"description_kind":"plain"},"max_items":1}},"description_kind":"plain"}},"hcs_obs_bucket_acl":{"version":0,"block":{"attributes":{"bucket":{"type":"string","description":"Specifies the name of the bucket to which to set the acl.","description_kind":"plain","required":true},"id":{"type":"string","description_kind":"plain","optional":true,"computed":true},"region":{"type":"string","description_kind":"plain","optional":true,"computed":true}},"block_types":{"account_permission":{"nesting_mode":"set","block":{"attributes":{"access_to_acl":{"type":["list","string"],"description":"Specifies the access to acl. Valid values are **READ_ACP** and **WRITE_ACP**.","description_kind":"plain","optional":true},"access_to_bucket":{"type":["list","string"],"description":"Specifies the access to bucket. Valid values are **READ** and **WRITE**.","description_kind":"plain","optional":true},"account_id":{"type":"string","description":"Specifies the account id to authorize. The account id cannot be the bucket owner, \nand must be unique.","description_kind":"plain","required":true}},"description":"Specifies the account permissions.","description_kind":"plain"}},"log_delivery_user_permission":{"nesting_mode":"list","block":{"attributes":{"access_to_acl":{"type":["list","string"],"description":"Specifies the access to acl. Valid values are **READ_ACP** and **WRITE_ACP**.","description_kind":"plain","optional":true},"access_to_bucket":{"type":["list","string"],"description":"Specifies the access to bucket. Valid values are **READ** and **WRITE**.","description_kind":"plain","optional":true}},"description":"Specifies the log delivery user permission.","description_kind":"plain"},"max_items":1},"owner_permission":{"nesting_mode":"list","block":{"attributes":{"access_to_acl":{"type":["list","string"],"description":"Specifies the access to acl. Valid values are **READ_ACP** and **WRITE_ACP**.","description_kind":"plain","optional":true},"access_to_bucket":{"type":["list","string"],"description":"Specifies the access to bucket. Valid values are **READ** and **WRITE**.","description_kind":"plain","optional":true}},"description":"Specifies the bucket owner permission.","description_kind":"plain"},"max_items":1},"public_permission":{"nesting_mode":"list","block":{"attributes":{"access_to_acl":{"type":["list","string"],"description":"Specifies the access to acl. Valid values are **READ_ACP** and **WRITE_ACP**.","description_kind":"plain","optional":true},"access_to_bucket":{"type":["list","string"],"description":"Specifies the access to bucket. Valid values are **READ** and **WRITE**.","description_kind":"plain","optional":true}},"description":"Specifies the public permission.","description_kind":"plain"},"max_items":1}},"description_kind":"plain"}},"hcs_obs_bucket_object":{"version":0,"block":{"attributes":{"acl":{"type":"string","description_kind":"plain","optional":true},"bucket":{"type":"string","description_kind":"plain","required":true},"content":{"type":"string","description_kind":"plain","optional":true},"content_type":{"type":"string","description_kind":"plain","optional":true,"computed":true},"encryption":{"type":"bool","description_kind":"plain","optional":true},"etag":{"type":"string","description_kind":"plain","optional":true,"computed":true},"id":{"type":"string","description_kind":"plain","optional":true,"computed":true},"key":{"type":"string","description_kind":"plain","required":true},"kms_key_id":{"type":"string","description_kind":"plain","optional":true},"region":{"type":"string","description_kind":"plain","optional":true,"computed":true},"size":{"type":"number","description_kind":"plain","computed":true},"source":{"type":"string","description_kind":"plain","optional":true},"storage_class":{"type":"string","description_kind":"plain","optional":true,"computed":true},"version_id":{"type":"string","description_kind":"plain","computed":true}},"description_kind":"plain"}},"hcs_obs_bucket_object_acl":{"version":0,"block":{"attributes":{"bucket":{"type":"string","description":"Specifies the name of the bucket which the object belongs to.","description_kind":"plain","required":true},"id":{"type":"string","description_kind":"plain","optional":true,"computed":true},"key":{"type":"string","description":"Specifies the name of the object to which to set the acl.","description_kind":"plain","required":true},"owner_permission":{"type":["list",["object",{"access_to_acl":["list","string"],"access_to_object":["list","string"]}]],"description_kind":"plain","computed":true},"region":{"type":"string","description_kind":"plain","optional":true,"computed":true}},"block_types":{"account_permission":{"nesting_mode":"set","block":{"attributes":{"access_to_acl":{"type":["list","string"],"description":"Specifies the access to acl. Valid values are **READ_ACP** and **WRITE_ACP**.","description_kind":"plain","optional":true},"access_to_object":{"type":["list","string"],"description":"Specifies the access to object. Only **READ** supported.","description_kind":"plain","optional":true},"account_id":{"type":"string","description":"Specifies the account id to authorize. The account id cannot be the object owner, \nand must be unique.","description_kind":"plain","required":true}},"description":"Specifies the object account permissions.","description_kind":"plain"}},"public_permission":{"nesting_mode":"list","block":{"attributes":{"access_to_acl":{"type":["list","string"],"description":"Specifies the access to acl. Valid values are **READ_ACP** and **WRITE_ACP**.","description_kind":"plain","optional":true},"access_to_object":{"type":["list","string"],"description":"Specifies the access to object. Only **READ** supported.","description_kind":"plain","optional":true}},"description":"Specifies the object public permission.","description_kind":"plain"},"max_items":1}},"description_kind":"plain"}},"hcs_obs_bucket_policy":{"version":0,"block":{"attributes":{"bucket":{"type":"string","description_kind":"plain","required":true},"id":{"type":"string","description_kind":"plain","optional":true,"computed":true},"policy":{"type":"string","description_kind":"plain","required":true},"policy_format":{"type":"string","description_kind":"plain","optional":true},"region":{"type":"string","description_kind":"plain","optional":true,"computed":true}},"description_kind":"plain"}},"hcs_smn_message_template":{"version":0,"block":{"attributes":{"content":{"type":"string","description":"Specifies the template content, which supports plain text only.","description_kind":"plain","required":true},"id":{"type":"string","description_kind":"plain","optional":true,"computed":true},"name":{"type":"string","description":"Specifies the message template name.","description_kind":"plain","required":true},"protocol":{"type":"string","description":"Specifies the protocol supported by the template.","description_kind":"plain","required":true},"region":{"type":"string","description_kind":"plain","optional":true,"computed":true},"tag_names":{"type":["list","string"],"description":"Indicates the variable list.","description_kind":"plain","computed":true}},"description_kind":"plain"}},"hcs_smn_subscription":{"version":0,"block":{"attributes":{"endpoint":{"type":"string","description_kind":"plain","required":true},"id":{"type":"string","description_kind":"plain","optional":true,"computed":true},"owner":{"type":"string","description_kind":"plain","computed":true},"protocol":{"type":"string","description_kind":"plain","required":true},"region":{"type":"string","description_kind":"plain","optional":true,"computed":true},"remark":{"type":"string","description_kind":"plain","optional":true},"status":{"type":"number","description_kind":"plain","computed":true},"subscription_urn":{"type":"string","description_kind":"plain","computed":true},"topic_urn":{"type":"string","description_kind":"plain","required":true}},"description_kind":"plain"}},"hcs_smn_subscription_v2":{"version":0,"block":{"attributes":{"endpoint":{"type":"string","description_kind":"plain","required":true},"id":{"type":"string","description_kind":"plain","optional":true,"computed":true},"owner":{"type":"string","description_kind":"plain","computed":true},"protocol":{"type":"string","description_kind":"plain","required":true},"region":{"type":"string","description_kind":"plain","optional":true,"computed":true},"remark":{"type":"string","description_kind":"plain","optional":true},"status":{"type":"number","description_kind":"plain","computed":true},"subscription_urn":{"type":"string","description_kind":"plain","computed":true},"topic_urn":{"type":"string","description_kind":"plain","required":true}},"description_kind":"plain"}},"hcs_smn_topic":{"version":0,"block":{"attributes":{"create_time":{"type":"string","description_kind":"plain","computed":true},"display_name":{"type":"string","description_kind":"plain","optional":true},"id":{"type":"string","description_kind":"plain","optional":true,"computed":true},"name":{"type":"string","description_kind":"plain","required":true},"push_policy":{"type":"number","description_kind":"plain","computed":true},"region":{"type":"string","description_kind":"plain","optional":true,"computed":true},"tags":{"type":["map","string"],"description_kind":"plain","optional":true},"topic_urn":{"type":"string","description_kind":"plain","computed":true},"update_time":{"type":"string","description_kind":"plain","computed":true}},"description_kind":"plain"}},"hcs_smn_topic_v2":{"version":0,"block":{"attributes":{"create_time":{"type":"string","description_kind":"plain","computed":true},"display_name":{"type":"string","description_kind":"plain","optional":true},"id":{"type":"string","description_kind":"plain","optional":true,"computed":true},"name":{"type":"string","description_kind":"plain","required":true},"push_policy":{"type":"number","description_kind":"plain","computed":true},"region":{"type":"string","description_kind":"plain","optional":true,"computed":true},"tags":{"type":["map","string"],"description_kind":"plain","optional":true},"topic_urn":{"type":"string","description_kind":"plain","computed":true},"update_time":{"type":"string","description_kind":"plain","computed":true}},"description_kind":"plain"}},"hcs_vpc":{"version":0,"block":{"attributes":{"cidr":{"type":"string","description_kind":"plain","optional":true},"enterprise_project_id":{"type":"string","description_kind":"plain","optional":true,"computed":true},"id":{"type":"string","description_kind":"plain","optional":true,"computed":true},"name":{"type":"string","description_kind":"plain","required":true},"region":{"type":"string","description_kind":"plain","optional":true,"computed":true},"routes":{"type":["list",["object",{"destination":"string","nexthop":"string"}]],"description_kind":"plain","deprecated":true,"computed":true},"status":{"type":"string","description_kind":"plain","computed":true}},"block_types":{"timeouts":{"nesting_mode":"single","block":{"attributes":{"create":{"type":"string","description_kind":"plain","optional":true},"delete":{"type":"string","description_kind":"plain","optional":true}},"description_kind":"plain"}}},"description_kind":"plain"}},"hcs_vpc_bandwidth":{"version":0,"block":{"attributes":{"bandwidth_type":{"type":"string","description_kind":"plain","computed":true},"id":{"type":"string","description_kind":"plain","optional":true,"computed":true},"name":{"type":"string","description_kind":"plain","required":true},"publicips":{"type":["list",["object",{"id":"string","ip_address":"string","ip_version":"number","type":"string"}]],"description_kind":"plain","computed":true},"region":{"type":"string","description_kind":"plain","optional":true,"computed":true},"share_type":{"type":"string","description_kind":"plain","computed":true},"size":{"type":"number","description_kind":"plain","required":true},"status":{"type":"string","description_kind":"plain","computed":true}},"block_types":{"timeouts":{"nesting_mode":"single","block":{"attributes":{"create":{"type":"string","description_kind":"plain","optional":true},"delete":{"type":"string","description_kind":"plain","optional":true},"update":{"type":"string","description_kind":"plain","optional":true}},"description_kind":"plain"}}},"description_kind":"plain"}},"hcs_vpc_bandwidth_associate":{"version":0,"block":{"attributes":{"bandwidth_id":{"type":"string","description_kind":"plain","required":true},"bandwidth_name":{"type":"string","description_kind":"plain","computed":true},"bandwidth_size":{"type":"number","description":"The size (Mbits/s) after removal bandwidth.","description_kind":"plain","optional":true},"eip_id":{"type":"string","description_kind":"plain","required":true},"id":{"type":"string","description_kind":"plain","optional":true,"computed":true},"public_ip":{"type":"string","description_kind":"plain","computed":true},"region":{"type":"string","description_kind":"plain","optional":true,"computed":true}},"description_kind":"plain"}},"hcs_vpc_bandwidth_v2":{"version":0,"block":{"attributes":{"bandwidth_type":{"type":"string","description_kind":"plain","computed":true},"id":{"type":"string","description_kind":"plain","optional":true,"computed":true},"name":{"type":"string","description_kind":"plain","required":true},"publicips":{"type":["list",["object",{"id":"string","ip_address":"string","ip_version":"number","type":"string"}]],"description_kind":"plain","computed":true},"region":{"type":"string","description_kind":"plain","optional":true,"computed":true},"share_type":{"type":"string","description_kind":"plain","computed":true},"size":{"type":"number","description_kind":"plain","required":true},"status":{"type":"string","description_kind":"plain","computed":true}},"block_types":{"timeouts":{"nesting_mode":"single","block":{"attributes":{"create":{"type":"string","description_kind":"plain","optional":true},"delete":{"type":"string","description_kind":"plain","optional":true},"update":{"type":"string","description_kind":"plain","optional":true}},"description_kind":"plain"}}},"description_kind":"plain"}},"hcs_vpc_eip":{"version":0,"block":{"attributes":{"address":{"type":"string","description_kind":"plain","computed":true},"enterprise_project_id":{"type":"string","description":"The enterprise project ID to which the EIP belongs.","description_kind":"plain","optional":true,"computed":true},"id":{"type":"string","description_kind":"plain","optional":true,"computed":true},"name":{"type":"string","description":"The name of the EIP.","description_kind":"plain","optional":true},"port_id":{"type":"string","description_kind":"plain","computed":true},"private_ip":{"type":"string","description_kind":"plain","computed":true},"region":{"type":"string","description":"The region in which to create the EIP resource.","description_kind":"plain","optional":true,"computed":true},"status":{"type":"string","description_kind":"plain","computed":true}},"block_types":{"bandwidth":{"nesting_mode":"list","block":{"attributes":{"id":{"type":"string","description":"The shared bandwidth ID.","description_kind":"plain","optional":true,"computed":true},"name":{"type":"string","description":"The bandwidth name.","description_kind":"plain","optional":true,"computed":true},"share_type":{"type":"string","description":"Whether the bandwidth is dedicated or shared.","description_kind":"plain","required":true},"size":{"type":"number","description":"The bandwidth size.","description_kind":"plain","optional":true,"computed":true}},"description":"The bandwidth configuration.","description_kind":"plain"},"min_items":1,"max_items":1},"publicip":{"nesting_mode":"list","block":{"attributes":{"ip_address":{"type":"string","description":"The EIP address to be assigned.","description_kind":"plain","optional":true,"computed":true},"port_id":{"type":"string","description":"schema: Deprecated","description_kind":"plain","optional":true,"computed":true},"type":{"type":"string","description":"The EIP type.","description_kind":"plain","optional":true}},"description":"The EIP configuration.","description_kind":"plain"},"min_items":1,"max_items":1},"timeouts":{"nesting_mode":"single","block":{"attributes":{"create":{"type":"string","description_kind":"plain","optional":true},"delete":{"type":"string","description_kind":"plain","optional":true},"update":{"type":"string","description_kind":"plain","optional":true}},"description_kind":"plain"}}},"description_kind":"plain"}},"hcs_vpc_eip_associate":{"version":0,"block":{"attributes":{"fixed_ip":{"type":"string","description_kind":"plain","optional":true,"computed":true},"id":{"type":"string","description_kind":"plain","optional":true,"computed":true},"mac_address":{"type":"string","description_kind":"plain","computed":true},"network_id":{"type":"string","description_kind":"plain","optional":true,"computed":true},"port_id":{"type":"string","description_kind":"plain","optional":true,"computed":true},"public_ip":{"type":"string","description_kind":"plain","required":true},"region":{"type":"string","description_kind":"plain","optional":true,"computed":true},"status":{"type":"string","description_kind":"plain","computed":true}},"block_types":{"timeouts":{"nesting_mode":"single","block":{"attributes":{"create":{"type":"string","description_kind":"plain","optional":true},"delete":{"type":"string","description_kind":"plain","optional":true}},"description_kind":"plain"}}},"description_kind":"plain"}},"hcs_vpc_eip_v1":{"version":0,"block":{"attributes":{"address":{"type":"string","description_kind":"plain","computed":true},"enterprise_project_id":{"type":"string","description":"The enterprise project ID to which the EIP belongs.","description_kind":"plain","optional":true,"computed":true},"id":{"type":"string","description_kind":"plain","optional":true,"computed":true},"name":{"type":"string","description":"The name of the EIP.","description_kind":"plain","optional":true},"port_id":{"type":"string","description_kind":"plain","computed":true},"private_ip":{"type":"string","description_kind":"plain","computed":true},"region":{"type":"string","description":"The region in which to create the EIP resource.","description_kind":"plain","optional":true,"computed":true},"status":{"type":"string","description_kind":"plain","computed":true}},"block_types":{"bandwidth":{"nesting_mode":"list","block":{"attributes":{"id":{"type":"string","description":"The shared bandwidth ID.","description_kind":"plain","optional":true,"computed":true},"name":{"type":"string","description":"The bandwidth name.","description_kind":"plain","optional":true,"computed":true},"share_type":{"type":"string","description":"Whether the bandwidth is dedicated or shared.","description_kind":"plain","required":true},"size":{"type":"number","description":"The bandwidth size.","description_kind":"plain","optional":true,"computed":true}},"description":"The bandwidth configuration.","description_kind":"plain"},"min_items":1,"max_items":1},"publicip":{"nesting_mode":"list","block":{"attributes":{"ip_address":{"type":"string","description":"The EIP address to be assigned.","description_kind":"plain","optional":true,"computed":true},"port_id":{"type":"string","description":"schema: Deprecated","description_kind":"plain","optional":true,"computed":true},"type":{"type":"string","description":"The EIP type.","description_kind":"plain","optional":true}},"description":"The EIP configuration.","description_kind":"plain"},"min_items":1,"max_items":1},"timeouts":{"nesting_mode":"single","block":{"attributes":{"create":{"type":"string","description_kind":"plain","optional":true},"delete":{"type":"string","description_kind":"plain","optional":true},"update":{"type":"string","description_kind":"plain","optional":true}},"description_kind":"plain"}}},"description_kind":"plain"}},"hcs_vpc_peering_connection":{"version":0,"block":{"attributes":{"description":{"type":"string","description_kind":"plain","optional":true,"computed":true},"id":{"type":"string","description_kind":"plain","optional":true,"computed":true},"name":{"type":"string","description_kind":"plain","required":true},"peer_tenant_id":{"type":"string","description_kind":"plain","optional":true,"computed":true},"peer_vpc_id":{"type":"string","description_kind":"plain","required":true},"region":{"type":"string","description_kind":"plain","optional":true,"computed":true},"status":{"type":"string","description_kind":"plain","computed":true},"vpc_id":{"type":"string","description_kind":"plain","required":true}},"block_types":{"timeouts":{"nesting_mode":"single","block":{"attributes":{"create":{"type":"string","description_kind":"plain","optional":true},"delete":{"type":"string","description_kind":"plain","optional":true}},"description_kind":"plain"}}},"description_kind":"plain"}},"hcs_vpc_peering_connection_accepter":{"version":0,"block":{"attributes":{"accept":{"type":"bool","description_kind":"plain","optional":true},"description":{"type":"string","description_kind":"plain","computed":true},"id":{"type":"string","description_kind":"plain","optional":true,"computed":true},"name":{"type":"string","description_kind":"plain","computed":true},"peer_tenant_id":{"type":"string","description_kind":"plain","computed":true},"peer_vpc_id":{"type":"string","description_kind":"plain","computed":true},"region":{"type":"string","description_kind":"plain","optional":true,"computed":true},"status":{"type":"string","description_kind":"plain","computed":true},"vpc_id":{"type":"string","description_kind":"plain","computed":true},"vpc_peering_connection_id":{"type":"string","description_kind":"plain","required":true}},"block_types":{"timeouts":{"nesting_mode":"single","block":{"attributes":{"create":{"type":"string","description_kind":"plain","optional":true},"delete":{"type":"string","description_kind":"plain","optional":true}},"description_kind":"plain"}}},"description_kind":"plain"}},"hcs_vpc_route":{"version":0,"block":{"attributes":{"destination":{"type":"string","description_kind":"plain","required":true},"id":{"type":"string","description_kind":"plain","optional":true,"computed":true},"nexthop":{"type":"string","description_kind":"plain","required":true},"region":{"type":"string","description_kind":"plain","optional":true,"computed":true},"type":{"type":"string","description_kind":"plain","required":true},"vpc_id":{"type":"string","description_kind":"plain","required":true}},"block_types":{"timeouts":{"nesting_mode":"single","block":{"attributes":{"create":{"type":"string","description_kind":"plain","optional":true},"delete":{"type":"string","description_kind":"plain","optional":true}},"description_kind":"plain"}}},"description_kind":"plain"}},"hcs_vpc_route_v2":{"version":0,"block":{"attributes":{"destination":{"type":"string","description_kind":"plain","required":true},"id":{"type":"string","description_kind":"plain","optional":true,"computed":true},"nexthop":{"type":"string","description_kind":"plain","required":true},"region":{"type":"string","description_kind":"plain","optional":true,"computed":true},"type":{"type":"string","description_kind":"plain","required":true},"vpc_id":{"type":"string","description_kind":"plain","required":true}},"block_types":{"timeouts":{"nesting_mode":"single","block":{"attributes":{"create":{"type":"string","description_kind":"plain","optional":true},"delete":{"type":"string","description_kind":"plain","optional":true}},"description_kind":"plain"}}},"description_kind":"plain"}},"hcs_vpc_subnet":{"version":0,"block":{"attributes":{"availability_zone":{"type":"string","description_kind":"plain","optional":true,"computed":true},"cidr":{"type":"string","description_kind":"plain","required":true},"description":{"type":"string","description_kind":"plain","optional":true},"dhcp_enable":{"type":"bool","description_kind":"plain","optional":true},"dns_list":{"type":["list","string"],"description_kind":"plain","optional":true,"computed":true},"gateway_ip":{"type":"string","description_kind":"plain","required":true},"id":{"type":"string","description_kind":"plain","optional":true,"computed":true},"ipv4_subnet_id":{"type":"string","description_kind":"plain","computed":true},"ipv6_cidr":{"type":"string","description_kind":"plain","computed":true},"ipv6_enable":{"type":"bool","description_kind":"plain","optional":true},"ipv6_gateway":{"type":"string","description_kind":"plain","computed":true},"ipv6_subnet_id":{"type":"string","description_kind":"plain","computed":true},"name":{"type":"string","description_kind":"plain","required":true},"primary_dns":{"type":"string","description_kind":"plain","optional":true,"computed":true},"region":{"type":"string","description_kind":"plain","optional":true,"computed":true},"secondary_dns":{"type":"string","description_kind":"plain","optional":true,"computed":true},"subnet_id":{"type":"string","description":"schema: Deprecated","description_kind":"plain","computed":true},"tags":{"type":["map","string"],"description_kind":"plain","optional":true},"vpc_id":{"type":"string","description_kind":"plain","required":true}},"block_types":{"timeouts":{"nesting_mode":"single","block":{"attributes":{"create":{"type":"string","description_kind":"plain","optional":true},"delete":{"type":"string","description_kind":"plain","optional":true}},"description_kind":"plain"}}},"description_kind":"plain"}},"hcs_vpc_subnet_v1":{"version":0,"block":{"attributes":{"availability_zone":{"type":"string","description_kind":"plain","optional":true,"computed":true},"cidr":{"type":"string","description_kind":"plain","required":true},"description":{"type":"string","description_kind":"plain","optional":true},"dhcp_enable":{"type":"bool","description_kind":"plain","optional":true},"dns_list":{"type":["list","string"],"description_kind":"plain","optional":true,"computed":true},"gateway_ip":{"type":"string","description_kind":"plain","required":true},"id":{"type":"string","description_kind":"plain","optional":true,"computed":true},"ipv4_subnet_id":{"type":"string","description_kind":"plain","computed":true},"ipv6_cidr":{"type":"string","description_kind":"plain","computed":true},"ipv6_enable":{"type":"bool","description_kind":"plain","optional":true},"ipv6_gateway":{"type":"string","description_kind":"plain","computed":true},"ipv6_subnet_id":{"type":"string","description_kind":"plain","computed":true},"name":{"type":"string","description_kind":"plain","required":true},"primary_dns":{"type":"string","description_kind":"plain","optional":true,"computed":true},"region":{"type":"string","description_kind":"plain","optional":true,"computed":true},"secondary_dns":{"type":"string","description_kind":"plain","optional":true,"computed":true},"subnet_id":{"type":"string","description":"schema: Deprecated","description_kind":"plain","computed":true},"tags":{"type":["map","string"],"description_kind":"plain","optional":true},"vpc_id":{"type":"string","description_kind":"plain","required":true}},"block_types":{"timeouts":{"nesting_mode":"single","block":{"attributes":{"create":{"type":"string","description_kind":"plain","optional":true},"delete":{"type":"string","description_kind":"plain","optional":true}},"description_kind":"plain"}}},"description_kind":"plain"}},"hcs_vpc_v1":{"version":0,"block":{"attributes":{"cidr":{"type":"string","description_kind":"plain","optional":true},"enterprise_project_id":{"type":"string","description_kind":"plain","optional":true,"computed":true},"id":{"type":"string","description_kind":"plain","optional":true,"computed":true},"name":{"type":"string","description_kind":"plain","required":true},"region":{"type":"string","description_kind":"plain","optional":true,"computed":true},"routes":{"type":["list",["object",{"destination":"string","nexthop":"string"}]],"description_kind":"plain","deprecated":true,"computed":true},"status":{"type":"string","description_kind":"plain","computed":true}},"block_types":{"timeouts":{"nesting_mode":"single","block":{"attributes":{"create":{"type":"string","description_kind":"plain","optional":true},"delete":{"type":"string","description_kind":"plain","optional":true}},"description_kind":"plain"}}},"description_kind":"plain"}},"hcs_vpcep_approval":{"version":0,"block":{"attributes":{"connections":{"type":["list",["object",{"domain_id":"string","endpoint_id":"string","packet_id":"number","status":"string"}]],"description_kind":"plain","computed":true},"endpoints":{"type":["set","string"],"description_kind":"plain","required":true},"id":{"type":"string","description_kind":"plain","optional":true,"computed":true},"region":{"type":"string","description_kind":"plain","optional":true,"computed":true},"service_id":{"type":"string","description_kind":"plain","required":true}},"block_types":{"timeouts":{"nesting_mode":"single","block":{"attributes":{"create":{"type":"string","description_kind":"plain","optional":true},"delete":{"type":"string","description_kind":"plain","optional":true}},"description_kind":"plain"}}},"description_kind":"plain"}},"hcs_vpcep_endpoint":{"version":0,"block":{"attributes":{"enable_dns":{"type":"bool","description_kind":"plain","optional":true},"enable_whitelist":{"type":"bool","description_kind":"plain","optional":true},"id":{"type":"string","description_kind":"plain","optional":true,"computed":true},"ip_address":{"type":"string","description_kind":"plain","optional":true,"computed":true},"network_id":{"type":"string","description_kind":"plain","required":true},"packet_id":{"type":"number","description_kind":"plain","computed":true},"private_domain_name":{"type":"string","description_kind":"plain","computed":true},"region":{"type":"string","description_kind":"plain","optional":true,"computed":true},"service_id":{"type":"string","description_kind":"plain","required":true},"service_name":{"type":"string","description_kind":"plain","computed":true},"service_type":{"type":"string","description_kind":"plain","computed":true},"status":{"type":"string","description_kind":"plain","computed":true},"vpc_id":{"type":"string","description_kind":"plain","required":true},"whitelist":{"type":["set","string"],"description_kind":"plain","optional":true}},"block_types":{"timeouts":{"nesting_mode":"single","block":{"attributes":{"create":{"type":"string","description_kind":"plain","optional":true},"delete":{"type":"string","description_kind":"plain","optional":true}},"description_kind":"plain"}}},"description_kind":"plain"}},"hcs_vpcep_service":{"version":0,"block":{"attributes":{"approval":{"type":"bool","description_kind":"plain","optional":true,"computed":true},"connections":{"type":["list",["object",{"domain_id":"string","endpoint_id":"string","packet_id":"number","status":"string"}]],"description_kind":"plain","computed":true},"id":{"type":"string","description_kind":"plain","optional":true,"computed":true},"name":{"type":"string","description_kind":"plain","optional":true},"permissions":{"type":["set","string"],"description_kind":"plain","optional":true},"port_id":{"type":"string","description_kind":"plain","required":true},"region":{"type":"string","description_kind":"plain","optional":true,"computed":true},"server_type":{"type":"string","description_kind":"plain","required":true},"service_name":{"type":"string","description_kind":"plain","computed":true},"service_type":{"type":"string","description":"schema: Computed","description_kind":"plain","optional":true},"status":{"type":"string","description_kind":"plain","computed":true},"vpc_id":{"type":"string","description_kind":"plain","required":true}},"block_types":{"port_mapping":{"nesting_mode":"list","block":{"attributes":{"protocol":{"type":"string","description_kind":"plain","optional":true},"service_port":{"type":"number","description_kind":"plain","optional":true},"terminal_port":{"type":"number","description_kind":"plain","optional":true}},"description_kind":"plain"},"min_items":1},"timeouts":{"nesting_mode":"single","block":{"attributes":{"create":{"type":"string","description_kind":"plain","optional":true},"delete":{"type":"string","description_kind":"plain","optional":true}},"description_kind":"plain"}}},"description_kind":"plain"}},"hcs_waf_address_group":{"version":0,"block":{"attributes":{"description":{"type":"string","description":"Specifies the description of the address group.","description_kind":"plain","optional":true,"computed":true},"enterprise_project_id":{"type":"string","description":"Specifies the enterprise project ID of WAF address group.","description_kind":"plain","optional":true},"id":{"type":"string","description_kind":"plain","optional":true,"computed":true},"ip_addresses":{"type":["list","string"],"description":"Specifies the IP addresses or IP address ranges.","description_kind":"plain","required":true},"name":{"type":"string","description":"Specifies the name of the address group.","description_kind":"plain","required":true},"region":{"type":"string","description_kind":"plain","optional":true,"computed":true},"rules":{"type":["list",["object",{"policy_id":"string","policy_name":"string","rule_id":"string","rule_name":"string"}]],"description":"The list of rules that use the IP address group.","description_kind":"plain","computed":true}},"description_kind":"plain"}},"hcs_waf_certificate":{"version":0,"block":{"attributes":{"certificate":{"type":"string","description_kind":"plain","required":true,"sensitive":true},"enterprise_project_id":{"type":"string","description_kind":"plain","optional":true},"expiration":{"type":"string","description_kind":"plain","computed":true},"id":{"type":"string","description_kind":"plain","optional":true,"computed":true},"name":{"type":"string","description_kind":"plain","required":true},"private_key":{"type":"string","description_kind":"plain","required":true,"sensitive":true},"region":{"type":"string","description_kind":"plain","optional":true,"computed":true}},"block_types":{"timeouts":{"nesting_mode":"single","block":{"attributes":{"create":{"type":"string","description_kind":"plain","optional":true},"delete":{"type":"string","description_kind":"plain","optional":true}},"description_kind":"plain"}}},"description_kind":"plain"}},"hcs_waf_dedicated_domain":{"version":0,"block":{"attributes":{"access_status":{"type":"number","description_kind":"plain","computed":true},"alarm_page":{"type":["map","string"],"description_kind":"plain","computed":true},"certificate_id":{"type":"string","description_kind":"plain","optional":true},"certificate_name":{"type":"string","description_kind":"plain","computed":true},"cipher":{"type":"string","description_kind":"plain","optional":true,"computed":true},"compliance_certification":{"type":["map","bool"],"description_kind":"plain","computed":true},"description":{"type":"string","description_kind":"plain","optional":true,"computed":true},"domain":{"type":"string","description_kind":"plain","required":true},"enterprise_project_id":{"type":"string","description_kind":"plain","optional":true},"forward_header_map":{"type":["map","string"],"description_kind":"plain","optional":true,"computed":true},"id":{"type":"string","description_kind":"plain","optional":true,"computed":true},"keep_policy":{"type":"bool","description_kind":"plain","optional":true},"pci_3ds":{"type":"bool","description_kind":"plain","optional":true,"computed":true},"pci_dss":{"type":"bool","description_kind":"plain","optional":true,"computed":true},"policy_id":{"type":"string","description_kind":"plain","optional":true,"computed":true},"protect_status":{"type":"number","description_kind":"plain","optional":true,"computed":true},"protocol":{"type":"string","description_kind":"plain","computed":true},"proxy":{"type":"bool","description_kind":"plain","optional":true},"redirect_url":{"type":"string","description_kind":"plain","optional":true},"region":{"type":"string","description_kind":"plain","optional":true,"computed":true},"tls":{"type":"string","description_kind":"plain","optional":true,"computed":true},"traffic_identifier":{"type":["map","string"],"description_kind":"plain","computed":true},"website_name":{"type":"string","description_kind":"plain","optional":true,"computed":true}},"block_types":{"connection_protection":{"nesting_mode":"list","block":{"attributes":{"duration":{"type":"number","description_kind":"plain","optional":true,"computed":true},"error_percentage":{"type":"number","description_kind":"plain","optional":true,"computed":true},"error_threshold":{"type":"number","description_kind":"plain","optional":true,"computed":true},"initial_downtime":{"type":"number","description_kind":"plain","optional":true,"computed":true},"multiplier_for_consecutive_breakdowns":{"type":"number","description_kind":"plain","optional":true,"computed":true},"pending_url_request_threshold":{"type":"number","description_kind":"plain","optional":true,"computed":true},"status":{"type":"bool","description_kind":"plain","optional":true,"computed":true}},"description_kind":"plain"},"max_items":1},"custom_page":{"nesting_mode":"list","block":{"attributes":{"block_page_type":{"type":"string","description_kind":"plain","required":true},"http_return_code":{"type":"string","description_kind":"plain","required":true},"page_content":{"type":"string","description_kind":"plain","required":true}},"description_kind":"plain"},"max_items":1},"server":{"nesting_mode":"list","block":{"attributes":{"address":{"type":"string","description_kind":"plain","required":true},"client_protocol":{"type":"string","description_kind":"plain","required":true},"port":{"type":"number","description_kind":"plain","required":true},"server_protocol":{"type":"string","description_kind":"plain","required":true},"type":{"type":"string","description_kind":"plain","required":true},"vpc_id":{"type":"string","description_kind":"plain","required":true}},"description_kind":"plain"},"min_items":1,"max_items":80},"timeout_settings":{"nesting_mode":"list","block":{"attributes":{"connection_timeout":{"type":"number","description_kind":"plain","optional":true,"computed":true},"read_timeout":{"type":"number","description_kind":"plain","optional":true,"computed":true},"write_timeout":{"type":"number","description_kind":"plain","optional":true,"computed":true}},"description_kind":"plain"},"max_items":1},"traffic_mark":{"nesting_mode":"list","block":{"attributes":{"ip_tags":{"type":["list","string"],"description_kind":"plain","optional":true,"computed":true},"session_tag":{"type":"string","description_kind":"plain","optional":true,"computed":true},"user_tag":{"type":"string","description_kind":"plain","optional":true,"computed":true}},"description_kind":"plain"},"max_items":1}},"description_kind":"plain"}},"hcs_waf_dedicated_instance":{"version":0,"block":{"attributes":{"access_status":{"type":"number","description_kind":"plain","computed":true},"available_zone":{"type":"string","description_kind":"plain","required":true},"cpu_architecture":{"type":"string","description_kind":"plain","optional":true},"ecs_flavor":{"type":"string","description_kind":"plain","required":true},"enterprise_project_id":{"type":"string","description_kind":"plain","optional":true},"group_id":{"type":"string","description_kind":"plain","optional":true},"id":{"type":"string","description_kind":"plain","optional":true,"computed":true},"name":{"type":"string","description_kind":"plain","required":true},"region":{"type":"string","description_kind":"plain","optional":true,"computed":true},"res_tenant":{"type":"bool","description":"schema: Internal; Specifies whether this is resource tenant.","description_kind":"plain","optional":true},"run_status":{"type":"number","description_kind":"plain","computed":true},"security_group":{"type":["list","string"],"description_kind":"plain","required":true},"server_id":{"type":"string","description_kind":"plain","computed":true},"service_ip":{"type":"string","description_kind":"plain","computed":true},"specification_code":{"type":"string","description_kind":"plain","required":true},"subnet_id":{"type":"string","description_kind":"plain","required":true},"upgradable":{"type":"number","description_kind":"plain","computed":true},"vpc_id":{"type":"string","description_kind":"plain","required":true}},"block_types":{"timeouts":{"nesting_mode":"single","block":{"attributes":{"create":{"type":"string","description_kind":"plain","optional":true},"delete":{"type":"string","description_kind":"plain","optional":true}},"description_kind":"plain"}}},"description_kind":"plain"}},"hcs_waf_policy":{"version":0,"block":{"attributes":{"bind_hosts":{"type":["list",["object",{"hostname":"string","id":"string","mode":"string","waf_type":"string"}]],"description_kind":"plain","computed":true},"deep_inspection":{"type":"bool","description_kind":"plain","computed":true},"enterprise_project_id":{"type":"string","description_kind":"plain","optional":true},"full_detection":{"type":"bool","description_kind":"plain","optional":true},"header_inspection":{"type":"bool","description_kind":"plain","computed":true},"id":{"type":"string","description_kind":"plain","optional":true,"computed":true},"level":{"type":"number","description_kind":"plain","optional":true,"computed":true},"name":{"type":"string","description_kind":"plain","required":true},"protection_mode":{"type":"string","description_kind":"plain","optional":true,"computed":true},"region":{"type":"string","description_kind":"plain","optional":true,"computed":true},"robot_action":{"type":"string","description_kind":"plain","optional":true,"computed":true},"shiro_decryption_check":{"type":"bool","description_kind":"plain","computed":true}},"block_types":{"options":{"nesting_mode":"list","block":{"attributes":{"anti_crawler":{"type":"bool","description_kind":"plain","optional":true},"basic_web_protection":{"type":"bool","description_kind":"plain","optional":true},"blacklist":{"type":"bool","description_kind":"plain","optional":true},"bot_enable":{"type":"bool","description_kind":"plain","optional":true},"cc_attack_protection":{"type":"bool","description_kind":"plain","optional":true},"crawler":{"type":"bool","description":"schema: Deprecated","description_kind":"plain","computed":true},"crawler_engine":{"type":"bool","description_kind":"plain","optional":true},"crawler_other":{"type":"bool","description_kind":"plain","optional":true},"crawler_scanner":{"type":"bool","description_kind":"plain","optional":true},"crawler_script":{"type":"bool","description_kind":"plain","optional":true},"data_masking":{"type":"bool","description_kind":"plain","optional":true},"false_alarm_masking":{"type":"bool","description_kind":"plain","optional":true},"general_check":{"type":"bool","description_kind":"plain","optional":true},"geolocation_access_control":{"type":"bool","description_kind":"plain","optional":true},"information_leakage_prevention":{"type":"bool","description_kind":"plain","optional":true},"known_attack_source":{"type":"bool","description_kind":"plain","optional":true},"precise_protection":{"type":"bool","description_kind":"plain","optional":true},"web_tamper_protection":{"type":"bool","description_kind":"plain","optional":true},"webshell":{"type":"bool","description_kind":"plain","optional":true}},"description_kind":"plain"}},"timeouts":{"nesting_mode":"single","block":{"attributes":{"create":{"type":"string","description_kind":"plain","optional":true},"delete":{"type":"string","description_kind":"plain","optional":true}},"description_kind":"plain"}}},"description_kind":"plain"}},"hcs_waf_reference_table":{"version":0,"block":{"attributes":{"conditions":{"type":["list","string"],"description":"schema: Required","description_kind":"plain","optional":true},"creation_time":{"type":"string","description_kind":"plain","computed":true},"description":{"type":"string","description_kind":"plain","optional":true},"enterprise_project_id":{"type":"string","description_kind":"plain","optional":true},"id":{"type":"string","description_kind":"plain","optional":true,"computed":true},"name":{"type":"string","description_kind":"plain","required":true},"region":{"type":"string","description_kind":"plain","optional":true,"computed":true},"type":{"type":"string","description_kind":"plain","required":true}},"description_kind":"plain"}},"hcs_waf_rule_blacklist":{"version":0,"block":{"attributes":{"action":{"type":"number","description_kind":"plain","optional":true},"address_group_id":{"type":"string","description_kind":"plain","optional":true},"address_group_name":{"type":"string","description_kind":"plain","computed":true},"address_group_size":{"type":"number","description_kind":"plain","computed":true},"description":{"type":"string","description_kind":"plain","optional":true},"enterprise_project_id":{"type":"string","description_kind":"plain","optional":true},"id":{"type":"string","description_kind":"plain","optional":true,"computed":true},"ip_address":{"type":"string","description_kind":"plain","optional":true},"name":{"type":"string","description":"schema: Required","description_kind":"plain","optional":true,"computed":true},"policy_id":{"type":"string","description_kind":"plain","required":true},"region":{"type":"string","description_kind":"plain","optional":true,"computed":true},"status":{"type":"number","description_kind":"plain","optional":true}},"block_types":{"timeouts":{"nesting_mode":"single","block":{"attributes":{"create":{"type":"string","description_kind":"plain","optional":true},"delete":{"type":"string","description_kind":"plain","optional":true}},"description_kind":"plain"}}},"description_kind":"plain"}},"hcs_waf_rule_cc_protection":{"version":0,"block":{"attributes":{"all_waf_instances":{"type":"bool","description":"Specifies whether to enable global counting. Default to false.","description_kind":"plain","optional":true,"computed":true},"block_page_type":{"type":"string","description":"Specifies the type of the returned page.\nThe options are **application/json**, **text/html** and **text/xml**.","description_kind":"plain","optional":true},"description":{"type":"string","description":"Specifies the description of WAF cc protection rule.","description_kind":"plain","optional":true},"enterprise_project_id":{"type":"string","description":"Specifies the enterprise project ID of WAF cc protection rule.","description_kind":"plain","optional":true},"id":{"type":"string","description_kind":"plain","optional":true,"computed":true},"limit_num":{"type":"number","description":"Specifies the number of requests allowed from a web visitor in a rate limiting period.\nThe value ranges from 1 to 2,147,483,647.","description_kind":"plain","required":true},"limit_period":{"type":"number","description":"Specifies the rate limiting period. The value ranges from 1 to 3,600 in seconds.","description_kind":"plain","required":true},"lock_time":{"type":"number","description":"Specifies the lock time for resuming normal page access after blocking can be set.\nThe value ranges from 0 to 65,535 in seconds.","description_kind":"plain","optional":true},"name":{"type":"string","description":"Specifies the rule name of WAF cc protection rule.","description_kind":"plain","required":true},"other_user_identifier":{"type":"string","description":"Specifies the other user identifier.","description_kind":"plain","optional":true},"page_content":{"type":"string","description":"Specifies the content of the returned page.","description_kind":"plain","optional":true},"policy_id":{"type":"string","description":"Specifies the policy ID of WAF cc protection rule.","description_kind":"plain","required":true},"protective_action":{"type":"string","description":"Specifies the protective action taken when the number of requests reaches the upper limit.\nThe value can be **captcha**, **block**, **log** or **dynamic_block**.","description_kind":"plain","required":true},"rate_limit_mode":{"type":"string","description":"Specifies the rate limit mode.\nValid values are **ip**, **cookie**, **header**, **other**, **policy**, **domain**, **url**.","description_kind":"plain","required":true},"region":{"type":"string","description_kind":"plain","optional":true,"computed":true},"request_aggregation":{"type":"bool","description":"Specifies whether to enable domain aggregation statistics. Default to false.","description_kind":"plain","optional":true,"computed":true},"status":{"type":"number","description":"The status of a cc protection rule.","description_kind":"plain","optional":true},"unlock_num":{"type":"number","description":"Specifies the allowable frequency. The value ranges from 0 to 2,147,483,647.","description_kind":"plain","optional":true},"user_identifier":{"type":"string","description":"Specifies the user identifier.","description_kind":"plain","optional":true}},"block_types":{"conditions":{"nesting_mode":"list","block":{"attributes":{"content":{"type":"string","description":"Specifies the content of the match condition.","description_kind":"plain","optional":true,"computed":true},"field":{"type":"string","description":"Specifies the field type.\nThe value can be **url**, **ip**, **ipv6**, **params**, **cookie**, **header** or **response_code**.","description_kind":"plain","required":true},"logic":{"type":"string","description":"Specifies the condition matching logic.","description_kind":"plain","required":true},"reference_table_id":{"type":"string","description":"Specifies the reference table id.","description_kind":"plain","optional":true},"subfield":{"type":"string","description":"Specifies the subfield of the condition.","description_kind":"plain","optional":true}},"description":"Specifies the match condition list.","description_kind":"plain"},"min_items":1}},"description_kind":"plain"}},"hcs_waf_rule_data_masking":{"version":0,"block":{"attributes":{"description":{"type":"string","description_kind":"plain","optional":true,"computed":true},"enterprise_project_id":{"type":"string","description_kind":"plain","optional":true},"field":{"type":"string","description_kind":"plain","required":true},"id":{"type":"string","description_kind":"plain","optional":true,"computed":true},"path":{"type":"string","description_kind":"plain","required":true},"policy_id":{"type":"string","description_kind":"plain","required":true},"region":{"type":"string","description_kind":"plain","optional":true,"computed":true},"status":{"type":"number","description_kind":"plain","optional":true},"subfield":{"type":"string","description_kind":"plain","required":true}},"description_kind":"plain"}},"hcs_waf_rule_geolocation_access_control":{"version":0,"block":{"attributes":{"action":{"type":"number","description":"Specifies the protective action of WAF geolocation access control rule.","description_kind":"plain","required":true},"description":{"type":"string","description":"Specifies the description of WAF geolocation access control rule.","description_kind":"plain","optional":true},"enterprise_project_id":{"type":"string","description":"Specifies the enterprise project ID of WAF geolocation access control rule.","description_kind":"plain","optional":true},"geolocation":{"type":"string","description":"Specifies the locations that can be configured in the geolocation access control rule.","description_kind":"plain","required":true},"id":{"type":"string","description_kind":"plain","optional":true,"computed":true},"name":{"type":"string","description":"Specifies the name of WAF geolocation access control rule.","description_kind":"plain","required":true},"policy_id":{"type":"string","description":"Specifies the policy ID.","description_kind":"plain","required":true},"region":{"type":"string","description_kind":"plain","optional":true,"computed":true},"status":{"type":"number","description":"Specifies the status of WAF geolocation access control rule.","description_kind":"plain","optional":true}},"description_kind":"plain"}},"hcs_waf_rule_global_protection_whitelist":{"version":0,"block":{"attributes":{"advanced_content":{"type":"string","description":"Specifies the advanced content.","description_kind":"plain","optional":true},"advanced_field":{"type":"string","description":"Specifies the advanced field. The following fields are supported:\n**params**, **cookie**, **header**, **body** and **multipart**.","description_kind":"plain","optional":true},"description":{"type":"string","description":"Specifies the description of WAF global protection whitelist rule.","description_kind":"plain","optional":true},"domains":{"type":["list","string"],"description":"Specifies the protected domain name bound with the policy or manually enter a single\ndomain name corresponding to the wildcard domain name.","description_kind":"plain","required":true},"enterprise_project_id":{"type":"string","description":"Specifies the enterprise project ID of WAF global protection whitelist rule.","description_kind":"plain","optional":true},"id":{"type":"string","description_kind":"plain","optional":true,"computed":true},"ignore_waf_protection":{"type":"string","description":"Specifies the ignore waf protection rule.","description_kind":"plain","required":true},"policy_id":{"type":"string","description":"Specifies the policy ID of WAF global protection whitelist rule.","description_kind":"plain","required":true},"region":{"type":"string","description_kind":"plain","optional":true,"computed":true},"status":{"type":"number","description":"Specifies the status of WAF global protection whitelist rule.","description_kind":"plain","optional":true}},"block_types":{"conditions":{"nesting_mode":"list","block":{"attributes":{"content":{"type":"string","description":"Specifies the content of the match condition.","description_kind":"plain","required":true},"field":{"type":"string","description":"Specifies the field type. The value can be **ip**, **url**, **params**, **cookie** \nor **header**.","description_kind":"plain","required":true},"logic":{"type":"string","description":"Specifies the condition matching logic.","description_kind":"plain","required":true},"subfield":{"type":"string","description":"Specifies the subfield of the condition.","description_kind":"plain","optional":true,"computed":true}},"description":"Specifies the match condition list.","description_kind":"plain"},"min_items":1}},"description_kind":"plain"}},"hcs_waf_rule_information_leakage_prevention":{"version":0,"block":{"attributes":{"contents":{"type":["set","string"],"description":"Specifies the rule contents.","description_kind":"plain","required":true},"description":{"type":"string","description":"Specifies the rule description.","description_kind":"plain","optional":true},"enterprise_project_id":{"type":"string","description":"Specifies the enterprise project ID.","description_kind":"plain","optional":true},"id":{"type":"string","description_kind":"plain","optional":true,"computed":true},"path":{"type":"string","description":"Specifies the path to which the rule applies.","description_kind":"plain","required":true},"policy_id":{"type":"string","description":"Specifies the policy ID.","description_kind":"plain","required":true},"protective_action":{"type":"string","description":"Specifies the protective action.","description_kind":"plain","required":true},"region":{"type":"string","description_kind":"plain","optional":true,"computed":true},"status":{"type":"number","description":"The rule status.","description_kind":"plain","computed":true},"type":{"type":"string","description":"Specifies the type of WAF information leakage prevention rule.","description_kind":"plain","required":true}},"description_kind":"plain"}},"hcs_waf_rule_known_attack_source":{"version":0,"block":{"attributes":{"block_time":{"type":"number","description":"Specifies the blocking time in seconds.","description_kind":"plain","required":true},"block_type":{"type":"string","description":"Specifies the type of WAF known attack source rule.","description_kind":"plain","required":true},"description":{"type":"string","description":"Specifies the description of WAF known attack source rule.","description_kind":"plain","optional":true},"enterprise_project_id":{"type":"string","description":"Specifies the enterprise project ID.","description_kind":"plain","optional":true},"id":{"type":"string","description_kind":"plain","optional":true,"computed":true},"policy_id":{"type":"string","description":"Specifies the policy ID.","description_kind":"plain","required":true},"region":{"type":"string","description_kind":"plain","optional":true,"computed":true}},"description_kind":"plain"}},"hcs_waf_rule_precise_protection":{"version":0,"block":{"attributes":{"action":{"type":"string","description":"Specifies the protective action of the precise protection rule.","description_kind":"plain","optional":true},"description":{"type":"string","description":"Specifies the description of WAF precise protection rule.","description_kind":"plain","optional":true,"computed":true},"end_time":{"type":"string","description":"Specifies the time when the precise protection rule expires.","description_kind":"plain","optional":true},"enterprise_project_id":{"type":"string","description":"Specifies the enterprise project ID of WAF precise protection rule.","description_kind":"plain","optional":true},"id":{"type":"string","description_kind":"plain","optional":true,"computed":true},"known_attack_source_id":{"type":"string","description":"Specifies the known attack source ID.","description_kind":"plain","optional":true},"name":{"type":"string","description":"Specifies the name of WAF precise protection rule.","description_kind":"plain","required":true},"policy_id":{"type":"string","description":"Specifies the policy ID of WAF precise protection rule.","description_kind":"plain","required":true},"priority":{"type":"number","description":"Specifies the priority of a rule.","description_kind":"plain","required":true},"region":{"type":"string","description_kind":"plain","optional":true,"computed":true},"start_time":{"type":"string","description":"Specifies the time when the precise protection rule takes effect.","description_kind":"plain","optional":true},"status":{"type":"number","description":"Specifies the status of WAF precise protection rule.","description_kind":"plain","optional":true}},"block_types":{"conditions":{"nesting_mode":"list","block":{"attributes":{"content":{"type":"string","description":"Specifies the content of the match condition.","description_kind":"plain","optional":true,"computed":true},"field":{"type":"string","description":"Specifies the field of the condition.","description_kind":"plain","required":true},"logic":{"type":"string","description":"Specifies the condition matching logic.","description_kind":"plain","required":true},"reference_table_id":{"type":"string","description":"Specifies the reference table id.","description_kind":"plain","optional":true,"computed":true},"subfield":{"type":"string","description":"Specifies the subfield of the condition.","description_kind":"plain","optional":true,"computed":true}},"description":"Specifies the match condition list.","description_kind":"plain"},"min_items":1}},"description_kind":"plain"}},"hcs_waf_rule_web_tamper_protection":{"version":0,"block":{"attributes":{"description":{"type":"string","description_kind":"plain","optional":true,"computed":true},"domain":{"type":"string","description_kind":"plain","required":true},"enterprise_project_id":{"type":"string","description_kind":"plain","optional":true},"id":{"type":"string","description_kind":"plain","optional":true,"computed":true},"path":{"type":"string","description_kind":"plain","required":true},"policy_id":{"type":"string","description_kind":"plain","required":true},"region":{"type":"string","description_kind":"plain","optional":true,"computed":true},"status":{"type":"number","description_kind":"plain","optional":true}},"description_kind":"plain"}}},"data_source_schemas":{"hcs_as_configurations":{"version":0,"block":{"attributes":{"configurations":{"type":["list",["object",{"instance_config":["list",["object",{"charging_mode":"string","disk":["list",["object",{"disk_type":"string","kms_id":"string","size":"number","volume_type":"string"}]],"ecs_group_id":"string","flavor":"string","flavor_priority_policy":"string","image":"string","instance_id":"string","key_name":"string","metadata":["map","string"],"personality":["list",["object",{"content":"string","path":"string"}]],"public_ip":["list",["object",{"eip":["list",["object",{"bandwidth":["list",["object",{"charging_mode":"string","share_type":"string","size":"number"}]],"ip_type":"string"}]]}]],"security_group_ids":["list","string"],"user_data":"string"}]],"scaling_configuration_id":"string","scaling_configuration_name":"string","status":"string"}]],"description":"The information about AS instance configurations.","description_kind":"plain","computed":true},"id":{"type":"string","description_kind":"plain","optional":true,"computed":true},"image_id":{"type":"string","description":"The AS image id used to query configuration list.","description_kind":"plain","optional":true},"name":{"type":"string","description":"The AS configuration name used to query configuration list.","description_kind":"plain","optional":true},"region":{"type":"string","description":"The region where the AS configurations are located.","description_kind":"plain","optional":true,"computed":true}},"description_kind":"plain"}},"hcs_as_groups":{"version":0,"block":{"attributes":{"enterprise_project_id":{"type":"string","description":"The Enterprise Project id used to query group list.","description_kind":"plain","optional":true},"groups":{"type":["list",["object",{"activity_type":"string","availability_zones":["list","string"],"cool_down_time":"number","created_at":"string","current_instance_number":"number","delete_publicip":"bool","delete_volume":"bool","description":"string","desire_instance_number":"number","detail":"string","enterprise_project_id":"string","health_periodic_audit_grace_period":"number","health_periodic_audit_method":"string","health_periodic_audit_time":"number","iam_agency_name":"string","instance_terminate_policy":"string","instances":["list","string"],"is_scaling":"bool","lbaas_listeners":["list",["object",{"pool_id":"string","protocol_port":"number","weight":"number"}]],"max_instance_number":"number","min_instance_number":"number","multi_az_scaling_policy":"string","networks":["list",["object",{"id":"string","ipv6_bandwidth_id":"string","ipv6_enable":"bool","source_dest_check":"bool"}]],"scaling_configuration_id":"string","scaling_configuration_name":"string","scaling_group_id":"string","scaling_group_name":"string","security_groups":["list",["object",{"id":"string"}]],"status":"string","tags":["map","string"],"vpc_id":"string"}]],"description":"A list of AS groups","description_kind":"plain","computed":true},"id":{"type":"string","description_kind":"plain","optional":true,"computed":true},"name":{"type":"string","description":"The AS group name used to query group list.","description_kind":"plain","optional":true},"region":{"type":"string","description":"The region where the AS groups are located.","description_kind":"plain","optional":true,"computed":true},"scaling_configuration_id":{"type":"string","description":"The AS group configuration id used to query group list.","description_kind":"plain","optional":true},"status":{"type":"string","description":"The AS group status used to query group list.","description_kind":"plain","optional":true}},"description_kind":"plain"}},"hcs_availability_zones":{"version":0,"block":{"attributes":{"id":{"type":"string","description_kind":"plain","optional":true,"computed":true},"names":{"type":["list","string"],"description_kind":"plain","computed":true},"region":{"type":"string","description_kind":"plain","optional":true,"computed":true},"state":{"type":"string","description_kind":"plain","optional":true}},"description_kind":"plain"}},"hcs_bms_flavors":{"version":0,"block":{"attributes":{"availability_zone":{"type":"string","description_kind":"plain","optional":true},"cpu_arch":{"type":"string","description_kind":"plain","optional":true},"flavors":{"type":["list",["object",{"cpu_arch":"string","id":"string","memory":"number","operation":"string","vcpus":"number"}]],"description_kind":"plain","computed":true},"id":{"type":"string","description_kind":"plain","optional":true,"computed":true},"memory":{"type":"number","description_kind":"plain","optional":true},"region":{"type":"string","description_kind":"plain","optional":true,"computed":true},"vcpus":{"type":"number","description_kind":"plain","optional":true}},"description_kind":"plain"}},"hcs_cce_addon_template":{"version":0,"block":{"attributes":{"cluster_id":{"type":"string","description_kind":"plain","required":true},"description":{"type":"string","description_kind":"plain","computed":true},"id":{"type":"string","description_kind":"plain","optional":true,"computed":true},"name":{"type":"string","description_kind":"plain","required":true},"region":{"type":"string","description_kind":"plain","optional":true,"computed":true},"spec":{"type":"string","description_kind":"plain","computed":true},"stable":{"type":"bool","description_kind":"plain","computed":true},"support_version":{"type":["list",["object",{"bare_metal":["set","string"],"virtual_machine":["set","string"]}]],"description_kind":"plain","computed":true},"version":{"type":"string","description_kind":"plain","required":true}},"description_kind":"plain"}},"hcs_cce_cluster":{"version":0,"block":{"attributes":{"authentication_mode":{"type":"string","description_kind":"plain","computed":true},"billing_mode":{"type":"number","description_kind":"plain","computed":true},"certificate_clusters":{"type":["list",["object",{"certificate_authority_data":"string","name":"string","server":"string"}]],"description_kind":"plain","computed":true},"certificate_users":{"type":["list",["object",{"client_certificate_data":"string","client_key_data":"string","name":"string"}]],"description_kind":"plain","computed":true},"cluster_type":{"type":"string","description_kind":"plain","optional":true,"computed":true},"cluster_version":{"type":"string","description_kind":"plain","computed":true},"container_network_cidr":{"type":"string","description_kind":"plain","computed":true},"container_network_type":{"type":"string","description_kind":"plain","computed":true},"description":{"type":"string","description_kind":"plain","computed":true},"endpoints":{"type":["set",["object",{"type":"string","url":"string"}]],"description_kind":"plain","computed":true},"eni_subnet_cidr":{"type":"string","description_kind":"plain","computed":true},"eni_subnet_id":{"type":"string","description_kind":"plain","computed":true},"enterprise_project_id":{"type":"string","description_kind":"plain","computed":true},"flavor_id":{"type":"string","description_kind":"plain","computed":true},"highway_subnet_id":{"type":"string","description_kind":"plain","computed":true},"id":{"type":"string","description_kind":"plain","optional":true,"computed":true},"kube_config_raw":{"type":"string","description_kind":"plain","computed":true},"masters":{"type":["list",["object",{"availability_zone":"string"}]],"description_kind":"plain","computed":true},"name":{"type":"string","description_kind":"plain","optional":true,"computed":true},"region":{"type":"string","description_kind":"plain","optional":true,"computed":true},"security_group_id":{"type":"string","description_kind":"plain","computed":true},"service_network_cidr":{"type":"string","description_kind":"plain","computed":true},"status":{"type":"string","description_kind":"plain","optional":true,"computed":true},"subnet_id":{"type":"string","description_kind":"plain","computed":true},"vpc_id":{"type":"string","description_kind":"plain","optional":true,"computed":true}},"description_kind":"plain"}},"hcs_cce_clusters":{"version":0,"block":{"attributes":{"cluster_id":{"type":"string","description_kind":"plain","optional":true},"cluster_type":{"type":"string","description_kind":"plain","optional":true},"clusters":{"type":["list",["object",{"authentication_mode":"string","billing_mode":"number","certificate_clusters":["list",["object",{"certificate_authority_data":"string","name":"string","server":"string"}]],"certificate_users":["list",["object",{"client_certificate_data":"string","client_key_data":"string","name":"string"}]],"cluster_type":"string","cluster_version":"string","container_network_cidr":"string","container_network_type":"string","description":"string","endpoints":["set",["object",{"type":"string","url":"string"}]],"eni_subnet_cidr":"string","eni_subnet_id":"string","enterprise_project_id":"string","flavor_id":"string","id":"string","kube_config_raw":"string","masters":["list",["object",{"availability_zone":"string"}]],"name":"string","security_group_id":"string","service_network_cidr":"string","status":"string","subnet_id":"string","vpc_id":"string"}]],"description_kind":"plain","computed":true},"enterprise_project_id":{"type":"string","description_kind":"plain","optional":true},"id":{"type":"string","description_kind":"plain","optional":true,"computed":true},"ids":{"type":["list","string"],"description_kind":"plain","computed":true},"name":{"type":"string","description_kind":"plain","optional":true},"region":{"type":"string","description_kind":"plain","optional":true,"computed":true},"status":{"type":"string","description_kind":"plain","optional":true},"vpc_id":{"type":"string","description_kind":"plain","optional":true}},"description_kind":"plain"}},"hcs_cce_node":{"version":0,"block":{"attributes":{"availability_zone":{"type":"string","description_kind":"plain","computed":true},"billing_mode":{"type":"number","description_kind":"plain","computed":true},"cluster_id":{"type":"string","description_kind":"plain","required":true},"data_volumes":{"type":["list",["object",{"extend_params":["map","string"],"size":"number","volumetype":"string"}]],"description_kind":"plain","computed":true},"ecs_group_id":{"type":"string","description_kind":"plain","computed":true},"flavor_id":{"type":"string","description_kind":"plain","computed":true},"id":{"type":"string","description_kind":"plain","optional":true,"computed":true},"key_pair":{"type":"string","description_kind":"plain","computed":true},"name":{"type":"string","description_kind":"plain","optional":true,"computed":true},"node_id":{"type":"string","description_kind":"plain","optional":true,"computed":true},"os":{"type":"string","description_kind":"plain","computed":true},"private_ip":{"type":"string","description_kind":"plain","computed":true},"public_ip":{"type":"string","description_kind":"plain","computed":true},"region":{"type":"string","description_kind":"plain","optional":true,"computed":true},"root_volume":{"type":["list",["object",{"extend_params":["map","string"],"size":"number","volumetype":"string"}]],"description_kind":"plain","computed":true},"server_id":{"type":"string","description_kind":"plain","computed":true},"status":{"type":"string","description_kind":"plain","optional":true,"computed":true},"subnet_id":{"type":"string","description_kind":"plain","computed":true},"tags":{"type":["map","string"],"description_kind":"plain","computed":true}},"description_kind":"plain"}},"hcs_cce_node_pool":{"version":0,"block":{"attributes":{"availability_zone":{"type":"string","description_kind":"plain","computed":true},"cluster_id":{"type":"string","description_kind":"plain","required":true},"current_node_count":{"type":"number","description_kind":"plain","computed":true},"data_volumes":{"type":["list",["object",{"extend_params":["map","string"],"size":"number","volumetype":"string"}]],"description_kind":"plain","computed":true},"extend_param":{"type":["map","string"],"description_kind":"plain","computed":true},"flavor_id":{"type":"string","description_kind":"plain","computed":true},"id":{"type":"string","description_kind":"plain","optional":true,"computed":true},"initial_node_count":{"type":"number","description_kind":"plain","computed":true},"key_pair":{"type":"string","description_kind":"plain","computed":true},"labels":{"type":["map","string"],"description_kind":"plain","computed":true},"max_node_count":{"type":"number","description_kind":"plain","computed":true},"max_pods":{"type":"number","description_kind":"plain","computed":true},"min_node_count":{"type":"number","description_kind":"plain","computed":true},"name":{"type":"string","description_kind":"plain","optional":true,"computed":true},"node_pool_id":{"type":"string","description_kind":"plain","optional":true,"computed":true},"os":{"type":"string","description_kind":"plain","computed":true},"priority":{"type":"number","description_kind":"plain","computed":true},"region":{"type":"string","description_kind":"plain","optional":true,"computed":true},"root_volume":{"type":["list",["object",{"extend_params":["map","string"],"size":"number","volumetype":"string"}]],"description_kind":"plain","computed":true},"scale_down_cooldown_time":{"type":"number","description_kind":"plain","computed":true},"scall_enable":{"type":"bool","description_kind":"plain","computed":true},"status":{"type":"string","description_kind":"plain","optional":true,"computed":true},"subnet_id":{"type":"string","description_kind":"plain","computed":true},"tags":{"type":["map","string"],"description_kind":"plain","computed":true},"type":{"type":"string","description_kind":"plain","computed":true}},"description_kind":"plain"}},"hcs_cce_nodes":{"version":0,"block":{"attributes":{"cluster_id":{"type":"string","description_kind":"plain","required":true},"id":{"type":"string","description_kind":"plain","optional":true,"computed":true},"ids":{"type":["list","string"],"description_kind":"plain","computed":true},"name":{"type":"string","description_kind":"plain","optional":true},"node_id":{"type":"string","description_kind":"plain","optional":true},"nodes":{"type":["list",["object",{"availability_zone":"string","billing_mode":"number","data_volumes":["list",["object",{"extend_params":["map","string"],"size":"number","volumetype":"string"}]],"ecs_group_id":"string","flavor_id":"string","id":"string","key_pair":"string","name":"string","os":"string","private_ip":"string","public_ip":"string","root_volume":["list",["object",{"extend_params":["map","string"],"size":"number","volumetype":"string"}]],"server_id":"string","status":"string","subnet_id":"string","tags":["map","string"]}]],"description_kind":"plain","computed":true},"region":{"type":"string","description_kind":"plain","optional":true,"computed":true},"status":{"type":"string","description_kind":"plain","optional":true}},"description_kind":"plain"}},"hcs_cfw_firewalls":{"version":0,"block":{"attributes":{"fw_instance_id":{"type":"string","description":"|-\n                    The firewall instance ID.","description_kind":"plain","optional":true},"id":{"type":"string","description_kind":"plain","optional":true,"computed":true},"records":{"type":["list",["object",{"charge_mode":"number","engine_type":"number","feature_toggle":["map","bool"],"flavor":["list",["object",{"bandwidth":"number","eip_count":"number","log_storage":"number","version":"number","vpc_count":"number"}]],"fw_instance_id":"string","ha_type":"number","is_old_firewall_instance":"bool","name":"string","protect_objects":["list",["object",{"object_id":"string","object_name":"string","type":"number"}]],"resources":["list",["object",{"cloud_service_type":"string","resource_id":"string","resource_size":"number","resource_size_measure_id":"number","resource_spec_code":"string","resource_type":"string"}]],"service_type":"number","status":"number","support_ipv6":"bool"}]],"description":"The firewall instance records.","description_kind":"plain","computed":true},"region":{"type":"string","description_kind":"plain","optional":true,"computed":true},"service_type":{"type":"number","description":"|-\n                    Service type\n                      0. North-south firewall\n                      1. East-west firewall","description_kind":"plain","optional":true}},"description_kind":"plain"}},"hcs_dws_flavors":{"version":0,"block":{"attributes":{"availability_zone":{"type":"string","description":"The availability zone name.","description_kind":"plain","optional":true},"datastore_type":{"type":"string","description":"The type of datastore.","description_kind":"plain","optional":true},"flavors":{"type":["list",["object",{"availability_zones":["list","string"],"datastore_type":"string","elastic_volume_specs":["list",["object",{"max_size":"number","min_size":"number","step":"number"}]],"flavor_id":"string","memory":"number","size":"number","vcpus":"number","volumetype":"string"}]],"description":"The list of flavor detail.","description_kind":"plain","computed":true},"id":{"type":"string","description_kind":"plain","optional":true,"computed":true},"memory":{"type":"number","description":"The ram of the dws node flavor in GB.","description_kind":"plain","optional":true},"region":{"type":"string","description_kind":"plain","optional":true,"computed":true},"vcpus":{"type":"number","description":"The vcpus of the dws node flavor.","description_kind":"plain","optional":true}},"description_kind":"plain"}},"hcs_ecs_compute_flavors":{"version":0,"block":{"attributes":{"availability_zone":{"type":"string","description_kind":"plain","optional":true},"cpu_core_count":{"type":"number","description_kind":"plain","optional":true},"flavors":{"type":["list",["object",{"id":"string","name":"string","ram":"number","vcpus":"string"}]],"description_kind":"plain","computed":true},"id":{"type":"string","description_kind":"plain","optional":true,"computed":true},"ids":{"type":["list","string"],"description_kind":"plain","computed":true},"memory_size":{"type":"number","description_kind":"plain","optional":true},"region":{"type":"string","description_kind":"plain","optional":true,"computed":true}},"description_kind":"plain"}},"hcs_ecs_compute_instance":{"version":0,"block":{"attributes":{"availability_zone":{"type":"string","description_kind":"plain","computed":true},"enterprise_project_id":{"type":"string","description_kind":"plain","optional":true,"computed":true},"fixed_ip_v4":{"type":"string","description_kind":"plain","optional":true},"flavor_id":{"type":"string","description_kind":"plain","optional":true,"computed":true},"flavor_name":{"type":"string","description_kind":"plain","computed":true},"id":{"type":"string","description_kind":"plain","optional":true,"computed":true},"image_id":{"type":"string","description_kind":"plain","computed":true},"image_name":{"type":"string","description_kind":"plain","computed":true},"instance_id":{"type":"string","description_kind":"plain","optional":true},"key_pair":{"type":"string","description_kind":"plain","computed":true},"name":{"type":"string","description_kind":"plain","optional":true,"computed":true},"network":{"type":["list",["object",{"fixed_ip_v4":"string","fixed_ip_v6":"string","mac":"string","port":"string","uuid":"string"}]],"description_kind":"plain","computed":true},"public_ip":{"type":"string","description_kind":"plain","computed":true},"region":{"type":"string","description_kind":"plain","optional":true,"computed":true},"scheduler_hints":{"type":["list",["object",{"group":"string"}]],"description_kind":"plain","computed":true},"security_group_ids":{"type":["list","string"],"description_kind":"plain","computed":true},"security_groups":{"type":["list","string"],"description_kind":"plain","computed":true},"status":{"type":"string","description_kind":"plain","computed":true},"system_disk_id":{"type":"string","description_kind":"plain","computed":true},"tags":{"type":["map","string"],"description_kind":"plain","computed":true},"user_data":{"type":"string","description_kind":"plain","computed":true},"volume_attached":{"type":["list",["object",{"boot_index":"number","is_sys_volume":"bool","pci_address":"string","size":"number","type":"string","volume_id":"string"}]],"description_kind":"plain","computed":true}},"description_kind":"plain"}},"hcs_ecs_compute_instances":{"version":0,"block":{"attributes":{"availability_zone":{"type":"string","description_kind":"plain","optional":true},"enterprise_project_id":{"type":"string","description_kind":"plain","optional":true},"flavor_id":{"type":"string","description_kind":"plain","optional":true},"flavor_name":{"type":"string","description_kind":"plain","optional":true},"id":{"type":"string","description_kind":"plain","optional":true,"computed":true},"image_id":{"type":"string","description_kind":"plain","optional":true},"instance_id":{"type":"string","description_kind":"plain","optional":true},"instances":{"type":["list",["object",{"availability_zone":"string","enterprise_project_id":"string","flavor_id":"string","flavor_name":"string","id":"string","image_id":"string","image_name":"string","key_pair":"string","name":"string","network":["list",["object",{"fixed_ip_v4":"string","fixed_ip_v6":"string","mac":"string","port":"string","uuid":"string"}]],"public_ip":"string","scheduler_hints":["list",["object",{"group":"string"}]],"security_group_ids":["list","string"],"status":"string","system_disk_id":"string","tags":["map","string"],"user_data":"string","volume_attached":["list",["object",{"boot_index":"number","is_sys_volume":"bool","pci_address":"string","size":"number","type":"string","volume_id":"string"}]]}]],"description_kind":"plain","computed":true},"key_pair":{"type":"string","description_kind":"plain","optional":true},"name":{"type":"string","description_kind":"plain","optional":true},"region":{"type":"string","description_kind":"plain","optional":true},"status":{"type":"string","description_kind":"plain","optional":true}},"description_kind":"plain"}},"hcs_ecs_compute_servergroups":{"version":0,"block":{"attributes":{"id":{"type":"string","description_kind":"plain","optional":true,"computed":true},"name":{"type":"string","description_kind":"plain","optional":true},"region":{"type":"string","description_kind":"plain","optional":true},"servergroups":{"type":["list",["object",{"id":"string","members":["list","string"],"name":"string","policies":["list","string"]}]],"description_kind":"plain","computed":true}},"description_kind":"plain"}},"hcs_elb_certificate":{"version":0,"block":{"attributes":{"description":{"type":"string","description_kind":"plain","computed":true},"domain":{"type":"string","description_kind":"plain","computed":true},"expiration":{"type":"string","description_kind":"plain","computed":true},"id":{"type":"string","description_kind":"plain","optional":true,"computed":true},"name":{"type":"string","description_kind":"plain","required":true},"region":{"type":"string","description_kind":"plain","optional":true,"computed":true},"type":{"type":"string","description_kind":"plain","computed":true}},"description_kind":"plain"}},"hcs_elb_pools":{"version":0,"block":{"attributes":{"description":{"type":"string","description":"Specifies the description of the ELB pool.","description_kind":"plain","optional":true},"healthmonitor_id":{"type":"string","description":"Specifies the health monitor ID of the ELB pool.","description_kind":"plain","optional":true},"id":{"type":"string","description_kind":"plain","optional":true,"computed":true},"lb_method":{"type":"string","description":"Specifies the method of the ELB pool.","description_kind":"plain","optional":true},"listener_id":{"type":"string","description":"Specifies the listener ID of the ELB pool.","description_kind":"plain","optional":true},"loadbalancer_id":{"type":"string","description":"Specifies the loadbalancer ID of the ELB pool.","description_kind":"plain","optional":true},"name":{"type":"string","description":"Specifies the name of the ELB pool.","description_kind":"plain","optional":true},"pool_id":{"type":"string","description":"Specifies the ID of the ELB pool.","description_kind":"plain","optional":true},"pools":{"type":["list",["object",{"description":"string","healthmonitor_id":"string","id":"string","ip_version":"string","lb_method":"string","listeners":["list",["object",{"id":"string"}]],"loadbalancers":["list",["object",{"id":"string"}]],"members":["list",["object",{"id":"string"}]],"name":"string","persistence":["list",["object",{"cookie_name":"string","type":"string"}]],"protocol":"string"}]],"description":"Pool list. For details, see Data structure of the Pool field.","description_kind":"plain","computed":true},"protocol":{"type":"string","description":"Specifies the protocol of the ELB pool.","description_kind":"plain","optional":true},"region":{"type":"string","description_kind":"plain","optional":true,"computed":true}},"description_kind":"plain"}},"hcs_enterprise_project":{"version":0,"block":{"attributes":{"auth_action":{"type":"string","description_kind":"plain","optional":true},"contain_default":{"type":"bool","description_kind":"plain","optional":true},"domain_id":{"type":"string","description_kind":"plain","optional":true},"id":{"type":"string","description_kind":"plain","optional":true},"ids":{"type":"string","description_kind":"plain","optional":true},"inherit":{"type":"bool","description_kind":"plain","optional":true},"instances":{"type":["list",["object",{"created_at":"string","delete_flag":"bool","description":"string","domain_id":"string","domain_name":"string","id":"string","name":"string","project_id":"string","project_name":"string","status":"number","type":"string","updated_at":"string","vdc_id":"string","vdc_name":"string"}]],"description_kind":"plain","computed":true},"limit":{"type":"string","description_kind":"plain","optional":true},"name":{"type":"string","description_kind":"plain","optional":true},"offset":{"type":"string","description_kind":"plain","optional":true},"project_id":{"type":"string","description_kind":"plain","optional":true},"query_type":{"type":"string","description_kind":"plain","optional":true},"sort_dir":{"type":"string","description_kind":"plain","optional":true},"sort_key":{"type":"string","description_kind":"plain","optional":true},"status":{"type":"number","description_kind":"plain","optional":true},"type":{"type":"string","description_kind":"plain","optional":true},"vdc_id":{"type":"string","description_kind":"plain","optional":true}},"description_kind":"plain"}},"hcs_evs_snapshots":{"version":0,"block":{"attributes":{"availability_zone":{"type":"string","description_kind":"plain","optional":true},"enterprise_project_id":{"type":"string","description_kind":"plain","optional":true},"id":{"type":"string","description_kind":"plain","optional":true,"computed":true},"name":{"type":"string","description_kind":"plain","optional":true},"region":{"type":"string","description_kind":"plain","optional":true},"snapshot_id":{"type":"string","description_kind":"plain","optional":true},"snapshots":{"type":["list",["object",{"created_at":"string","description":"string","id":"string","metadata":["map","string"],"name":"string","size":"number","status":"string","updated_at":"string","volume_id":"string"}]],"description_kind":"plain","computed":true},"status":{"type":"string","description_kind":"plain","optional":true},"volume_id":{"type":"string","description_kind":"plain","optional":true}},"description_kind":"plain"}},"hcs_evs_volume_types":{"version":0,"block":{"attributes":{"availability_zone":{"type":"string","description_kind":"plain","optional":true},"extra_specs":{"type":["map","string"],"description_kind":"plain","optional":true},"id":{"type":"string","description_kind":"plain","optional":true,"computed":true},"volume_types":{"type":["list",["object",{"description":"string","extra_specs":["map","string"],"id":"string","is_public":"bool","name":"string","qos_specs_id":"string"}]],"description_kind":"plain","computed":true}},"description_kind":"plain"}},"hcs_evs_volumes":{"version":0,"block":{"attributes":{"availability_zone":{"type":"string","description_kind":"plain","optional":true},"enterprise_project_id":{"type":"string","description_kind":"plain","optional":true},"id":{"type":"string","description_kind":"plain","optional":true,"computed":true},"metadata":{"type":["map","string"],"description_kind":"plain","optional":true},"multiattach":{"type":"bool","description_kind":"plain","optional":true},"name":{"type":"string","description_kind":"plain","optional":true},"region":{"type":"string","description_kind":"plain","optional":true},"status":{"type":"string","description_kind":"plain","optional":true},"tags":{"type":["map","string"],"description_kind":"plain","optional":true},"volumes":{"type":["list",["object",{"attachments":["list",["object",{"attached_at":"string","attached_mode":"string","device_name":"string","id":"string","server_id":"string"}]],"availability_zone":"string","bootable":"bool","created_at":"string","description":"string","enterprise_project_id":"string","id":"string","metadata":["map","string"],"multiattach":"bool","name":"string","size":"number","status":"string","tags":["map","string"],"updated_at":"string","volume_type":"string","wwn":"string"}]],"description_kind":"plain","computed":true}},"description_kind":"plain"}},"hcs_gaussdb_opengauss_instance":{"version":0,"block":{"attributes":{"availability_zone":{"type":"string","description_kind":"plain","computed":true},"backup_strategy":{"type":["list",["object",{"keep_days":"number","start_time":"string"}]],"description_kind":"plain","computed":true},"coordinator_num":{"type":"number","description_kind":"plain","computed":true},"datastore":{"type":["list",["object",{"engine":"string","version":"string"}]],"description_kind":"plain","computed":true},"db_user_name":{"type":"string","description_kind":"plain","computed":true},"enterprise_project_id":{"type":"string","description_kind":"plain","computed":true},"flavor":{"type":"string","description_kind":"plain","computed":true},"ha":{"type":["list",["object",{"replication_mode":"string"}]],"description_kind":"plain","computed":true},"id":{"type":"string","description_kind":"plain","optional":true,"computed":true},"maintenance_window":{"type":"string","description_kind":"plain","computed":true},"name":{"type":"string","description_kind":"plain","optional":true,"computed":true},"nodes":{"type":["list",["object",{"availability_zone":"string","id":"string","name":"string","role":"string","status":"string"}]],"description_kind":"plain","computed":true},"port":{"type":"number","description_kind":"plain","computed":true},"private_ips":{"type":["list","string"],"description_kind":"plain","computed":true},"public_ips":{"type":["list","string"],"description_kind":"plain","computed":true},"region":{"type":"string","description_kind":"plain","optional":true,"computed":true},"replica_num":{"type":"number","description_kind":"plain","computed":true},"security_group_id":{"type":"string","description_kind":"plain","computed":true},"sharding_num":{"type":"number","description_kind":"plain","computed":true},"status":{"type":"string","description_kind":"plain","computed":true},"subnet_id":{"type":"string","description_kind":"plain","optional":true,"computed":true},"switch_strategy":{"type":"string","description_kind":"plain","computed":true},"time_zone":{"type":"string","description_kind":"plain","computed":true},"type":{"type":"string","description_kind":"plain","computed":true},"volume":{"type":["list",["object",{"size":"number","type":"string"}]],"description_kind":"plain","computed":true},"vpc_id":{"type":"string","description_kind":"plain","optional":true,"computed":true}},"description_kind":"plain"}},"hcs_gaussdb_opengauss_instances":{"version":0,"block":{"attributes":{"id":{"type":"string","description_kind":"plain","optional":true,"computed":true},"instances":{"type":["list",["object",{"availability_zone":"string","backup_strategy":["list",["object",{"keep_days":"number","start_time":"string"}]],"coordinator_num":"number","datastore":["list",["object",{"engine":"string","version":"string"}]],"db_user_name":"string","enterprise_project_id":"string","flavor":"string","ha":["list",["object",{"replication_mode":"string"}]],"id":"string","maintenance_window":"string","name":"string","nodes":["list",["object",{"availability_zone":"string","id":"string","name":"string","role":"string","status":"string"}]],"port":"number","private_ips":["list","string"],"public_ips":["list","string"],"region":"string","replica_num":"number","security_group_id":"string","sharding_num":"number","status":"string","subnet_id":"string","switch_strategy":"string","time_zone":"string","type":"string","volume":["list",["object",{"size":"number","type":"string"}]],"vpc_id":"string"}]],"description_kind":"plain","computed":true},"name":{"type":"string","description_kind":"plain","optional":true},"region":{"type":"string","description_kind":"plain","optional":true,"computed":true},"subnet_id":{"type":"string","description_kind":"plain","optional":true},"vpc_id":{"type":"string","description_kind":"plain","optional":true}},"description_kind":"plain"}},"hcs_ims_images":{"version":0,"block":{"attributes":{"architecture":{"type":"string","description_kind":"plain","optional":true},"enterprise_project_id":{"type":"string","description_kind":"plain","optional":true,"computed":true},"id":{"type":"string","description_kind":"plain","optional":true,"computed":true},"image_type":{"type":"string","description_kind":"plain","optional":true,"computed":true},"images":{"type":["list",["object",{"backup_id":"string","checksum":"string","container_format":"string","created_at":"string","disk_format":"string","enterprise_project_id":"string","id":"string","image_type":"string","min_disk_gb":"number","min_ram_mb":"number","name":"string","os":"string","os_version":"string","owner":"string","protected":"bool","size_bytes":"number","status":"string","updated_at":"string","visibility":"string"}]],"description_kind":"plain","computed":true},"name":{"type":"string","description_kind":"plain","optional":true},"name_regex":{"type":"string","description_kind":"plain","optional":true},"os":{"type":"string","description_kind":"plain","optional":true,"computed":true},"os_version":{"type":"string","description_kind":"plain","optional":true,"computed":true},"owner":{"type":"string","description_kind":"plain","optional":true,"computed":true},"region":{"type":"string","description_kind":"plain","optional":true,"computed":true},"sort_direction":{"type":"string","description_kind":"plain","optional":true},"sort_key":{"type":"string","description_kind":"plain","optional":true},"tag":{"type":"string","description_kind":"plain","optional":true},"visibility":{"type":"string","description_kind":"plain","optional":true,"computed":true}},"description_kind":"plain"}},"hcs_mrs_clusters":{"version":0,"block":{"attributes":{"clusters":{"type":["list",["object",{"availability_zone":"string","billing_type":"string","component_list":["list",["object",{"component_desc":"string","component_id":"string","component_name":"string","component_version":"string"}]],"core_data_volume_count":"number","core_data_volume_size":"number","core_data_volume_type":"string","core_node_num":"string","core_node_product_id":"string","core_node_size":"string","core_node_spec_id":"string","deployment_id":"string","description":"string","duration":"string","eip_address":"string","eip_id":"string","eipv6_address":"string","enterprise_project_id":"string","external_alternate_ip":"string","external_ip":"string","fee":"string","hadoop_version":"string","id":"string","internal_ip":"string","log_collection":"number","master_data_volume_count":"number","master_data_volume_size":"number","master_data_volume_type":"string","master_node_ip":"string","master_node_num":"string","master_node_product_id":"string","master_node_size":"string","master_node_spec_id":"string","name":"string","node_groups":["list",["object",{"data_volume_count":"number","data_volume_product_id":"string","data_volume_resource_spec_code":"string","data_volume_resource_type":"string","data_volume_size":"number","data_volume_type":"string","group_name":"string","node_num":"number","node_product_id":"string","node_size":"string","node_spec_id":"string","root_volume_product_id":"string","root_volume_resource_spec_code":"string","root_volume_resource_type":"string","root_volume_size":"number","root_volume_type":"string","vm_product_id":"string","vm_spec_code":"string"}]],"node_public_cert_name":"string","order_id":"string","period_type":"number","private_ip_first":"string","safe_mode":"number","scale":"string","security_group_id":"string","slave_security_group_id":"string","stage_desc":"string","status":"string","subnet_id":"string","tags":["map","string"],"task_node_groups":["list",["object",{"data_volume_count":"number","data_volume_product_id":"string","data_volume_resource_spec_code":"string","data_volume_resource_type":"string","data_volume_size":"number","data_volume_type":"string","group_name":"string","node_num":"number","node_product_id":"string","node_size":"string","node_spec_id":"string","root_volume_product_id":"string","root_volume_resource_spec_code":"string","root_volume_resource_type":"string","root_volume_size":"number","root_volume_type":"string","vm_product_id":"string","vm_spec_code":"string"}]],"total_node_num":"string","type":"number","version":"string","vnc":"string","volume_size":"number","volume_type":"string","vpc_id":"string"}]],"description":"The list of clusters.","description_kind":"plain","computed":true},"enterprise_project_id":{"type":"string","description":"The enterprise project ID used to query clusters in a specified enterprise project.","description_kind":"plain","optional":true},"id":{"type":"string","description_kind":"plain","optional":true,"computed":true},"name":{"type":"string","description":"The name of cluster.","description_kind":"plain","optional":true},"region":{"type":"string","description_kind":"plain","optional":true,"computed":true},"status":{"type":"string","description":"The status of cluster.","description_kind":"plain","optional":true},"tags":{"type":"string","description":"You can search for a cluster by its tags.","description_kind":"plain","optional":true}},"description_kind":"plain"}},"hcs_mrs_versions":{"version":0,"block":{"attributes":{"id":{"type":"string","description_kind":"plain","optional":true,"computed":true},"region":{"type":"string","description_kind":"plain","optional":true,"computed":true},"versions":{"type":["list","string"],"description":"List of available cluster versions","description_kind":"plain","computed":true}},"description_kind":"plain"}},"hcs_nat_gateway":{"version":0,"block":{"attributes":{"description":{"type":"string","description":"The description of the public NAT gateway.","description_kind":"plain","optional":true,"computed":true},"enterprise_project_id":{"type":"string","description":"The enterprise project ID of the public NAT gateway.","description_kind":"plain","computed":true},"id":{"type":"string","description":"The public NAT gateway ID.","description_kind":"plain","optional":true,"computed":true},"internal_network_id":{"type":"string","description_kind":"plain","deprecated":true,"optional":true},"name":{"type":"string","description":"The public NAT gateway name.","description_kind":"plain","optional":true,"computed":true},"region":{"type":"string","description":"The region where the public NAT gateway is located.","description_kind":"plain","computed":true},"router_id":{"type":"string","description_kind":"plain","deprecated":true,"optional":true},"spec":{"type":"string","description":"The specification of the public NAT gateway.","description_kind":"plain","optional":true,"computed":true},"status":{"type":"string","description":"The current status of the public NAT gateway.","description_kind":"plain","optional":true,"computed":true},"subnet_id":{"type":"string","description":"The network ID of the downstream interface (the next hop of the DVR) of the public NAT gateway.","description_kind":"plain","optional":true,"computed":true},"vpc_id":{"type":"string","description":"The ID of the VPC to which the public NAT gateway belongs.","description_kind":"plain","optional":true,"computed":true}},"description_kind":"plain"}},"hcs_networking_port":{"version":0,"block":{"attributes":{"admin_state_up":{"type":"bool","description_kind":"plain","deprecated":true,"optional":true,"computed":true},"all_allowed_ips":{"type":["list","string"],"description_kind":"plain","computed":true},"all_fixed_ips":{"type":["list","string"],"description_kind":"plain","computed":true},"all_security_group_ids":{"type":["list","string"],"description_kind":"plain","computed":true},"device_id":{"type":"string","description":"schema: Computed","description_kind":"plain","optional":true,"computed":true},"device_owner":{"type":"string","description":"schema: Computed","description_kind":"plain","optional":true,"computed":true},"fixed_ip":{"type":"string","description_kind":"plain","optional":true},"id":{"type":"string","description_kind":"plain","optional":true,"computed":true},"mac_address":{"type":"string","description_kind":"plain","optional":true,"computed":true},"name":{"type":"string","description":"schema: Computed","description_kind":"plain","optional":true,"computed":true},"network_id":{"type":"string","description_kind":"plain","optional":true,"computed":true},"port_id":{"type":"string","description_kind":"plain","optional":true,"computed":true},"project_id":{"type":"string","description_kind":"plain","deprecated":true,"optional":true},"region":{"type":"string","description_kind":"plain","optional":true,"computed":true},"security_group_ids":{"type":["set","string"],"description_kind":"plain","optional":true},"status":{"type":"string","description_kind":"plain","optional":true,"computed":true},"tenant_id":{"type":"string","description_kind":"plain","deprecated":true,"optional":true}},"description_kind":"plain"}},"hcs_networking_secgroup":{"version":0,"block":{"attributes":{"created_at":{"type":"string","description_kind":"plain","computed":true},"description":{"type":"string","description_kind":"plain","computed":true},"enterprise_project_id":{"type":"string","description_kind":"plain","optional":true},"id":{"type":"string","description_kind":"plain","optional":true,"computed":true},"name":{"type":"string","description_kind":"plain","optional":true,"computed":true},"region":{"type":"string","description_kind":"plain","optional":true,"computed":true},"rules":{"type":["list",["object",{"action":"string","description":"string","direction":"string","ethertype":"string","id":"string","port_range_max":"number","port_range_min":"number","ports":"string","protocol":"string","remote_group_id":"string","remote_ip_prefix":"string"}]],"description_kind":"plain","computed":true},"secgroup_id":{"type":"string","description_kind":"plain","optional":true},"updated_at":{"type":"string","description_kind":"plain","computed":true}},"description_kind":"plain"}},"hcs_networking_secgroups":{"version":0,"block":{"attributes":{"description":{"type":"string","description_kind":"plain","optional":true},"enterprise_project_id":{"type":"string","description_kind":"plain","optional":true},"id":{"type":"string","description_kind":"plain","optional":true,"computed":true},"name":{"type":"string","description_kind":"plain","optional":true},"region":{"type":"string","description_kind":"plain","optional":true,"computed":true},"security_groups":{"type":["list",["object",{"created_at":"string","description":"string","enterprise_project_id":"string","id":"string","name":"string","updated_at":"string"}]],"description_kind":"plain","computed":true}},"description_kind":"plain"}},"hcs_obs_bucket_object":{"version":0,"block":{"attributes":{"body":{"type":"string","description_kind":"plain","computed":true},"bucket":{"type":"string","description_kind":"plain","required":true},"content_type":{"type":"string","description_kind":"plain","computed":true},"etag":{"type":"string","description_kind":"plain","computed":true},"id":{"type":"string","description_kind":"plain","optional":true,"computed":true},"key":{"type":"string","description_kind":"plain","required":true},"region":{"type":"string","description_kind":"plain","optional":true,"computed":true},"size":{"type":"number","description_kind":"plain","computed":true},"storage_class":{"type":"string","description_kind":"plain","computed":true},"version_id":{"type":"string","description_kind":"plain","computed":true}},"description_kind":"plain"}},"hcs_obs_buckets":{"version":0,"block":{"attributes":{"bucket":{"type":"string","description_kind":"plain","optional":true},"buckets":{"type":["list",["object",{"bucket":"string","created_at":"string","enterprise_project_id":"string","region":"string","storage_class":"string"}]],"description_kind":"plain","computed":true},"enterprise_project_id":{"type":"string","description_kind":"plain","optional":true},"id":{"type":"string","description_kind":"plain","optional":true,"computed":true},"region":{"type":"string","description_kind":"plain","optional":true}},"description_kind":"plain"}},"hcs_smn_topics":{"version":0,"block":{"attributes":{"display_name":{"type":"string","description_kind":"plain","optional":true},"id":{"type":"string","description_kind":"plain","optional":true,"computed":true},"name":{"type":"string","description_kind":"plain","optional":true},"region":{"type":"string","description_kind":"plain","optional":true,"computed":true},"topic_urn":{"type":"string","description_kind":"plain","optional":true},"topics":{"type":["list",["object",{"display_name":"string","id":"string","name":"string","push_policy":"number","tags":["map","string"],"topic_urn":"string"}]],"description_kind":"plain","computed":true}},"description_kind":"plain"}},"hcs_vpc":{"version":0,"block":{"attributes":{"cidr":{"type":"string","description_kind":"plain","optional":true,"computed":true},"enterprise_project_id":{"type":"string","description_kind":"plain","optional":true,"computed":true},"id":{"type":"string","description_kind":"plain","optional":true,"computed":true},"name":{"type":"string","description_kind":"plain","optional":true,"computed":true},"region":{"type":"string","description_kind":"plain","optional":true,"computed":true},"routes":{"type":["list",["object",{"destination":"string","nexthop":"string"}]],"description_kind":"plain","deprecated":true,"computed":true},"status":{"type":"string","description_kind":"plain","optional":true,"computed":true}},"description_kind":"plain"}},"hcs_vpc_bandwidth":{"version":0,"block":{"attributes":{"bandwidth_type":{"type":"string","description_kind":"plain","computed":true},"enterprise_project_id":{"type":"string","description_kind":"plain","optional":true,"computed":true},"id":{"type":"string","description_kind":"plain","optional":true,"computed":true},"name":{"type":"string","description_kind":"plain","required":true},"publicips":{"type":["list",["object",{"id":"string","ip_address":"string","ip_version":"number","type":"string"}]],"description_kind":"plain","computed":true},"region":{"type":"string","description_kind":"plain","optional":true,"computed":true},"share_type":{"type":"string","description_kind":"plain","computed":true},"size":{"type":"number","description_kind":"plain","optional":true,"computed":true},"status":{"type":"string","description_kind":"plain","computed":true}},"description_kind":"plain"}},"hcs_vpc_eip":{"version":0,"block":{"attributes":{"bandwidth_id":{"type":"string","description_kind":"plain","computed":true},"bandwidth_share_type":{"type":"string","description_kind":"plain","computed":true},"bandwidth_size":{"type":"number","description_kind":"plain","computed":true},"enterprise_project_id":{"type":"string","description_kind":"plain","optional":true,"computed":true},"id":{"type":"string","description_kind":"plain","optional":true,"computed":true},"port_id":{"type":"string","description_kind":"plain","optional":true,"computed":true},"private_ip":{"type":"string","description_kind":"plain","computed":true},"public_ip":{"type":"string","description_kind":"plain","optional":true,"computed":true},"region":{"type":"string","description_kind":"plain","optional":true,"computed":true},"status":{"type":"string","description_kind":"plain","computed":true},"type":{"type":"string","description_kind":"plain","computed":true}},"description_kind":"plain"}},"hcs_vpc_eips":{"version":0,"block":{"attributes":{"eips":{"type":["list",["object",{"bandwidth_id":"string","bandwidth_name":"string","bandwidth_share_type":"string","bandwidth_size":"number","enterprise_project_id":"string","id":"string","name":"string","port_id":"string","private_ip":"string","public_ip":"string","status":"string","type":"string"}]],"description_kind":"plain","computed":true},"enterprise_project_id":{"type":"string","description_kind":"plain","optional":true},"id":{"type":"string","description_kind":"plain","optional":true,"computed":true},"region":{"type":"string","description_kind":"plain","optional":true,"computed":true}},"description_kind":"plain"}},"hcs_vpc_peering_connection":{"version":0,"block":{"attributes":{"description":{"type":"string","description_kind":"plain","computed":true},"id":{"type":"string","description_kind":"plain","optional":true,"computed":true},"name":{"type":"string","description_kind":"plain","optional":true,"computed":true},"peer_tenant_id":{"type":"string","description_kind":"plain","optional":true,"computed":true},"peer_vpc_id":{"type":"string","description_kind":"plain","optional":true,"computed":true},"region":{"type":"string","description_kind":"plain","optional":true,"computed":true},"status":{"type":"string","description_kind":"plain","optional":true,"computed":true},"vpc_id":{"type":"string","description_kind":"plain","optional":true,"computed":true}},"description_kind":"plain"}},"hcs_vpc_subnet":{"version":0,"block":{"attributes":{"availability_zone":{"type":"string","description_kind":"plain","optional":true,"computed":true},"cidr":{"type":"string","description_kind":"plain","optional":true,"computed":true},"description":{"type":"string","description_kind":"plain","computed":true},"dhcp_enable":{"type":"bool","description_kind":"plain","computed":true},"dns_list":{"type":["set","string"],"description_kind":"plain","computed":true},"gateway_ip":{"type":"string","description_kind":"plain","optional":true,"computed":true},"id":{"type":"string","description_kind":"plain","optional":true,"computed":true},"ipv4_subnet_id":{"type":"string","description_kind":"plain","computed":true},"ipv6_cidr":{"type":"string","description_kind":"plain","computed":true},"ipv6_enable":{"type":"bool","description_kind":"plain","computed":true},"ipv6_gateway":{"type":"string","description_kind":"plain","computed":true},"ipv6_subnet_id":{"type":"string","description_kind":"plain","computed":true},"name":{"type":"string","description_kind":"plain","optional":true,"computed":true},"primary_dns":{"type":"string","description_kind":"plain","optional":true,"computed":true},"region":{"type":"string","description_kind":"plain","optional":true,"computed":true},"secondary_dns":{"type":"string","description_kind":"plain","optional":true,"computed":true},"status":{"type":"string","description_kind":"plain","optional":true,"computed":true},"subnet_id":{"type":"string","description":"schema: Deprecated","description_kind":"plain","computed":true},"vpc_id":{"type":"string","description_kind":"plain","optional":true,"computed":true}},"description_kind":"plain"}},"hcs_vpc_subnet_ids":{"version":0,"block":{"attributes":{"id":{"type":"string","description_kind":"plain","optional":true,"computed":true},"ids":{"type":["list","string"],"description_kind":"plain","computed":true},"region":{"type":"string","description_kind":"plain","optional":true,"computed":true},"vpc_id":{"type":"string","description_kind":"plain","required":true}},"description_kind":"plain"}},"hcs_vpc_subnet_ids_v1":{"version":0,"block":{"attributes":{"id":{"type":"string","description_kind":"plain","optional":true,"computed":true},"ids":{"type":["list","string"],"description_kind":"plain","computed":true},"region":{"type":"string","description_kind":"plain","optional":true,"computed":true},"vpc_id":{"type":"string","description_kind":"plain","required":true}},"description_kind":"plain"}},"hcs_vpc_subnet_v1":{"version":0,"block":{"attributes":{"availability_zone":{"type":"string","description_kind":"plain","optional":true,"computed":true},"cidr":{"type":"string","description_kind":"plain","optional":true,"computed":true},"description":{"type":"string","description_kind":"plain","computed":true},"dhcp_enable":{"type":"bool","description_kind":"plain","computed":true},"dns_list":{"type":["set","string"],"description_kind":"plain","computed":true},"gateway_ip":{"type":"string","description_kind":"plain","optional":true,"computed":true},"id":{"type":"string","description_kind":"plain","optional":true,"computed":true},"ipv4_subnet_id":{"type":"string","description_kind":"plain","computed":true},"ipv6_cidr":{"type":"string","description_kind":"plain","computed":true},"ipv6_enable":{"type":"bool","description_kind":"plain","computed":true},"ipv6_gateway":{"type":"string","description_kind":"plain","computed":true},"ipv6_subnet_id":{"type":"string","description_kind":"plain","computed":true},"name":{"type":"string","description_kind":"plain","optional":true,"computed":true},"primary_dns":{"type":"string","description_kind":"plain","optional":true,"computed":true},"region":{"type":"string","description_kind":"plain","optional":true,"computed":true},"secondary_dns":{"type":"string","description_kind":"plain","optional":true,"computed":true},"status":{"type":"string","description_kind":"plain","optional":true,"computed":true},"subnet_id":{"type":"string","description":"schema: Deprecated","description_kind":"plain","computed":true},"vpc_id":{"type":"string","description_kind":"plain","optional":true,"computed":true}},"description_kind":"plain"}},"hcs_vpc_subnets":{"version":0,"block":{"attributes":{"cidr":{"type":"string","description_kind":"plain","optional":true},"gateway_ip":{"type":"string","description_kind":"plain","optional":true},"id":{"type":"string","description_kind":"plain","optional":true,"computed":true},"name":{"type":"string","description_kind":"plain","optional":true},"primary_dns":{"type":"string","description_kind":"plain","optional":true},"region":{"type":"string","description_kind":"plain","optional":true,"computed":true},"secondary_dns":{"type":"string","description_kind":"plain","optional":true},"status":{"type":"string","description_kind":"plain","optional":true},"subnets":{"type":["list",["object",{"cidr":"string","description":"string","dhcp_enable":"bool","dns_list":["set","string"],"gateway_ip":"string","id":"string","ipv4_subnet_id":"string","ipv6_cidr":"string","ipv6_enable":"bool","ipv6_gateway":"string","ipv6_subnet_id":"string","name":"string","primary_dns":"string","secondary_dns":"string","status":"string","subnet_id":"string","vpc_id":"string"}]],"description_kind":"plain","computed":true},"vpc_id":{"type":"string","description_kind":"plain","optional":true}},"description_kind":"plain"}},"hcs_vpcep_public_services":{"version":0,"block":{"attributes":{"id":{"type":"string","description_kind":"plain","optional":true,"computed":true},"region":{"type":"string","description_kind":"plain","optional":true,"computed":true},"service_id":{"type":"string","description_kind":"plain","optional":true},"service_name":{"type":"string","description_kind":"plain","optional":true},"services":{"type":["list",["object",{"id":"string","owner":"string","service_name":"string","service_type":"string"}]],"description_kind":"plain","computed":true}},"description_kind":"plain"}},"hcs_vpcs":{"version":0,"block":{"attributes":{"cidr":{"type":"string","description_kind":"plain","optional":true},"enterprise_project_id":{"type":"string","description_kind":"plain","optional":true},"id":{"type":"string","description_kind":"plain","optional":true,"computed":true},"name":{"type":"string","description_kind":"plain","optional":true},"region":{"type":"string","description_kind":"plain","optional":true,"computed":true},"status":{"type":"string","description_kind":"plain","optional":true},"vpcs":{"type":["list",["object",{"cidr":"string","description":"string","enterprise_project_id":"string","id":"string","name":"string","status":"string"}]],"description_kind":"plain","computed":true}},"description_kind":"plain"}},"hcs_waf_certificate":{"version":0,"block":{"attributes":{"enterprise_project_id":{"type":"string","description_kind":"plain","optional":true},"expiration":{"type":"string","description_kind":"plain","computed":true},"expire_status":{"type":"number","description_kind":"plain","optional":true},"id":{"type":"string","description_kind":"plain","optional":true,"computed":true},"name":{"type":"string","description_kind":"plain","required":true},"region":{"type":"string","description_kind":"plain","optional":true,"computed":true}},"description_kind":"plain"}},"hcs_waf_dedicated_instances":{"version":0,"block":{"attributes":{"enterprise_project_id":{"type":"string","description_kind":"plain","optional":true},"id":{"type":"string","description_kind":"plain","optional":true,"computed":true},"instances":{"type":["list",["object",{"access_status":"number","available_zone":"string","cpu_architecture":"string","ecs_flavor":"string","group_id":"string","id":"string","name":"string","run_status":"number","security_group":["list","string"],"server_id":"string","service_ip":"string","subnet_id":"string","upgradable":"number","vpc_id":"string"}]],"description_kind":"plain","computed":true},"name":{"type":"string","description_kind":"plain","optional":true},"region":{"type":"string","description_kind":"plain","optional":true,"computed":true}},"description_kind":"plain"}},"hcs_waf_policies":{"version":0,"block":{"attributes":{"enterprise_project_id":{"type":"string","description_kind":"plain","optional":true},"id":{"type":"string","description_kind":"plain","optional":true,"computed":true},"name":{"type":"string","description_kind":"plain","optional":true},"policies":{"type":["list",["object",{"bind_hosts":["list",["object",{"hostname":"string","id":"string","mode":"string","waf_type":"string"}]],"deep_inspection":"bool","full_detection":"bool","header_inspection":"bool","id":"string","level":"number","name":"string","options":["list",["object",{"anti_crawler":"bool","basic_web_protection":"bool","blacklist":"bool","bot_enable":"bool","cc_attack_protection":"bool","crawler":"bool","crawler_engine":"bool","crawler_other":"bool","crawler_scanner":"bool","crawler_script":"bool","data_masking":"bool","false_alarm_masking":"bool","general_check":"bool","geolocation_access_control":"bool","information_leakage_prevention":"bool","known_attack_source":"bool","precise_protection":"bool","web_tamper_protection":"bool","webshell":"bool"}]],"protection_mode":"string","robot_action":"string","shiro_decryption_check":"bool"}]],"description_kind":"plain","computed":true},"region":{"type":"string","description_kind":"plain","optional":true,"computed":true}},"description_kind":"plain"}},"hcs_waf_reference_tables":{"version":0,"block":{"attributes":{"enterprise_project_id":{"type":"string","description_kind":"plain","optional":true},"id":{"type":"string","description_kind":"plain","optional":true,"computed":true},"name":{"type":"string","description_kind":"plain","optional":true},"region":{"type":"string","description_kind":"plain","optional":true,"computed":true},"tables":{"type":["list",["object",{"conditions":["list","string"],"creation_time":"string","description":"string","id":"string","name":"string","type":"string"}]],"description_kind":"plain","computed":true}},"description_kind":"plain"}}}}}}
